// !$*UTF8*$!
{
	archiveVersion = 1;
	classes = {
	};
	objectVersion = 50;
	objects = {

/* Begin PBXBuildFile section */
		F81A64EF21C391A1005F5125 /* AppDelegate.swift in Sources */ = {isa = PBXBuildFile; fileRef = F81A64EE21C391A1005F5125 /* AppDelegate.swift */; };
		F81A64F421C391A1005F5125 /* Main.storyboard in Resources */ = {isa = PBXBuildFile; fileRef = F81A64F221C391A1005F5125 /* Main.storyboard */; };
		F81A64F621C391A2005F5125 /* Assets.xcassets in Resources */ = {isa = PBXBuildFile; fileRef = F81A64F521C391A2005F5125 /* Assets.xcassets */; };
		F81A64F921C391A2005F5125 /* LaunchScreen.storyboard in Resources */ = {isa = PBXBuildFile; fileRef = F81A64F721C391A2005F5125 /* LaunchScreen.storyboard */; };
		F81A650221C3A62F005F5125 /* PokedexTableViewController.swift in Sources */ = {isa = PBXBuildFile; fileRef = F81A650121C3A62F005F5125 /* PokedexTableViewController.swift */; };
		F81A650421C3A646005F5125 /* SearchPokemonTableViewController.swift in Sources */ = {isa = PBXBuildFile; fileRef = F81A650321C3A646005F5125 /* SearchPokemonTableViewController.swift */; };
		F81A650621C3A736005F5125 /* PokemonDetailViewController.swift in Sources */ = {isa = PBXBuildFile; fileRef = F81A650521C3A736005F5125 /* PokemonDetailViewController.swift */; };
		F81A650821C3B5AE005F5125 /* ResultsTableViewCell.swift in Sources */ = {isa = PBXBuildFile; fileRef = F81A650721C3B5AE005F5125 /* ResultsTableViewCell.swift */; };
		F81A650D21C41957005F5125 /* Pokemon.swift in Sources */ = {isa = PBXBuildFile; fileRef = F81A650C21C41957005F5125 /* Pokemon.swift */; };
		F86573DF21C785CF009F072D /* PokeAPI.swift in Sources */ = {isa = PBXBuildFile; fileRef = F86573DE21C785CF009F072D /* PokeAPI.swift */; };
		F86573E121C78649009F072D /* MVP Checklist.md in Resources */ = {isa = PBXBuildFile; fileRef = F86573E021C78649009F072D /* MVP Checklist.md */; };
		F86573E321C78E59009F072D /* SearchPokemonViewController.swift in Sources */ = {isa = PBXBuildFile; fileRef = F86573E221C78E59009F072D /* SearchPokemonViewController.swift */; };
/* End PBXBuildFile section */

/* Begin PBXFileReference section */
		F81A64EB21C391A1005F5125 /* PokeAPI Sprint 3.app */ = {isa = PBXFileReference; explicitFileType = wrapper.application; includeInIndex = 0; path = "PokeAPI Sprint 3.app"; sourceTree = BUILT_PRODUCTS_DIR; };
		F81A64EE21C391A1005F5125 /* AppDelegate.swift */ = {isa = PBXFileReference; lastKnownFileType = sourcecode.swift; path = AppDelegate.swift; sourceTree = "<group>"; };
		F81A64F321C391A1005F5125 /* Base */ = {isa = PBXFileReference; lastKnownFileType = file.storyboard; name = Base; path = Base.lproj/Main.storyboard; sourceTree = "<group>"; };
		F81A64F521C391A2005F5125 /* Assets.xcassets */ = {isa = PBXFileReference; lastKnownFileType = folder.assetcatalog; path = Assets.xcassets; sourceTree = "<group>"; };
		F81A64F821C391A2005F5125 /* Base */ = {isa = PBXFileReference; lastKnownFileType = file.storyboard; name = Base; path = Base.lproj/LaunchScreen.storyboard; sourceTree = "<group>"; };
		F81A64FA21C391A2005F5125 /* Info.plist */ = {isa = PBXFileReference; lastKnownFileType = text.plist.xml; path = Info.plist; sourceTree = "<group>"; };
		F81A650121C3A62F005F5125 /* PokedexTableViewController.swift */ = {isa = PBXFileReference; lastKnownFileType = sourcecode.swift; path = PokedexTableViewController.swift; sourceTree = "<group>"; };
		F81A650321C3A646005F5125 /* SearchPokemonTableViewController.swift */ = {isa = PBXFileReference; lastKnownFileType = sourcecode.swift; path = SearchPokemonTableViewController.swift; sourceTree = "<group>"; };
		F81A650521C3A736005F5125 /* PokemonDetailViewController.swift */ = {isa = PBXFileReference; lastKnownFileType = sourcecode.swift; path = PokemonDetailViewController.swift; sourceTree = "<group>"; };
		F81A650721C3B5AE005F5125 /* ResultsTableViewCell.swift */ = {isa = PBXFileReference; lastKnownFileType = sourcecode.swift; path = ResultsTableViewCell.swift; sourceTree = "<group>"; };
		F81A650C21C41957005F5125 /* Pokemon.swift */ = {isa = PBXFileReference; lastKnownFileType = sourcecode.swift; path = Pokemon.swift; sourceTree = "<group>"; };
		F86573DE21C785CF009F072D /* PokeAPI.swift */ = {isa = PBXFileReference; fileEncoding = 4; lastKnownFileType = sourcecode.swift; path = PokeAPI.swift; sourceTree = "<group>"; };
		F86573E021C78649009F072D /* MVP Checklist.md */ = {isa = PBXFileReference; fileEncoding = 4; lastKnownFileType = net.daringfireball.markdown; path = "MVP Checklist.md"; sourceTree = "<group>"; };
		F86573E221C78E59009F072D /* SearchPokemonViewController.swift */ = {isa = PBXFileReference; lastKnownFileType = sourcecode.swift; path = SearchPokemonViewController.swift; sourceTree = "<group>"; };
/* End PBXFileReference section */

/* Begin PBXFrameworksBuildPhase section */
		F81A64E821C391A1005F5125 /* Frameworks */ = {
			isa = PBXFrameworksBuildPhase;
			buildActionMask = 2147483647;
			files = (
			);
			runOnlyForDeploymentPostprocessing = 0;
		};
/* End PBXFrameworksBuildPhase section */

/* Begin PBXGroup section */
		F81A64E221C391A1005F5125 = {
			isa = PBXGroup;
			children = (
				F81A64ED21C391A1005F5125 /* PokeAPI Sprint 3 */,
				F81A64EC21C391A1005F5125 /* Products */,
			);
			sourceTree = "<group>";
		};
		F81A64EC21C391A1005F5125 /* Products */ = {
			isa = PBXGroup;
			children = (
				F81A64EB21C391A1005F5125 /* PokeAPI Sprint 3.app */,
			);
			name = Products;
			sourceTree = "<group>";
		};
		F81A64ED21C391A1005F5125 /* PokeAPI Sprint 3 */ = {
			isa = PBXGroup;
			children = (
				F81A64F221C391A1005F5125 /* Main.storyboard */,
				F86573E021C78649009F072D /* MVP Checklist.md */,
				F81A650B21C41942005F5125 /* Models */,
				F81A650A21C4192C005F5125 /* Views */,
				F81A650021C391D1005F5125 /* Other */,
			);
			path = "PokeAPI Sprint 3";
			sourceTree = "<group>";
		};
		F81A650021C391D1005F5125 /* Other */ = {
			isa = PBXGroup;
			children = (
				F81A64EE21C391A1005F5125 /* AppDelegate.swift */,
				F81A64F521C391A2005F5125 /* Assets.xcassets */,
				F81A64F721C391A2005F5125 /* LaunchScreen.storyboard */,
				F81A64FA21C391A2005F5125 /* Info.plist */,
			);
			path = Other;
			sourceTree = "<group>";
		};
		F81A650A21C4192C005F5125 /* Views */ = {
			isa = PBXGroup;
			children = (
				F81A650121C3A62F005F5125 /* PokedexTableViewController.swift */,
				F81A650321C3A646005F5125 /* SearchPokemonTableViewController.swift */,
				F81A650721C3B5AE005F5125 /* ResultsTableViewCell.swift */,
				F81A650521C3A736005F5125 /* PokemonDetailViewController.swift */,
				F86573E221C78E59009F072D /* SearchPokemonViewController.swift */,
			);
			path = Views;
			sourceTree = "<group>";
		};
		F81A650B21C41942005F5125 /* Models */ = {
			isa = PBXGroup;
			children = (
				F81A650C21C41957005F5125 /* Pokemon.swift */,
				F86573DE21C785CF009F072D /* PokeAPI.swift */,
			);
			path = Models;
			sourceTree = "<group>";
		};
/* End PBXGroup section */

/* Begin PBXNativeTarget section */
		F81A64EA21C391A1005F5125 /* PokeAPI Sprint 3 */ = {
			isa = PBXNativeTarget;
			buildConfigurationList = F81A64FD21C391A2005F5125 /* Build configuration list for PBXNativeTarget "PokeAPI Sprint 3" */;
			buildPhases = (
				F81A64E721C391A1005F5125 /* Sources */,
				F81A64E821C391A1005F5125 /* Frameworks */,
				F81A64E921C391A1005F5125 /* Resources */,
			);
			buildRules = (
			);
			dependencies = (
			);
			name = "PokeAPI Sprint 3";
			productName = "PokeAPI Sprint 3";
			productReference = F81A64EB21C391A1005F5125 /* PokeAPI Sprint 3.app */;
			productType = "com.apple.product-type.application";
		};
/* End PBXNativeTarget section */

/* Begin PBXProject section */
		F81A64E321C391A1005F5125 /* Project object */ = {
			isa = PBXProject;
			attributes = {
				LastSwiftUpdateCheck = 1010;
				LastUpgradeCheck = 1010;
				ORGANIZATIONNAME = "Jaspal Suri";
				TargetAttributes = {
					F81A64EA21C391A1005F5125 = {
						CreatedOnToolsVersion = 10.1;
					};
				};
			};
			buildConfigurationList = F81A64E621C391A1005F5125 /* Build configuration list for PBXProject "PokeAPI Sprint 3" */;
			compatibilityVersion = "Xcode 9.3";
			developmentRegion = en;
			hasScannedForEncodings = 0;
			knownRegions = (
				en,
				Base,
			);
			mainGroup = F81A64E221C391A1005F5125;
			productRefGroup = F81A64EC21C391A1005F5125 /* Products */;
			projectDirPath = "";
			projectRoot = "";
			targets = (
				F81A64EA21C391A1005F5125 /* PokeAPI Sprint 3 */,
			);
		};
/* End PBXProject section */

/* Begin PBXResourcesBuildPhase section */
		F81A64E921C391A1005F5125 /* Resources */ = {
			isa = PBXResourcesBuildPhase;
			buildActionMask = 2147483647;
			files = (
				F86573E121C78649009F072D /* MVP Checklist.md in Resources */,
				F81A64F921C391A2005F5125 /* LaunchScreen.storyboard in Resources */,
				F81A64F621C391A2005F5125 /* Assets.xcassets in Resources */,
				F81A64F421C391A1005F5125 /* Main.storyboard in Resources */,
			);
			runOnlyForDeploymentPostprocessing = 0;
		};
/* End PBXResourcesBuildPhase section */

/* Begin PBXSourcesBuildPhase section */
		F81A64E721C391A1005F5125 /* Sources */ = {
			isa = PBXSourcesBuildPhase;
			buildActionMask = 2147483647;
			files = (
				F81A650421C3A646005F5125 /* SearchPokemonTableViewController.swift in Sources */,
				F81A650621C3A736005F5125 /* PokemonDetailViewController.swift in Sources */,
				F81A650221C3A62F005F5125 /* PokedexTableViewController.swift in Sources */,
				F81A64EF21C391A1005F5125 /* AppDelegate.swift in Sources */,
				F86573DF21C785CF009F072D /* PokeAPI.swift in Sources */,
				F81A650821C3B5AE005F5125 /* ResultsTableViewCell.swift in Sources */,
				F86573E321C78E59009F072D /* SearchPokemonViewController.swift in Sources */,
				F81A650D21C41957005F5125 /* Pokemon.swift in Sources */,
			);
			runOnlyForDeploymentPostprocessing = 0;
		};
/* End PBXSourcesBuildPhase section */

/* Begin PBXVariantGroup section */
		F81A64F221C391A1005F5125 /* Main.storyboard */ = {
			isa = PBXVariantGroup;
			children = (
				F81A64F321C391A1005F5125 /* Base */,
			);
			name = Main.storyboard;
			sourceTree = "<group>";
		};
		F81A64F721C391A2005F5125 /* LaunchScreen.storyboard */ = {
			isa = PBXVariantGroup;
			children = (
				F81A64F821C391A2005F5125 /* Base */,
			);
			name = LaunchScreen.storyboard;
			sourceTree = "<group>";
		};
/* End PBXVariantGroup section */

/* Begin XCBuildConfiguration section */
		F81A64FB21C391A2005F5125 /* Debug */ = {
			isa = XCBuildConfiguration;
			buildSettings = {
				ALWAYS_SEARCH_USER_PATHS = NO;
				CLANG_ANALYZER_NONNULL = YES;
				CLANG_ANALYZER_NUMBER_OBJECT_CONVERSION = YES_AGGRESSIVE;
				CLANG_CXX_LANGUAGE_STANDARD = "gnu++14";
				CLANG_CXX_LIBRARY = "libc++";
				CLANG_ENABLE_MODULES = YES;
				CLANG_ENABLE_OBJC_ARC = YES;
				CLANG_ENABLE_OBJC_WEAK = YES;
				CLANG_WARN_BLOCK_CAPTURE_AUTORELEASING = YES;
				CLANG_WARN_BOOL_CONVERSION = YES;
				CLANG_WARN_COMMA = YES;
				CLANG_WARN_CONSTANT_CONVERSION = YES;
				CLANG_WARN_DEPRECATED_OBJC_IMPLEMENTATIONS = YES;
				CLANG_WARN_DIRECT_OBJC_ISA_USAGE = YES_ERROR;
				CLANG_WARN_DOCUMENTATION_COMMENTS = YES;
				CLANG_WARN_EMPTY_BODY = YES;
				CLANG_WARN_ENUM_CONVERSION = YES;
				CLANG_WARN_INFINITE_RECURSION = YES;
				CLANG_WARN_INT_CONVERSION = YES;
				CLANG_WARN_NON_LITERAL_NULL_CONVERSION = YES;
				CLANG_WARN_OBJC_IMPLICIT_RETAIN_SELF = YES;
				CLANG_WARN_OBJC_LITERAL_CONVERSION = YES;
				CLANG_WARN_OBJC_ROOT_CLASS = YES_ERROR;
				CLANG_WARN_RANGE_LOOP_ANALYSIS = YES;
				CLANG_WARN_STRICT_PROTOTYPES = YES;
				CLANG_WARN_SUSPICIOUS_MOVE = YES;
				CLANG_WARN_UNGUARDED_AVAILABILITY = YES_AGGRESSIVE;
				CLANG_WARN_UNREACHABLE_CODE = YES;
				CLANG_WARN__DUPLICATE_METHOD_MATCH = YES;
				CODE_SIGN_IDENTITY = "iPhone Developer";
				COPY_PHASE_STRIP = NO;
				DEBUG_INFORMATION_FORMAT = dwarf;
				ENABLE_STRICT_OBJC_MSGSEND = YES;
				ENABLE_TESTABILITY = YES;
				GCC_C_LANGUAGE_STANDARD = gnu11;
				GCC_DYNAMIC_NO_PIC = NO;
				GCC_NO_COMMON_BLOCKS = YES;
				GCC_OPTIMIZATION_LEVEL = 0;
				GCC_PREPROCESSOR_DEFINITIONS = (
					"DEBUG=1",
					"$(inherited)",
				);
				GCC_WARN_64_TO_32_BIT_CONVERSION = YES;
				GCC_WARN_ABOUT_RETURN_TYPE = YES_ERROR;
				GCC_WARN_UNDECLARED_SELECTOR = YES;
				GCC_WARN_UNINITIALIZED_AUTOS = YES_AGGRESSIVE;
				GCC_WARN_UNUSED_FUNCTION = YES;
				GCC_WARN_UNUSED_VARIABLE = YES;
				IPHONEOS_DEPLOYMENT_TARGET = 12.1;
				MTL_ENABLE_DEBUG_INFO = INCLUDE_SOURCE;
				MTL_FAST_MATH = YES;
				ONLY_ACTIVE_ARCH = YES;
				SDKROOT = iphoneos;
				SWIFT_ACTIVE_COMPILATION_CONDITIONS = DEBUG;
				SWIFT_OPTIMIZATION_LEVEL = "-Onone";
			};
			name = Debug;
		};
		F81A64FC21C391A2005F5125 /* Release */ = {
			isa = XCBuildConfiguration;
			buildSettings = {
				ALWAYS_SEARCH_USER_PATHS = NO;
				CLANG_ANALYZER_NONNULL = YES;
				CLANG_ANALYZER_NUMBER_OBJECT_CONVERSION = YES_AGGRESSIVE;
				CLANG_CXX_LANGUAGE_STANDARD = "gnu++14";
				CLANG_CXX_LIBRARY = "libc++";
				CLANG_ENABLE_MODULES = YES;
				CLANG_ENABLE_OBJC_ARC = YES;
				CLANG_ENABLE_OBJC_WEAK = YES;
				CLANG_WARN_BLOCK_CAPTURE_AUTORELEASING = YES;
				CLANG_WARN_BOOL_CONVERSION = YES;
				CLANG_WARN_COMMA = YES;
				CLANG_WARN_CONSTANT_CONVERSION = YES;
				CLANG_WARN_DEPRECATED_OBJC_IMPLEMENTATIONS = YES;
				CLANG_WARN_DIRECT_OBJC_ISA_USAGE = YES_ERROR;
				CLANG_WARN_DOCUMENTATION_COMMENTS = YES;
				CLANG_WARN_EMPTY_BODY = YES;
				CLANG_WARN_ENUM_CONVERSION = YES;
				CLANG_WARN_INFINITE_RECURSION = YES;
				CLANG_WARN_INT_CONVERSION = YES;
				CLANG_WARN_NON_LITERAL_NULL_CONVERSION = YES;
				CLANG_WARN_OBJC_IMPLICIT_RETAIN_SELF = YES;
				CLANG_WARN_OBJC_LITERAL_CONVERSION = YES;
				CLANG_WARN_OBJC_ROOT_CLASS = YES_ERROR;
				CLANG_WARN_RANGE_LOOP_ANALYSIS = YES;
				CLANG_WARN_STRICT_PROTOTYPES = YES;
				CLANG_WARN_SUSPICIOUS_MOVE = YES;
				CLANG_WARN_UNGUARDED_AVAILABILITY = YES_AGGRESSIVE;
				CLANG_WARN_UNREACHABLE_CODE = YES;
				CLANG_WARN__DUPLICATE_METHOD_MATCH = YES;
				CODE_SIGN_IDENTITY = "iPhone Developer";
				COPY_PHASE_STRIP = NO;
				DEBUG_INFORMATION_FORMAT = "dwarf-with-dsym";
				ENABLE_NS_ASSERTIONS = NO;
				ENABLE_STRICT_OBJC_MSGSEND = YES;
				GCC_C_LANGUAGE_STANDARD = gnu11;
				GCC_NO_COMMON_BLOCKS = YES;
				GCC_WARN_64_TO_32_BIT_CONVERSION = YES;
				GCC_WARN_ABOUT_RETURN_TYPE = YES_ERROR;
				GCC_WARN_UNDECLARED_SELECTOR = YES;
				GCC_WARN_UNINITIALIZED_AUTOS = YES_AGGRESSIVE;
				GCC_WARN_UNUSED_FUNCTION = YES;
				GCC_WARN_UNUSED_VARIABLE = YES;
				IPHONEOS_DEPLOYMENT_TARGET = 12.1;
				MTL_ENABLE_DEBUG_INFO = NO;
				MTL_FAST_MATH = YES;
				SDKROOT = iphoneos;
				SWIFT_COMPILATION_MODE = wholemodule;
				SWIFT_OPTIMIZATION_LEVEL = "-O";
				VALIDATE_PRODUCT = YES;
			};
			name = Release;
		};
		F81A64FE21C391A2005F5125 /* Debug */ = {
			isa = XCBuildConfiguration;
			buildSettings = {
				ASSETCATALOG_COMPILER_APPICON_NAME = AppIcon;
				CODE_SIGN_STYLE = Automatic;
				DEVELOPMENT_TEAM = "";
				INFOPLIST_FILE = "$(SRCROOT)/PokeAPI Sprint 3/Other/Info.plist";
				LD_RUNPATH_SEARCH_PATHS = (
					"$(inherited)",
					"@executable_path/Frameworks",
				);
				PRODUCT_BUNDLE_IDENTIFIER = "com.JaspalSuri.PokeAPI-Sprint-3";
				PRODUCT_NAME = "$(TARGET_NAME)";
				SWIFT_VERSION = 4.2;
				TARGETED_DEVICE_FAMILY = "1,2";
			};
			name = Debug;
		};
		F81A64FF21C391A2005F5125 /* Release */ = {
			isa = XCBuildConfiguration;
			buildSettings = {
				ASSETCATALOG_COMPILER_APPICON_NAME = AppIcon;
				CODE_SIGN_STYLE = Automatic;
				DEVELOPMENT_TEAM = "";
				INFOPLIST_FILE = "$(SRCROOT)/PokeAPI Sprint 3/Other/Info.plist";
				LD_RUNPATH_SEARCH_PATHS = (
					"$(inherited)",
					"@executable_path/Frameworks",
				);
				PRODUCT_BUNDLE_IDENTIFIER = "com.JaspalSuri.PokeAPI-Sprint-3";
				PRODUCT_NAME = "$(TARGET_NAME)";
				SWIFT_VERSION = 4.2;
				TARGETED_DEVICE_FAMILY = "1,2";
			};
			name = Release;
		};
/* End XCBuildConfiguration section */

/* Begin XCConfigurationList section */
		F81A64E621C391A1005F5125 /* Build configuration list for PBXProject "PokeAPI Sprint 3" */ = {
			isa = XCConfigurationList;
			buildConfigurations = (
				F81A64FB21C391A2005F5125 /* Debug */,
				F81A64FC21C391A2005F5125 /* Release */,
			);
			defaultConfigurationIsVisible = 0;
			defaultConfigurationName = Release;
		};
		F81A64FD21C391A2005F5125 /* Build configuration list for PBXNativeTarget "PokeAPI Sprint 3" */ = {
			isa = XCConfigurationList;
			buildConfigurations = (
				F81A64FE21C391A2005F5125 /* Debug */,
				F81A64FF21C391A2005F5125 /* Release */,
			);
			defaultConfigurationIsVisible = 0;
			defaultConfigurationName = Release;
		};
/* End XCConfigurationList section */
	};
	rootObject = F81A64E321C391A1005F5125 /* Project object */;
}
