// !$*UTF8*$!
{
	archiveVersion = 1;
	classes = {
	};
	objectVersion = 50;
	objects = {

/* Begin PBXBuildFile section */
		DD40CEF2236C874F00D7E781 /* AppDelegate.swift in Sources */ = {isa = PBXBuildFile; fileRef = DD40CEF1236C874F00D7E781 /* AppDelegate.swift */; };
		DD40CEF4236C874F00D7E781 /* SceneDelegate.swift in Sources */ = {isa = PBXBuildFile; fileRef = DD40CEF3236C874F00D7E781 /* SceneDelegate.swift */; };
		DD40CEF9236C874F00D7E781 /* Main.storyboard in Resources */ = {isa = PBXBuildFile; fileRef = DD40CEF7236C874F00D7E781 /* Main.storyboard */; };
		DD40CEFB236C875000D7E781 /* Assets.xcassets in Resources */ = {isa = PBXBuildFile; fileRef = DD40CEFA236C875000D7E781 /* Assets.xcassets */; };
		DD40CEFE236C875000D7E781 /* LaunchScreen.storyboard in Resources */ = {isa = PBXBuildFile; fileRef = DD40CEFC236C875000D7E781 /* LaunchScreen.storyboard */; };
		DD40CF0C236C87AE00D7E781 /* Pokemon.swift in Sources */ = {isa = PBXBuildFile; fileRef = DD40CF0B236C87AE00D7E781 /* Pokemon.swift */; };
		DD40CF0E236C8E6000D7E781 /* PokemonAPI.swift in Sources */ = {isa = PBXBuildFile; fileRef = DD40CF0D236C8E6000D7E781 /* PokemonAPI.swift */; };
		DD4E4345236C958900D237BA /* PokemonTableViewCell.swift in Sources */ = {isa = PBXBuildFile; fileRef = DD4E4344236C958900D237BA /* PokemonTableViewCell.swift */; };
		DD4E4347236C95AA00D237BA /* PokemonDetailViewController.swift in Sources */ = {isa = PBXBuildFile; fileRef = DD4E4346236C95AA00D237BA /* PokemonDetailViewController.swift */; };
		DD4E4349236C95BB00D237BA /* PokemonTableViewController.swift in Sources */ = {isa = PBXBuildFile; fileRef = DD4E4348236C95BB00D237BA /* PokemonTableViewController.swift */; };
/* End PBXBuildFile section */

/* Begin PBXFileReference section */
		DD40CEEE236C874F00D7E781 /* Pokedex.app */ = {isa = PBXFileReference; explicitFileType = wrapper.application; includeInIndex = 0; path = Pokedex.app; sourceTree = BUILT_PRODUCTS_DIR; };
		DD40CEF1236C874F00D7E781 /* AppDelegate.swift */ = {isa = PBXFileReference; lastKnownFileType = sourcecode.swift; path = AppDelegate.swift; sourceTree = "<group>"; };
		DD40CEF3236C874F00D7E781 /* SceneDelegate.swift */ = {isa = PBXFileReference; lastKnownFileType = sourcecode.swift; path = SceneDelegate.swift; sourceTree = "<group>"; };
		DD40CEF8236C874F00D7E781 /* Base */ = {isa = PBXFileReference; lastKnownFileType = file.storyboard; name = Base; path = Base.lproj/Main.storyboard; sourceTree = "<group>"; };
		DD40CEFA236C875000D7E781 /* Assets.xcassets */ = {isa = PBXFileReference; lastKnownFileType = folder.assetcatalog; path = Assets.xcassets; sourceTree = "<group>"; };
		DD40CEFD236C875000D7E781 /* Base */ = {isa = PBXFileReference; lastKnownFileType = file.storyboard; name = Base; path = Base.lproj/LaunchScreen.storyboard; sourceTree = "<group>"; };
		DD40CEFF236C875000D7E781 /* Info.plist */ = {isa = PBXFileReference; lastKnownFileType = text.plist.xml; path = Info.plist; sourceTree = "<group>"; };
		DD40CF0B236C87AE00D7E781 /* Pokemon.swift */ = {isa = PBXFileReference; lastKnownFileType = sourcecode.swift; path = Pokemon.swift; sourceTree = "<group>"; };
		DD40CF0D236C8E6000D7E781 /* PokemonAPI.swift */ = {isa = PBXFileReference; lastKnownFileType = sourcecode.swift; path = PokemonAPI.swift; sourceTree = "<group>"; };
		DD4E4344236C958900D237BA /* PokemonTableViewCell.swift */ = {isa = PBXFileReference; lastKnownFileType = sourcecode.swift; name = PokemonTableViewCell.swift; path = Pokedex/Views/PokemonTableViewCell.swift; sourceTree = SOURCE_ROOT; };
		DD4E4346236C95AA00D237BA /* PokemonDetailViewController.swift */ = {isa = PBXFileReference; lastKnownFileType = sourcecode.swift; path = PokemonDetailViewController.swift; sourceTree = "<group>"; };
		DD4E4348236C95BB00D237BA /* PokemonTableViewController.swift */ = {isa = PBXFileReference; lastKnownFileType = sourcecode.swift; path = PokemonTableViewController.swift; sourceTree = "<group>"; };
/* End PBXFileReference section */

/* Begin PBXFrameworksBuildPhase section */
		DD40CEEB236C874F00D7E781 /* Frameworks */ = {
			isa = PBXFrameworksBuildPhase;
			buildActionMask = 2147483647;
			files = (
			);
			runOnlyForDeploymentPostprocessing = 0;
		};
/* End PBXFrameworksBuildPhase section */

/* Begin PBXGroup section */
		DD40CEE5236C874F00D7E781 = {
			isa = PBXGroup;
			children = (
				DD40CEF0236C874F00D7E781 /* Pokedex */,
				DD40CEEF236C874F00D7E781 /* Products */,
			);
			sourceTree = "<group>";
		};
		DD40CEEF236C874F00D7E781 /* Products */ = {
			isa = PBXGroup;
			children = (
				DD40CEEE236C874F00D7E781 /* Pokedex.app */,
			);
			name = Products;
			sourceTree = "<group>";
		};
		DD40CEF0236C874F00D7E781 /* Pokedex */ = {
			isa = PBXGroup;
			children = (
				DD40CF06236C876300D7E781 /* Views */,
				DD40CF05236C875800D7E781 /* View Controllers */,
				DD40CF08236C877500D7E781 /* ModelController */,
				DD40CF07236C877100D7E781 /* Model */,
				DD40CF0A236C878F00D7E781 /* StoryBoards */,
				DD40CF09236C878000D7E781 /* Resources */,
				DD40CEFF236C875000D7E781 /* Info.plist */,
			);
			path = Pokedex;
			sourceTree = "<group>";
		};
		DD40CF05236C875800D7E781 /* View Controllers */ = {
			isa = PBXGroup;
			children = (
				DD4E4346236C95AA00D237BA /* PokemonDetailViewController.swift */,
				DD4E4348236C95BB00D237BA /* PokemonTableViewController.swift */,
			);
			path = "View Controllers";
			sourceTree = "<group>";
		};
		DD40CF06236C876300D7E781 /* Views */ = {
			isa = PBXGroup;
			children = (
				DD4E4344236C958900D237BA /* PokemonTableViewCell.swift */,
			);
			path = Views;
			sourceTree = "<group>";
		};
		DD40CF07236C877100D7E781 /* Model */ = {
			isa = PBXGroup;
			children = (
				DD40CF0B236C87AE00D7E781 /* Pokemon.swift */,
			);
			path = Model;
			sourceTree = "<group>";
		};
		DD40CF08236C877500D7E781 /* ModelController */ = {
			isa = PBXGroup;
			children = (
				DD40CF0D236C8E6000D7E781 /* PokemonAPI.swift */,
			);
			path = ModelController;
			sourceTree = "<group>";
		};
		DD40CF09236C878000D7E781 /* Resources */ = {
			isa = PBXGroup;
			children = (
				DD40CEFA236C875000D7E781 /* Assets.xcassets */,
				DD40CEF1236C874F00D7E781 /* AppDelegate.swift */,
				DD40CEF3236C874F00D7E781 /* SceneDelegate.swift */,
			);
			path = Resources;
			sourceTree = "<group>";
		};
		DD40CF0A236C878F00D7E781 /* StoryBoards */ = {
			isa = PBXGroup;
			children = (
				DD40CEFC236C875000D7E781 /* LaunchScreen.storyboard */,
				DD40CEF7236C874F00D7E781 /* Main.storyboard */,
			);
			path = StoryBoards;
			sourceTree = "<group>";
		};
/* End PBXGroup section */

/* Begin PBXNativeTarget section */
		DD40CEED236C874F00D7E781 /* Pokedex */ = {
			isa = PBXNativeTarget;
			buildConfigurationList = DD40CF02236C875000D7E781 /* Build configuration list for PBXNativeTarget "Pokedex" */;
			buildPhases = (
				DD40CEEA236C874F00D7E781 /* Sources */,
				DD40CEEB236C874F00D7E781 /* Frameworks */,
				DD40CEEC236C874F00D7E781 /* Resources */,
			);
			buildRules = (
			);
			dependencies = (
			);
			name = Pokedex;
			productName = Pokedex;
			productReference = DD40CEEE236C874F00D7E781 /* Pokedex.app */;
			productType = "com.apple.product-type.application";
		};
/* End PBXNativeTarget section */

/* Begin PBXProject section */
		DD40CEE6236C874F00D7E781 /* Project object */ = {
			isa = PBXProject;
			attributes = {
				LastSwiftUpdateCheck = 1110;
				LastUpgradeCheck = 1110;
				ORGANIZATIONNAME = "brian vilchez";
				TargetAttributes = {
					DD40CEED236C874F00D7E781 = {
						CreatedOnToolsVersion = 11.1;
					};
				};
			};
			buildConfigurationList = DD40CEE9236C874F00D7E781 /* Build configuration list for PBXProject "Pokedex" */;
			compatibilityVersion = "Xcode 9.3";
			developmentRegion = en;
			hasScannedForEncodings = 0;
			knownRegions = (
				en,
				Base,
			);
			mainGroup = DD40CEE5236C874F00D7E781;
			productRefGroup = DD40CEEF236C874F00D7E781 /* Products */;
			projectDirPath = "";
			projectRoot = "";
			targets = (
				DD40CEED236C874F00D7E781 /* Pokedex */,
			);
		};
/* End PBXProject section */

/* Begin PBXResourcesBuildPhase section */
		DD40CEEC236C874F00D7E781 /* Resources */ = {
			isa = PBXResourcesBuildPhase;
			buildActionMask = 2147483647;
			files = (
				DD40CEFE236C875000D7E781 /* LaunchScreen.storyboard in Resources */,
				DD40CEFB236C875000D7E781 /* Assets.xcassets in Resources */,
				DD40CEF9236C874F00D7E781 /* Main.storyboard in Resources */,
			);
			runOnlyForDeploymentPostprocessing = 0;
		};
/* End PBXResourcesBuildPhase section */

/* Begin PBXSourcesBuildPhase section */
		DD40CEEA236C874F00D7E781 /* Sources */ = {
			isa = PBXSourcesBuildPhase;
			buildActionMask = 2147483647;
			files = (
				DD40CEF2236C874F00D7E781 /* AppDelegate.swift in Sources */,
				DD40CEF4236C874F00D7E781 /* SceneDelegate.swift in Sources */,
				DD40CF0E236C8E6000D7E781 /* PokemonAPI.swift in Sources */,
				DD4E4345236C958900D237BA /* PokemonTableViewCell.swift in Sources */,
				DD40CF0C236C87AE00D7E781 /* Pokemon.swift in Sources */,
				DD4E4347236C95AA00D237BA /* PokemonDetailViewController.swift in Sources */,
				DD4E4349236C95BB00D237BA /* PokemonTableViewController.swift in Sources */,
			);
			runOnlyForDeploymentPostprocessing = 0;
		};
/* End PBXSourcesBuildPhase section */

/* Begin PBXVariantGroup section */
		DD40CEF7236C874F00D7E781 /* Main.storyboard */ = {
			isa = PBXVariantGroup;
			children = (
				DD40CEF8236C874F00D7E781 /* Base */,
			);
			name = Main.storyboard;
			sourceTree = "<group>";
		};
		DD40CEFC236C875000D7E781 /* LaunchScreen.storyboard */ = {
			isa = PBXVariantGroup;
			children = (
				DD40CEFD236C875000D7E781 /* Base */,
			);
			name = LaunchScreen.storyboard;
			sourceTree = "<group>";
		};
/* End PBXVariantGroup section */

/* Begin XCBuildConfiguration section */
		DD40CF00236C875000D7E781 /* Debug */ = {
			isa = XCBuildConfiguration;
			buildSettings = {
				ALWAYS_SEARCH_USER_PATHS = NO;
				CLANG_ANALYZER_NONNULL = YES;
				CLANG_ANALYZER_NUMBER_OBJECT_CONVERSION = YES_AGGRESSIVE;
				CLANG_CXX_LANGUAGE_STANDARD = "gnu++14";
				CLANG_CXX_LIBRARY = "libc++";
				CLANG_ENABLE_MODULES = YES;
				CLANG_ENABLE_OBJC_ARC = YES;
				CLANG_ENABLE_OBJC_WEAK = YES;
				CLANG_WARN_BLOCK_CAPTURE_AUTORELEASING = YES;
				CLANG_WARN_BOOL_CONVERSION = YES;
				CLANG_WARN_COMMA = YES;
				CLANG_WARN_CONSTANT_CONVERSION = YES;
				CLANG_WARN_DEPRECATED_OBJC_IMPLEMENTATIONS = YES;
				CLANG_WARN_DIRECT_OBJC_ISA_USAGE = YES_ERROR;
				CLANG_WARN_DOCUMENTATION_COMMENTS = YES;
				CLANG_WARN_EMPTY_BODY = YES;
				CLANG_WARN_ENUM_CONVERSION = YES;
				CLANG_WARN_INFINITE_RECURSION = YES;
				CLANG_WARN_INT_CONVERSION = YES;
				CLANG_WARN_NON_LITERAL_NULL_CONVERSION = YES;
				CLANG_WARN_OBJC_IMPLICIT_RETAIN_SELF = YES;
				CLANG_WARN_OBJC_LITERAL_CONVERSION = YES;
				CLANG_WARN_OBJC_ROOT_CLASS = YES_ERROR;
				CLANG_WARN_RANGE_LOOP_ANALYSIS = YES;
				CLANG_WARN_STRICT_PROTOTYPES = YES;
				CLANG_WARN_SUSPICIOUS_MOVE = YES;
				CLANG_WARN_UNGUARDED_AVAILABILITY = YES_AGGRESSIVE;
				CLANG_WARN_UNREACHABLE_CODE = YES;
				CLANG_WARN__DUPLICATE_METHOD_MATCH = YES;
				COPY_PHASE_STRIP = NO;
				DEBUG_INFORMATION_FORMAT = dwarf;
				ENABLE_STRICT_OBJC_MSGSEND = YES;
				ENABLE_TESTABILITY = YES;
				GCC_C_LANGUAGE_STANDARD = gnu11;
				GCC_DYNAMIC_NO_PIC = NO;
				GCC_NO_COMMON_BLOCKS = YES;
				GCC_OPTIMIZATION_LEVEL = 0;
				GCC_PREPROCESSOR_DEFINITIONS = (
					"DEBUG=1",
					"$(inherited)",
				);
				GCC_WARN_64_TO_32_BIT_CONVERSION = YES;
				GCC_WARN_ABOUT_RETURN_TYPE = YES_ERROR;
				GCC_WARN_UNDECLARED_SELECTOR = YES;
				GCC_WARN_UNINITIALIZED_AUTOS = YES_AGGRESSIVE;
				GCC_WARN_UNUSED_FUNCTION = YES;
				GCC_WARN_UNUSED_VARIABLE = YES;
				IPHONEOS_DEPLOYMENT_TARGET = 13.1;
				MTL_ENABLE_DEBUG_INFO = INCLUDE_SOURCE;
				MTL_FAST_MATH = YES;
				ONLY_ACTIVE_ARCH = YES;
				SDKROOT = iphoneos;
				SWIFT_ACTIVE_COMPILATION_CONDITIONS = DEBUG;
				SWIFT_OPTIMIZATION_LEVEL = "-Onone";
			};
			name = Debug;
		};
		DD40CF01236C875000D7E781 /* Release */ = {
			isa = XCBuildConfiguration;
			buildSettings = {
				ALWAYS_SEARCH_USER_PATHS = NO;
				CLANG_ANALYZER_NONNULL = YES;
				CLANG_ANALYZER_NUMBER_OBJECT_CONVERSION = YES_AGGRESSIVE;
				CLANG_CXX_LANGUAGE_STANDARD = "gnu++14";
				CLANG_CXX_LIBRARY = "libc++";
				CLANG_ENABLE_MODULES = YES;
				CLANG_ENABLE_OBJC_ARC = YES;
				CLANG_ENABLE_OBJC_WEAK = YES;
				CLANG_WARN_BLOCK_CAPTURE_AUTORELEASING = YES;
				CLANG_WARN_BOOL_CONVERSION = YES;
				CLANG_WARN_COMMA = YES;
				CLANG_WARN_CONSTANT_CONVERSION = YES;
				CLANG_WARN_DEPRECATED_OBJC_IMPLEMENTATIONS = YES;
				CLANG_WARN_DIRECT_OBJC_ISA_USAGE = YES_ERROR;
				CLANG_WARN_DOCUMENTATION_COMMENTS = YES;
				CLANG_WARN_EMPTY_BODY = YES;
				CLANG_WARN_ENUM_CONVERSION = YES;
				CLANG_WARN_INFINITE_RECURSION = YES;
				CLANG_WARN_INT_CONVERSION = YES;
				CLANG_WARN_NON_LITERAL_NULL_CONVERSION = YES;
				CLANG_WARN_OBJC_IMPLICIT_RETAIN_SELF = YES;
				CLANG_WARN_OBJC_LITERAL_CONVERSION = YES;
				CLANG_WARN_OBJC_ROOT_CLASS = YES_ERROR;
				CLANG_WARN_RANGE_LOOP_ANALYSIS = YES;
				CLANG_WARN_STRICT_PROTOTYPES = YES;
				CLANG_WARN_SUSPICIOUS_MOVE = YES;
				CLANG_WARN_UNGUARDED_AVAILABILITY = YES_AGGRESSIVE;
				CLANG_WARN_UNREACHABLE_CODE = YES;
				CLANG_WARN__DUPLICATE_METHOD_MATCH = YES;
				COPY_PHASE_STRIP = NO;
				DEBUG_INFORMATION_FORMAT = "dwarf-with-dsym";
				ENABLE_NS_ASSERTIONS = NO;
				ENABLE_STRICT_OBJC_MSGSEND = YES;
				GCC_C_LANGUAGE_STANDARD = gnu11;
				GCC_NO_COMMON_BLOCKS = YES;
				GCC_WARN_64_TO_32_BIT_CONVERSION = YES;
				GCC_WARN_ABOUT_RETURN_TYPE = YES_ERROR;
				GCC_WARN_UNDECLARED_SELECTOR = YES;
				GCC_WARN_UNINITIALIZED_AUTOS = YES_AGGRESSIVE;
				GCC_WARN_UNUSED_FUNCTION = YES;
				GCC_WARN_UNUSED_VARIABLE = YES;
				IPHONEOS_DEPLOYMENT_TARGET = 13.1;
				MTL_ENABLE_DEBUG_INFO = NO;
				MTL_FAST_MATH = YES;
				SDKROOT = iphoneos;
				SWIFT_COMPILATION_MODE = wholemodule;
				SWIFT_OPTIMIZATION_LEVEL = "-O";
				VALIDATE_PRODUCT = YES;
			};
			name = Release;
		};
		DD40CF03236C875000D7E781 /* Debug */ = {
			isa = XCBuildConfiguration;
			buildSettings = {
				ASSETCATALOG_COMPILER_APPICON_NAME = AppIcon;
				CODE_SIGN_STYLE = Automatic;
				DEVELOPMENT_TEAM = 8P7A77YCZV;
				INFOPLIST_FILE = Pokedex/Info.plist;
				LD_RUNPATH_SEARCH_PATHS = (
					"$(inherited)",
					"@executable_path/Frameworks",
				);
				PRODUCT_BUNDLE_IDENTIFIER = brianvilchez.Pokedex;
				PRODUCT_NAME = "$(TARGET_NAME)";
				SWIFT_VERSION = 5.0;
				TARGETED_DEVICE_FAMILY = "1,2";
			};
			name = Debug;
		};
		DD40CF04236C875000D7E781 /* Release */ = {
			isa = XCBuildConfiguration;
			buildSettings = {
				ASSETCATALOG_COMPILER_APPICON_NAME = AppIcon;
				CODE_SIGN_STYLE = Automatic;
				DEVELOPMENT_TEAM = 8P7A77YCZV;
				INFOPLIST_FILE = Pokedex/Info.plist;
				LD_RUNPATH_SEARCH_PATHS = (
					"$(inherited)",
					"@executable_path/Frameworks",
				);
				PRODUCT_BUNDLE_IDENTIFIER = brianvilchez.Pokedex;
				PRODUCT_NAME = "$(TARGET_NAME)";
				SWIFT_VERSION = 5.0;
				TARGETED_DEVICE_FAMILY = "1,2";
			};
			name = Release;
		};
/* End XCBuildConfiguration section */

/* Begin XCConfigurationList section */
		DD40CEE9236C874F00D7E781 /* Build configuration list for PBXProject "Pokedex" */ = {
			isa = XCConfigurationList;
			buildConfigurations = (
				DD40CF00236C875000D7E781 /* Debug */,
				DD40CF01236C875000D7E781 /* Release */,
			);
			defaultConfigurationIsVisible = 0;
			defaultConfigurationName = Release;
		};
		DD40CF02236C875000D7E781 /* Build configuration list for PBXNativeTarget "Pokedex" */ = {
			isa = XCConfigurationList;
			buildConfigurations = (
				DD40CF03236C875000D7E781 /* Debug */,
				DD40CF04236C875000D7E781 /* Release */,
			);
			defaultConfigurationIsVisible = 0;
			defaultConfigurationName = Release;
		};
/* End XCConfigurationList section */
	};
	rootObject = DD40CEE6236C874F00D7E781 /* Project object */;
}
