// !$*UTF8*$!
{
	archiveVersion = 1;
	classes = {
	};
	objectVersion = 50;
	objects = {

/* Begin PBXBuildFile section */
		38472CCF23DC1E7C00ED7186 /* AppDelegate.swift in Sources */ = {isa = PBXBuildFile; fileRef = 38472CCE23DC1E7C00ED7186 /* AppDelegate.swift */; };
		38472CD123DC1E7C00ED7186 /* SceneDelegate.swift in Sources */ = {isa = PBXBuildFile; fileRef = 38472CD023DC1E7C00ED7186 /* SceneDelegate.swift */; };
		38472CD623DC1E7C00ED7186 /* Main.storyboard in Resources */ = {isa = PBXBuildFile; fileRef = 38472CD423DC1E7C00ED7186 /* Main.storyboard */; };
		38472CD823DC1E8100ED7186 /* Assets.xcassets in Resources */ = {isa = PBXBuildFile; fileRef = 38472CD723DC1E8100ED7186 /* Assets.xcassets */; };
		38472CDB23DC1E8100ED7186 /* LaunchScreen.storyboard in Resources */ = {isa = PBXBuildFile; fileRef = 38472CD923DC1E8100ED7186 /* LaunchScreen.storyboard */; };
		38472CE523DC1F8E00ED7186 /* PokedexTableViewController.swift in Sources */ = {isa = PBXBuildFile; fileRef = 38472CE423DC1F8E00ED7186 /* PokedexTableViewController.swift */; };
		38472CE823DC200F00ED7186 /* SavedPokemonTableViewCell.swift in Sources */ = {isa = PBXBuildFile; fileRef = 38472CE723DC200F00ED7186 /* SavedPokemonTableViewCell.swift */; };
		38472CEA23DC21EE00ED7186 /* MatchedPokemonTableViewCell.swift in Sources */ = {isa = PBXBuildFile; fileRef = 38472CE923DC21EE00ED7186 /* MatchedPokemonTableViewCell.swift */; };
		38472CEC23DC226200ED7186 /* PokemonSearchTableViewController.swift in Sources */ = {isa = PBXBuildFile; fileRef = 38472CEB23DC226100ED7186 /* PokemonSearchTableViewController.swift */; };
		38472CEE23DC22B800ED7186 /* PokemonDetailViewController.swift in Sources */ = {isa = PBXBuildFile; fileRef = 38472CED23DC22B800ED7186 /* PokemonDetailViewController.swift */; };
		38472CF423DC329E00ED7186 /* PokemonNameAndURL.swift in Sources */ = {isa = PBXBuildFile; fileRef = 38472CF323DC329E00ED7186 /* PokemonNameAndURL.swift */; };
		38472CF623DC331500ED7186 /* APIController.swift in Sources */ = {isa = PBXBuildFile; fileRef = 38472CF523DC331500ED7186 /* APIController.swift */; };
		38472CF823DC352A00ED7186 /* NetworkError.swift in Sources */ = {isa = PBXBuildFile; fileRef = 38472CF723DC352A00ED7186 /* NetworkError.swift */; };
		38472CFA23DC355F00ED7186 /* HTTPMethod.swift in Sources */ = {isa = PBXBuildFile; fileRef = 38472CF923DC355F00ED7186 /* HTTPMethod.swift */; };
		38472CFD23DCFCE300ED7186 /* APIPokedexRequestContainer.swift in Sources */ = {isa = PBXBuildFile; fileRef = 38472CFC23DCFCE300ED7186 /* APIPokedexRequestContainer.swift */; };
		38472D0123DD65C100ED7186 /* other.swift in Sources */ = {isa = PBXBuildFile; fileRef = 38472D0023DD65C100ED7186 /* other.swift */; };
		38472D0323DD65D900ED7186 /* Pokemon.swift in Sources */ = {isa = PBXBuildFile; fileRef = 38472D0223DD65D900ED7186 /* Pokemon.swift */; };
		38472D0923DD6A1700ED7186 /* PokedexController.swift in Sources */ = {isa = PBXBuildFile; fileRef = 38472D0823DD6A1700ED7186 /* PokedexController.swift */; };
		38A8244023DE9BF700480326 /* SavePokemon.swift in Sources */ = {isa = PBXBuildFile; fileRef = 38A8243F23DE9BF700480326 /* SavePokemon.swift */; };
		38DDE05F23DE87C100F3ABF6 /* Ability.swift in Sources */ = {isa = PBXBuildFile; fileRef = 38DDE05E23DE87C100F3ABF6 /* Ability.swift */; };
		38DDE06123DE87D600F3ABF6 /* Sprites.swift in Sources */ = {isa = PBXBuildFile; fileRef = 38DDE06023DE87D600F3ABF6 /* Sprites.swift */; };
		38FA315025806FC80053CA38 /* Pokedex.swift in Sources */ = {isa = PBXBuildFile; fileRef = 38FA314F25806FC80053CA38 /* Pokedex.swift */; };
/* End PBXBuildFile section */

/* Begin PBXFileReference section */
		38472CCB23DC1E7C00ED7186 /* Pokedex.app */ = {isa = PBXFileReference; explicitFileType = wrapper.application; includeInIndex = 0; path = Pokedex.app; sourceTree = BUILT_PRODUCTS_DIR; };
		38472CCE23DC1E7C00ED7186 /* AppDelegate.swift */ = {isa = PBXFileReference; lastKnownFileType = sourcecode.swift; path = AppDelegate.swift; sourceTree = "<group>"; };
		38472CD023DC1E7C00ED7186 /* SceneDelegate.swift */ = {isa = PBXFileReference; lastKnownFileType = sourcecode.swift; path = SceneDelegate.swift; sourceTree = "<group>"; };
		38472CD523DC1E7C00ED7186 /* Base */ = {isa = PBXFileReference; lastKnownFileType = file.storyboard; name = Base; path = Base.lproj/Main.storyboard; sourceTree = "<group>"; };
		38472CD723DC1E8100ED7186 /* Assets.xcassets */ = {isa = PBXFileReference; lastKnownFileType = folder.assetcatalog; path = Assets.xcassets; sourceTree = "<group>"; };
		38472CDA23DC1E8100ED7186 /* Base */ = {isa = PBXFileReference; lastKnownFileType = file.storyboard; name = Base; path = Base.lproj/LaunchScreen.storyboard; sourceTree = "<group>"; };
		38472CDC23DC1E8100ED7186 /* Info.plist */ = {isa = PBXFileReference; lastKnownFileType = text.plist.xml; path = Info.plist; sourceTree = "<group>"; };
		38472CE423DC1F8E00ED7186 /* PokedexTableViewController.swift */ = {isa = PBXFileReference; lastKnownFileType = sourcecode.swift; path = PokedexTableViewController.swift; sourceTree = "<group>"; };
		38472CE723DC200F00ED7186 /* SavedPokemonTableViewCell.swift */ = {isa = PBXFileReference; lastKnownFileType = sourcecode.swift; path = SavedPokemonTableViewCell.swift; sourceTree = "<group>"; };
		38472CE923DC21EE00ED7186 /* MatchedPokemonTableViewCell.swift */ = {isa = PBXFileReference; lastKnownFileType = sourcecode.swift; path = MatchedPokemonTableViewCell.swift; sourceTree = "<group>"; };
		38472CEB23DC226100ED7186 /* PokemonSearchTableViewController.swift */ = {isa = PBXFileReference; lastKnownFileType = sourcecode.swift; path = PokemonSearchTableViewController.swift; sourceTree = "<group>"; };
		38472CED23DC22B800ED7186 /* PokemonDetailViewController.swift */ = {isa = PBXFileReference; lastKnownFileType = sourcecode.swift; path = PokemonDetailViewController.swift; sourceTree = "<group>"; };
		38472CF323DC329E00ED7186 /* PokemonNameAndURL.swift */ = {isa = PBXFileReference; lastKnownFileType = sourcecode.swift; path = PokemonNameAndURL.swift; sourceTree = "<group>"; };
		38472CF523DC331500ED7186 /* APIController.swift */ = {isa = PBXFileReference; lastKnownFileType = sourcecode.swift; path = APIController.swift; sourceTree = "<group>"; };
		38472CF723DC352A00ED7186 /* NetworkError.swift */ = {isa = PBXFileReference; lastKnownFileType = sourcecode.swift; path = NetworkError.swift; sourceTree = "<group>"; };
		38472CF923DC355F00ED7186 /* HTTPMethod.swift */ = {isa = PBXFileReference; lastKnownFileType = sourcecode.swift; path = HTTPMethod.swift; sourceTree = "<group>"; };
		38472CFC23DCFCE300ED7186 /* APIPokedexRequestContainer.swift */ = {isa = PBXFileReference; lastKnownFileType = sourcecode.swift; path = APIPokedexRequestContainer.swift; sourceTree = "<group>"; };
		38472D0023DD65C100ED7186 /* other.swift */ = {isa = PBXFileReference; lastKnownFileType = sourcecode.swift; path = other.swift; sourceTree = "<group>"; };
		38472D0223DD65D900ED7186 /* Pokemon.swift */ = {isa = PBXFileReference; lastKnownFileType = sourcecode.swift; path = Pokemon.swift; sourceTree = "<group>"; };
		38472D0823DD6A1700ED7186 /* PokedexController.swift */ = {isa = PBXFileReference; lastKnownFileType = sourcecode.swift; path = PokedexController.swift; sourceTree = "<group>"; };
		38A8243F23DE9BF700480326 /* SavePokemon.swift */ = {isa = PBXFileReference; lastKnownFileType = sourcecode.swift; path = SavePokemon.swift; sourceTree = "<group>"; };
		38DDE05E23DE87C100F3ABF6 /* Ability.swift */ = {isa = PBXFileReference; lastKnownFileType = sourcecode.swift; path = Ability.swift; sourceTree = "<group>"; };
		38DDE06023DE87D600F3ABF6 /* Sprites.swift */ = {isa = PBXFileReference; lastKnownFileType = sourcecode.swift; path = Sprites.swift; sourceTree = "<group>"; };
		38FA314F25806FC80053CA38 /* Pokedex.swift */ = {isa = PBXFileReference; lastKnownFileType = sourcecode.swift; path = Pokedex.swift; sourceTree = "<group>"; };
/* End PBXFileReference section */

/* Begin PBXFrameworksBuildPhase section */
		38472CC823DC1E7C00ED7186 /* Frameworks */ = {
			isa = PBXFrameworksBuildPhase;
			buildActionMask = 2147483647;
			files = (
			);
			runOnlyForDeploymentPostprocessing = 0;
		};
/* End PBXFrameworksBuildPhase section */

/* Begin PBXGroup section */
		38472CC223DC1E7C00ED7186 = {
			isa = PBXGroup;
			children = (
				38472CCD23DC1E7C00ED7186 /* Pokedex */,
				38472CCC23DC1E7C00ED7186 /* Products */,
			);
			sourceTree = "<group>";
		};
		38472CCC23DC1E7C00ED7186 /* Products */ = {
			isa = PBXGroup;
			children = (
				38472CCB23DC1E7C00ED7186 /* Pokedex.app */,
			);
			name = Products;
			sourceTree = "<group>";
		};
		38472CCD23DC1E7C00ED7186 /* Pokedex */ = {
			isa = PBXGroup;
			children = (
				38A8243E23DE9BD800480326 /* Protocols */,
				38472CF023DC2AEA00ED7186 /* Model */,
				38738FB923DD6ACB00BCD649 /* APIController */,
				38472CEF23DC2AD700ED7186 /* PokedexController */,
				38472CE223DC1F5E00ED7186 /* View Controller */,
				38472CE623DC1FE800ED7186 /* View */,
				38472CE323DC1F6800ED7186 /* Storyboard */,
				38DDE06323DE8C7700F3ABF6 /* Resources */,
				38472CD723DC1E8100ED7186 /* Assets.xcassets */,
				38472CDC23DC1E8100ED7186 /* Info.plist */,
			);
			path = Pokedex;
			sourceTree = "<group>";
		};
		38472CE223DC1F5E00ED7186 /* View Controller */ = {
			isa = PBXGroup;
			children = (
				38472CE423DC1F8E00ED7186 /* PokedexTableViewController.swift */,
				38472CEB23DC226100ED7186 /* PokemonSearchTableViewController.swift */,
				38472CED23DC22B800ED7186 /* PokemonDetailViewController.swift */,
			);
			path = "View Controller";
			sourceTree = "<group>";
		};
		38472CE323DC1F6800ED7186 /* Storyboard */ = {
			isa = PBXGroup;
			children = (
				38472CD423DC1E7C00ED7186 /* Main.storyboard */,
				38472CD923DC1E8100ED7186 /* LaunchScreen.storyboard */,
			);
			path = Storyboard;
			sourceTree = "<group>";
		};
		38472CE623DC1FE800ED7186 /* View */ = {
			isa = PBXGroup;
			children = (
				38472CE723DC200F00ED7186 /* SavedPokemonTableViewCell.swift */,
				38472CE923DC21EE00ED7186 /* MatchedPokemonTableViewCell.swift */,
			);
			path = View;
			sourceTree = "<group>";
		};
		38472CEF23DC2AD700ED7186 /* PokedexController */ = {
			isa = PBXGroup;
			children = (
				38472D0823DD6A1700ED7186 /* PokedexController.swift */,
			);
			path = PokedexController;
			sourceTree = "<group>";
		};
		38472CF023DC2AEA00ED7186 /* Model */ = {
			isa = PBXGroup;
			children = (
				38DDE06223DE883600F3ABF6 /* Network */,
				38472CFB23DCFCC100ED7186 /* JSON Decoding Models */,
				38FA314F25806FC80053CA38 /* Pokedex.swift */,
			);
			path = Model;
			sourceTree = "<group>";
		};
		38472CFB23DCFCC100ED7186 /* JSON Decoding Models */ = {
			isa = PBXGroup;
			children = (
				38472CFC23DCFCE300ED7186 /* APIPokedexRequestContainer.swift */,
				38DDE05E23DE87C100F3ABF6 /* Ability.swift */,
				38472D0223DD65D900ED7186 /* Pokemon.swift */,
				38472CF323DC329E00ED7186 /* PokemonNameAndURL.swift */,
				38472D0023DD65C100ED7186 /* other.swift */,
				38DDE06023DE87D600F3ABF6 /* Sprites.swift */,
			);
			path = "JSON Decoding Models";
			sourceTree = "<group>";
		};
		38738FB923DD6ACB00BCD649 /* APIController */ = {
			isa = PBXGroup;
			children = (
				38472CF523DC331500ED7186 /* APIController.swift */,
			);
			path = APIController;
			sourceTree = "<group>";
		};
		38A8243E23DE9BD800480326 /* Protocols */ = {
			isa = PBXGroup;
			children = (
				38A8243F23DE9BF700480326 /* SavePokemon.swift */,
			);
			path = Protocols;
			sourceTree = "<group>";
		};
		38DDE06223DE883600F3ABF6 /* Network */ = {
			isa = PBXGroup;
			children = (
				38472CF923DC355F00ED7186 /* HTTPMethod.swift */,
				38472CF723DC352A00ED7186 /* NetworkError.swift */,
			);
			path = Network;
			sourceTree = "<group>";
		};
		38DDE06323DE8C7700F3ABF6 /* Resources */ = {
			isa = PBXGroup;
			children = (
				38472CCE23DC1E7C00ED7186 /* AppDelegate.swift */,
				38472CD023DC1E7C00ED7186 /* SceneDelegate.swift */,
			);
			path = Resources;
			sourceTree = "<group>";
		};
/* End PBXGroup section */

/* Begin PBXNativeTarget section */
		38472CCA23DC1E7C00ED7186 /* Pokedex */ = {
			isa = PBXNativeTarget;
			buildConfigurationList = 38472CDF23DC1E8100ED7186 /* Build configuration list for PBXNativeTarget "Pokedex" */;
			buildPhases = (
				38472CC723DC1E7C00ED7186 /* Sources */,
				38472CC823DC1E7C00ED7186 /* Frameworks */,
				38472CC923DC1E7C00ED7186 /* Resources */,
			);
			buildRules = (
			);
			dependencies = (
			);
			name = Pokedex;
			productName = Pokedex;
			productReference = 38472CCB23DC1E7C00ED7186 /* Pokedex.app */;
			productType = "com.apple.product-type.application";
		};
/* End PBXNativeTarget section */

/* Begin PBXProject section */
		38472CC323DC1E7C00ED7186 /* Project object */ = {
			isa = PBXProject;
			attributes = {
				LastSwiftUpdateCheck = 1110;
				LastUpgradeCheck = 1220;
				ORGANIZATIONNAME = Alfredo;
				TargetAttributes = {
					38472CCA23DC1E7C00ED7186 = {
						CreatedOnToolsVersion = 11.1;
					};
				};
			};
			buildConfigurationList = 38472CC623DC1E7C00ED7186 /* Build configuration list for PBXProject "Pokedex" */;
			compatibilityVersion = "Xcode 9.3";
			developmentRegion = en;
			hasScannedForEncodings = 0;
			knownRegions = (
				en,
				Base,
			);
			mainGroup = 38472CC223DC1E7C00ED7186;
			productRefGroup = 38472CCC23DC1E7C00ED7186 /* Products */;
			projectDirPath = "";
			projectRoot = "";
			targets = (
				38472CCA23DC1E7C00ED7186 /* Pokedex */,
			);
		};
/* End PBXProject section */

/* Begin PBXResourcesBuildPhase section */
		38472CC923DC1E7C00ED7186 /* Resources */ = {
			isa = PBXResourcesBuildPhase;
			buildActionMask = 2147483647;
			files = (
				38472CDB23DC1E8100ED7186 /* LaunchScreen.storyboard in Resources */,
				38472CD823DC1E8100ED7186 /* Assets.xcassets in Resources */,
				38472CD623DC1E7C00ED7186 /* Main.storyboard in Resources */,
			);
			runOnlyForDeploymentPostprocessing = 0;
		};
/* End PBXResourcesBuildPhase section */

/* Begin PBXSourcesBuildPhase section */
		38472CC723DC1E7C00ED7186 /* Sources */ = {
			isa = PBXSourcesBuildPhase;
			buildActionMask = 2147483647;
			files = (
				38DDE05F23DE87C100F3ABF6 /* Ability.swift in Sources */,
				38472D0923DD6A1700ED7186 /* PokedexController.swift in Sources */,
				38472CE523DC1F8E00ED7186 /* PokedexTableViewController.swift in Sources */,
				38472CF623DC331500ED7186 /* APIController.swift in Sources */,
				38472CFD23DCFCE300ED7186 /* APIPokedexRequestContainer.swift in Sources */,
				38472CEC23DC226200ED7186 /* PokemonSearchTableViewController.swift in Sources */,
				38472CEE23DC22B800ED7186 /* PokemonDetailViewController.swift in Sources */,
				38A8244023DE9BF700480326 /* SavePokemon.swift in Sources */,
				38472CEA23DC21EE00ED7186 /* MatchedPokemonTableViewCell.swift in Sources */,
				38472D0323DD65D900ED7186 /* Pokemon.swift in Sources */,
				38472CF423DC329E00ED7186 /* PokemonNameAndURL.swift in Sources */,
				38472CE823DC200F00ED7186 /* SavedPokemonTableViewCell.swift in Sources */,
				38472CFA23DC355F00ED7186 /* HTTPMethod.swift in Sources */,
				38472CCF23DC1E7C00ED7186 /* AppDelegate.swift in Sources */,
				38472CF823DC352A00ED7186 /* NetworkError.swift in Sources */,
				38472D0123DD65C100ED7186 /* other.swift in Sources */,
				38FA315025806FC80053CA38 /* Pokedex.swift in Sources */,
				38DDE06123DE87D600F3ABF6 /* Sprites.swift in Sources */,
				38472CD123DC1E7C00ED7186 /* SceneDelegate.swift in Sources */,
			);
			runOnlyForDeploymentPostprocessing = 0;
		};
/* End PBXSourcesBuildPhase section */

/* Begin PBXVariantGroup section */
		38472CD423DC1E7C00ED7186 /* Main.storyboard */ = {
			isa = PBXVariantGroup;
			children = (
				38472CD523DC1E7C00ED7186 /* Base */,
			);
			name = Main.storyboard;
			sourceTree = "<group>";
		};
		38472CD923DC1E8100ED7186 /* LaunchScreen.storyboard */ = {
			isa = PBXVariantGroup;
			children = (
				38472CDA23DC1E8100ED7186 /* Base */,
			);
			name = LaunchScreen.storyboard;
			sourceTree = "<group>";
		};
/* End PBXVariantGroup section */

/* Begin XCBuildConfiguration section */
		38472CDD23DC1E8100ED7186 /* Debug */ = {
			isa = XCBuildConfiguration;
			buildSettings = {
				ALWAYS_SEARCH_USER_PATHS = NO;
				CLANG_ANALYZER_NONNULL = YES;
				CLANG_ANALYZER_NUMBER_OBJECT_CONVERSION = YES_AGGRESSIVE;
				CLANG_CXX_LANGUAGE_STANDARD = "gnu++14";
				CLANG_CXX_LIBRARY = "libc++";
				CLANG_ENABLE_MODULES = YES;
				CLANG_ENABLE_OBJC_ARC = YES;
				CLANG_ENABLE_OBJC_WEAK = YES;
				CLANG_WARN_BLOCK_CAPTURE_AUTORELEASING = YES;
				CLANG_WARN_BOOL_CONVERSION = YES;
				CLANG_WARN_COMMA = YES;
				CLANG_WARN_CONSTANT_CONVERSION = YES;
				CLANG_WARN_DEPRECATED_OBJC_IMPLEMENTATIONS = YES;
				CLANG_WARN_DIRECT_OBJC_ISA_USAGE = YES_ERROR;
				CLANG_WARN_DOCUMENTATION_COMMENTS = YES;
				CLANG_WARN_EMPTY_BODY = YES;
				CLANG_WARN_ENUM_CONVERSION = YES;
				CLANG_WARN_INFINITE_RECURSION = YES;
				CLANG_WARN_INT_CONVERSION = YES;
				CLANG_WARN_NON_LITERAL_NULL_CONVERSION = YES;
				CLANG_WARN_OBJC_IMPLICIT_RETAIN_SELF = YES;
				CLANG_WARN_OBJC_LITERAL_CONVERSION = YES;
				CLANG_WARN_OBJC_ROOT_CLASS = YES_ERROR;
				CLANG_WARN_QUOTED_INCLUDE_IN_FRAMEWORK_HEADER = YES;
				CLANG_WARN_RANGE_LOOP_ANALYSIS = YES;
				CLANG_WARN_STRICT_PROTOTYPES = YES;
				CLANG_WARN_SUSPICIOUS_MOVE = YES;
				CLANG_WARN_UNGUARDED_AVAILABILITY = YES_AGGRESSIVE;
				CLANG_WARN_UNREACHABLE_CODE = YES;
				CLANG_WARN__DUPLICATE_METHOD_MATCH = YES;
				COPY_PHASE_STRIP = NO;
				DEBUG_INFORMATION_FORMAT = dwarf;
				ENABLE_STRICT_OBJC_MSGSEND = YES;
				ENABLE_TESTABILITY = YES;
				GCC_C_LANGUAGE_STANDARD = gnu11;
				GCC_DYNAMIC_NO_PIC = NO;
				GCC_NO_COMMON_BLOCKS = YES;
				GCC_OPTIMIZATION_LEVEL = 0;
				GCC_PREPROCESSOR_DEFINITIONS = (
					"DEBUG=1",
					"$(inherited)",
				);
				GCC_WARN_64_TO_32_BIT_CONVERSION = YES;
				GCC_WARN_ABOUT_RETURN_TYPE = YES_ERROR;
				GCC_WARN_UNDECLARED_SELECTOR = YES;
				GCC_WARN_UNINITIALIZED_AUTOS = YES_AGGRESSIVE;
				GCC_WARN_UNUSED_FUNCTION = YES;
				GCC_WARN_UNUSED_VARIABLE = YES;
				IPHONEOS_DEPLOYMENT_TARGET = 13.1;
				MTL_ENABLE_DEBUG_INFO = INCLUDE_SOURCE;
				MTL_FAST_MATH = YES;
				ONLY_ACTIVE_ARCH = YES;
				SDKROOT = iphoneos;
				SWIFT_ACTIVE_COMPILATION_CONDITIONS = DEBUG;
				SWIFT_OPTIMIZATION_LEVEL = "-Onone";
			};
			name = Debug;
		};
		38472CDE23DC1E8100ED7186 /* Release */ = {
			isa = XCBuildConfiguration;
			buildSettings = {
				ALWAYS_SEARCH_USER_PATHS = NO;
				CLANG_ANALYZER_NONNULL = YES;
				CLANG_ANALYZER_NUMBER_OBJECT_CONVERSION = YES_AGGRESSIVE;
				CLANG_CXX_LANGUAGE_STANDARD = "gnu++14";
				CLANG_CXX_LIBRARY = "libc++";
				CLANG_ENABLE_MODULES = YES;
				CLANG_ENABLE_OBJC_ARC = YES;
				CLANG_ENABLE_OBJC_WEAK = YES;
				CLANG_WARN_BLOCK_CAPTURE_AUTORELEASING = YES;
				CLANG_WARN_BOOL_CONVERSION = YES;
				CLANG_WARN_COMMA = YES;
				CLANG_WARN_CONSTANT_CONVERSION = YES;
				CLANG_WARN_DEPRECATED_OBJC_IMPLEMENTATIONS = YES;
				CLANG_WARN_DIRECT_OBJC_ISA_USAGE = YES_ERROR;
				CLANG_WARN_DOCUMENTATION_COMMENTS = YES;
				CLANG_WARN_EMPTY_BODY = YES;
				CLANG_WARN_ENUM_CONVERSION = YES;
				CLANG_WARN_INFINITE_RECURSION = YES;
				CLANG_WARN_INT_CONVERSION = YES;
				CLANG_WARN_NON_LITERAL_NULL_CONVERSION = YES;
				CLANG_WARN_OBJC_IMPLICIT_RETAIN_SELF = YES;
				CLANG_WARN_OBJC_LITERAL_CONVERSION = YES;
				CLANG_WARN_OBJC_ROOT_CLASS = YES_ERROR;
				CLANG_WARN_QUOTED_INCLUDE_IN_FRAMEWORK_HEADER = YES;
				CLANG_WARN_RANGE_LOOP_ANALYSIS = YES;
				CLANG_WARN_STRICT_PROTOTYPES = YES;
				CLANG_WARN_SUSPICIOUS_MOVE = YES;
				CLANG_WARN_UNGUARDED_AVAILABILITY = YES_AGGRESSIVE;
				CLANG_WARN_UNREACHABLE_CODE = YES;
				CLANG_WARN__DUPLICATE_METHOD_MATCH = YES;
				COPY_PHASE_STRIP = NO;
				DEBUG_INFORMATION_FORMAT = "dwarf-with-dsym";
				ENABLE_NS_ASSERTIONS = NO;
				ENABLE_STRICT_OBJC_MSGSEND = YES;
				GCC_C_LANGUAGE_STANDARD = gnu11;
				GCC_NO_COMMON_BLOCKS = YES;
				GCC_WARN_64_TO_32_BIT_CONVERSION = YES;
				GCC_WARN_ABOUT_RETURN_TYPE = YES_ERROR;
				GCC_WARN_UNDECLARED_SELECTOR = YES;
				GCC_WARN_UNINITIALIZED_AUTOS = YES_AGGRESSIVE;
				GCC_WARN_UNUSED_FUNCTION = YES;
				GCC_WARN_UNUSED_VARIABLE = YES;
				IPHONEOS_DEPLOYMENT_TARGET = 13.1;
				MTL_ENABLE_DEBUG_INFO = NO;
				MTL_FAST_MATH = YES;
				SDKROOT = iphoneos;
				SWIFT_COMPILATION_MODE = wholemodule;
				SWIFT_OPTIMIZATION_LEVEL = "-O";
				VALIDATE_PRODUCT = YES;
			};
			name = Release;
		};
		38472CE023DC1E8100ED7186 /* Debug */ = {
			isa = XCBuildConfiguration;
			buildSettings = {
				ASSETCATALOG_COMPILER_APPICON_NAME = AppIcon;
				CODE_SIGN_STYLE = Automatic;
				INFOPLIST_FILE = Pokedex/Info.plist;
				LD_RUNPATH_SEARCH_PATHS = (
					"$(inherited)",
					"@executable_path/Frameworks",
				);
				PRODUCT_BUNDLE_IDENTIFIER = testingtesting123.Pokedex;
				PRODUCT_NAME = "$(TARGET_NAME)";
				SWIFT_VERSION = 5.0;
				TARGETED_DEVICE_FAMILY = "1,2";
			};
			name = Debug;
		};
		38472CE123DC1E8100ED7186 /* Release */ = {
			isa = XCBuildConfiguration;
			buildSettings = {
				ASSETCATALOG_COMPILER_APPICON_NAME = AppIcon;
				CODE_SIGN_STYLE = Automatic;
				INFOPLIST_FILE = Pokedex/Info.plist;
				LD_RUNPATH_SEARCH_PATHS = (
					"$(inherited)",
					"@executable_path/Frameworks",
				);
				PRODUCT_BUNDLE_IDENTIFIER = testingtesting123.Pokedex;
				PRODUCT_NAME = "$(TARGET_NAME)";
				SWIFT_VERSION = 5.0;
				TARGETED_DEVICE_FAMILY = "1,2";
			};
			name = Release;
		};
/* End XCBuildConfiguration section */

/* Begin XCConfigurationList section */
		38472CC623DC1E7C00ED7186 /* Build configuration list for PBXProject "Pokedex" */ = {
			isa = XCConfigurationList;
			buildConfigurations = (
				38472CDD23DC1E8100ED7186 /* Debug */,
				38472CDE23DC1E8100ED7186 /* Release */,
			);
			defaultConfigurationIsVisible = 0;
			defaultConfigurationName = Release;
		};
		38472CDF23DC1E8100ED7186 /* Build configuration list for PBXNativeTarget "Pokedex" */ = {
			isa = XCConfigurationList;
			buildConfigurations = (
				38472CE023DC1E8100ED7186 /* Debug */,
				38472CE123DC1E8100ED7186 /* Release */,
			);
			defaultConfigurationIsVisible = 0;
			defaultConfigurationName = Release;
		};
/* End XCConfigurationList section */
	};
	rootObject = 38472CC323DC1E7C00ED7186 /* Project object */;
}
