// !$*UTF8*$!
{
	archiveVersion = 1;
	classes = {
	};
	objectVersion = 50;
	objects = {

/* Begin PBXBuildFile section */
		4441BFE92425A0E800416444 /* PokemonSearchViewController.swift in Sources */ = {isa = PBXBuildFile; fileRef = 4441BFE82425A0E800416444 /* PokemonSearchViewController.swift */; };
		4441BFEB2425A11500416444 /* SavedPokemonTableViewController.swift in Sources */ = {isa = PBXBuildFile; fileRef = 4441BFEA2425A11500416444 /* SavedPokemonTableViewController.swift */; };
		4441BFED2425A6B800416444 /* Pokemon.swift in Sources */ = {isa = PBXBuildFile; fileRef = 4441BFEC2425A6B800416444 /* Pokemon.swift */; };
		4441BFEF2425A96600416444 /* PokemonController.swift in Sources */ = {isa = PBXBuildFile; fileRef = 4441BFEE2425A96600416444 /* PokemonController.swift */; };
		44A1F6D5249322A200444FA3 /* Notifications.swift in Sources */ = {isa = PBXBuildFile; fileRef = 44A1F6D4249322A200444FA3 /* Notifications.swift */; };
		44F440A924259F5B0061F596 /* AppDelegate.swift in Sources */ = {isa = PBXBuildFile; fileRef = 44F440A824259F5B0061F596 /* AppDelegate.swift */; };
		44F440AB24259F5B0061F596 /* SceneDelegate.swift in Sources */ = {isa = PBXBuildFile; fileRef = 44F440AA24259F5B0061F596 /* SceneDelegate.swift */; };
		44F440B024259F5B0061F596 /* Main.storyboard in Resources */ = {isa = PBXBuildFile; fileRef = 44F440AE24259F5B0061F596 /* Main.storyboard */; };
		44F440B224259F5C0061F596 /* Assets.xcassets in Resources */ = {isa = PBXBuildFile; fileRef = 44F440B124259F5C0061F596 /* Assets.xcassets */; };
		44F440B524259F5C0061F596 /* LaunchScreen.storyboard in Resources */ = {isa = PBXBuildFile; fileRef = 44F440B324259F5C0061F596 /* LaunchScreen.storyboard */; };
/* End PBXBuildFile section */

/* Begin PBXFileReference section */
		4441BFE82425A0E800416444 /* PokemonSearchViewController.swift */ = {isa = PBXFileReference; lastKnownFileType = sourcecode.swift; path = PokemonSearchViewController.swift; sourceTree = "<group>"; };
		4441BFEA2425A11500416444 /* SavedPokemonTableViewController.swift */ = {isa = PBXFileReference; lastKnownFileType = sourcecode.swift; path = SavedPokemonTableViewController.swift; sourceTree = "<group>"; };
		4441BFEC2425A6B800416444 /* Pokemon.swift */ = {isa = PBXFileReference; lastKnownFileType = sourcecode.swift; path = Pokemon.swift; sourceTree = "<group>"; };
		4441BFEE2425A96600416444 /* PokemonController.swift */ = {isa = PBXFileReference; lastKnownFileType = sourcecode.swift; path = PokemonController.swift; sourceTree = "<group>"; };
		44A1F6D4249322A200444FA3 /* Notifications.swift */ = {isa = PBXFileReference; lastKnownFileType = sourcecode.swift; path = Notifications.swift; sourceTree = "<group>"; };
		44F440A524259F5B0061F596 /* Sprint-Pokemon.app */ = {isa = PBXFileReference; explicitFileType = wrapper.application; includeInIndex = 0; path = "Sprint-Pokemon.app"; sourceTree = BUILT_PRODUCTS_DIR; };
		44F440A824259F5B0061F596 /* AppDelegate.swift */ = {isa = PBXFileReference; lastKnownFileType = sourcecode.swift; path = AppDelegate.swift; sourceTree = "<group>"; };
		44F440AA24259F5B0061F596 /* SceneDelegate.swift */ = {isa = PBXFileReference; lastKnownFileType = sourcecode.swift; path = SceneDelegate.swift; sourceTree = "<group>"; };
		44F440AF24259F5B0061F596 /* Base */ = {isa = PBXFileReference; lastKnownFileType = file.storyboard; name = Base; path = Base.lproj/Main.storyboard; sourceTree = "<group>"; };
		44F440B124259F5C0061F596 /* Assets.xcassets */ = {isa = PBXFileReference; lastKnownFileType = folder.assetcatalog; path = Assets.xcassets; sourceTree = "<group>"; };
		44F440B424259F5C0061F596 /* Base */ = {isa = PBXFileReference; lastKnownFileType = file.storyboard; name = Base; path = Base.lproj/LaunchScreen.storyboard; sourceTree = "<group>"; };
		44F440B624259F5C0061F596 /* Info.plist */ = {isa = PBXFileReference; lastKnownFileType = text.plist.xml; path = Info.plist; sourceTree = "<group>"; };
/* End PBXFileReference section */

/* Begin PBXFrameworksBuildPhase section */
		44F440A224259F5B0061F596 /* Frameworks */ = {
			isa = PBXFrameworksBuildPhase;
			buildActionMask = 2147483647;
			files = (
			);
			runOnlyForDeploymentPostprocessing = 0;
		};
/* End PBXFrameworksBuildPhase section */

/* Begin PBXGroup section */
		44F4409C24259F5B0061F596 = {
			isa = PBXGroup;
			children = (
				44F440A724259F5B0061F596 /* Sprint-Pokemon */,
				44F440A624259F5B0061F596 /* Products */,
			);
			sourceTree = "<group>";
		};
		44F440A624259F5B0061F596 /* Products */ = {
			isa = PBXGroup;
			children = (
				44F440A524259F5B0061F596 /* Sprint-Pokemon.app */,
			);
			name = Products;
			sourceTree = "<group>";
		};
		44F440A724259F5B0061F596 /* Sprint-Pokemon */ = {
			isa = PBXGroup;
			children = (
				44F440BF24259F8E0061F596 /* Models */,
				44F440BC24259F6B0061F596 /* Recources */,
				44F440BD24259F760061F596 /* Views */,
				44F440BE24259F840061F596 /* Storyboard */,
				44F440B624259F5C0061F596 /* Info.plist */,
			);
			path = "Sprint-Pokemon";
			sourceTree = "<group>";
		};
		44F440BC24259F6B0061F596 /* Recources */ = {
			isa = PBXGroup;
			children = (
				44F440A824259F5B0061F596 /* AppDelegate.swift */,
				44F440AA24259F5B0061F596 /* SceneDelegate.swift */,
				44F440B124259F5C0061F596 /* Assets.xcassets */,
				44F440B324259F5C0061F596 /* LaunchScreen.storyboard */,
			);
			path = Recources;
			sourceTree = "<group>";
		};
		44F440BD24259F760061F596 /* Views */ = {
			isa = PBXGroup;
			children = (
				4441BFE82425A0E800416444 /* PokemonSearchViewController.swift */,
				4441BFEA2425A11500416444 /* SavedPokemonTableViewController.swift */,
			);
			path = Views;
			sourceTree = "<group>";
		};
		44F440BE24259F840061F596 /* Storyboard */ = {
			isa = PBXGroup;
			children = (
				44F440AE24259F5B0061F596 /* Main.storyboard */,
			);
			path = Storyboard;
			sourceTree = "<group>";
		};
		44F440BF24259F8E0061F596 /* Models */ = {
			isa = PBXGroup;
			children = (
				4441BFEC2425A6B800416444 /* Pokemon.swift */,
				4441BFEE2425A96600416444 /* PokemonController.swift */,
				44A1F6D4249322A200444FA3 /* Notifications.swift */,
			);
			path = Models;
			sourceTree = "<group>";
		};
/* End PBXGroup section */

/* Begin PBXNativeTarget section */
		44F440A424259F5B0061F596 /* Sprint-Pokemon */ = {
			isa = PBXNativeTarget;
			buildConfigurationList = 44F440B924259F5C0061F596 /* Build configuration list for PBXNativeTarget "Sprint-Pokemon" */;
			buildPhases = (
				44F440A124259F5B0061F596 /* Sources */,
				44F440A224259F5B0061F596 /* Frameworks */,
				44F440A324259F5B0061F596 /* Resources */,
			);
			buildRules = (
			);
			dependencies = (
			);
			name = "Sprint-Pokemon";
			productName = "Sprint-Pokemon";
			productReference = 44F440A524259F5B0061F596 /* Sprint-Pokemon.app */;
			productType = "com.apple.product-type.application";
		};
/* End PBXNativeTarget section */

/* Begin PBXProject section */
		44F4409D24259F5B0061F596 /* Project object */ = {
			isa = PBXProject;
			attributes = {
				LastSwiftUpdateCheck = 1130;
				LastUpgradeCheck = 1130;
				ORGANIZATIONNAME = "Breena Greek";
				TargetAttributes = {
					44F440A424259F5B0061F596 = {
						CreatedOnToolsVersion = 11.3.1;
					};
				};
			};
			buildConfigurationList = 44F440A024259F5B0061F596 /* Build configuration list for PBXProject "Sprint-Pokemon" */;
			compatibilityVersion = "Xcode 9.3";
			developmentRegion = en;
			hasScannedForEncodings = 0;
			knownRegions = (
				en,
				Base,
			);
			mainGroup = 44F4409C24259F5B0061F596;
			productRefGroup = 44F440A624259F5B0061F596 /* Products */;
			projectDirPath = "";
			projectRoot = "";
			targets = (
				44F440A424259F5B0061F596 /* Sprint-Pokemon */,
			);
		};
/* End PBXProject section */

/* Begin PBXResourcesBuildPhase section */
		44F440A324259F5B0061F596 /* Resources */ = {
			isa = PBXResourcesBuildPhase;
			buildActionMask = 2147483647;
			files = (
				44F440B524259F5C0061F596 /* LaunchScreen.storyboard in Resources */,
				44F440B224259F5C0061F596 /* Assets.xcassets in Resources */,
				44F440B024259F5B0061F596 /* Main.storyboard in Resources */,
			);
			runOnlyForDeploymentPostprocessing = 0;
		};
/* End PBXResourcesBuildPhase section */

/* Begin PBXSourcesBuildPhase section */
		44F440A124259F5B0061F596 /* Sources */ = {
			isa = PBXSourcesBuildPhase;
			buildActionMask = 2147483647;
			files = (
				4441BFED2425A6B800416444 /* Pokemon.swift in Sources */,
				44A1F6D5249322A200444FA3 /* Notifications.swift in Sources */,
				44F440A924259F5B0061F596 /* AppDelegate.swift in Sources */,
				4441BFE92425A0E800416444 /* PokemonSearchViewController.swift in Sources */,
				44F440AB24259F5B0061F596 /* SceneDelegate.swift in Sources */,
				4441BFEB2425A11500416444 /* SavedPokemonTableViewController.swift in Sources */,
				4441BFEF2425A96600416444 /* PokemonController.swift in Sources */,
			);
			runOnlyForDeploymentPostprocessing = 0;
		};
/* End PBXSourcesBuildPhase section */

/* Begin PBXVariantGroup section */
		44F440AE24259F5B0061F596 /* Main.storyboard */ = {
			isa = PBXVariantGroup;
			children = (
				44F440AF24259F5B0061F596 /* Base */,
			);
			name = Main.storyboard;
			sourceTree = "<group>";
		};
		44F440B324259F5C0061F596 /* LaunchScreen.storyboard */ = {
			isa = PBXVariantGroup;
			children = (
				44F440B424259F5C0061F596 /* Base */,
			);
			name = LaunchScreen.storyboard;
			sourceTree = "<group>";
		};
/* End PBXVariantGroup section */

/* Begin XCBuildConfiguration section */
		44F440B724259F5C0061F596 /* Debug */ = {
			isa = XCBuildConfiguration;
			buildSettings = {
				ALWAYS_SEARCH_USER_PATHS = NO;
				CLANG_ANALYZER_NONNULL = YES;
				CLANG_ANALYZER_NUMBER_OBJECT_CONVERSION = YES_AGGRESSIVE;
				CLANG_CXX_LANGUAGE_STANDARD = "gnu++14";
				CLANG_CXX_LIBRARY = "libc++";
				CLANG_ENABLE_MODULES = YES;
				CLANG_ENABLE_OBJC_ARC = YES;
				CLANG_ENABLE_OBJC_WEAK = YES;
				CLANG_WARN_BLOCK_CAPTURE_AUTORELEASING = YES;
				CLANG_WARN_BOOL_CONVERSION = YES;
				CLANG_WARN_COMMA = YES;
				CLANG_WARN_CONSTANT_CONVERSION = YES;
				CLANG_WARN_DEPRECATED_OBJC_IMPLEMENTATIONS = YES;
				CLANG_WARN_DIRECT_OBJC_ISA_USAGE = YES_ERROR;
				CLANG_WARN_DOCUMENTATION_COMMENTS = YES;
				CLANG_WARN_EMPTY_BODY = YES;
				CLANG_WARN_ENUM_CONVERSION = YES;
				CLANG_WARN_INFINITE_RECURSION = YES;
				CLANG_WARN_INT_CONVERSION = YES;
				CLANG_WARN_NON_LITERAL_NULL_CONVERSION = YES;
				CLANG_WARN_OBJC_IMPLICIT_RETAIN_SELF = YES;
				CLANG_WARN_OBJC_LITERAL_CONVERSION = YES;
				CLANG_WARN_OBJC_ROOT_CLASS = YES_ERROR;
				CLANG_WARN_RANGE_LOOP_ANALYSIS = YES;
				CLANG_WARN_STRICT_PROTOTYPES = YES;
				CLANG_WARN_SUSPICIOUS_MOVE = YES;
				CLANG_WARN_UNGUARDED_AVAILABILITY = YES_AGGRESSIVE;
				CLANG_WARN_UNREACHABLE_CODE = YES;
				CLANG_WARN__DUPLICATE_METHOD_MATCH = YES;
				COPY_PHASE_STRIP = NO;
				DEBUG_INFORMATION_FORMAT = dwarf;
				ENABLE_STRICT_OBJC_MSGSEND = YES;
				ENABLE_TESTABILITY = YES;
				GCC_C_LANGUAGE_STANDARD = gnu11;
				GCC_DYNAMIC_NO_PIC = NO;
				GCC_NO_COMMON_BLOCKS = YES;
				GCC_OPTIMIZATION_LEVEL = 0;
				GCC_PREPROCESSOR_DEFINITIONS = (
					"DEBUG=1",
					"$(inherited)",
				);
				GCC_WARN_64_TO_32_BIT_CONVERSION = YES;
				GCC_WARN_ABOUT_RETURN_TYPE = YES_ERROR;
				GCC_WARN_UNDECLARED_SELECTOR = YES;
				GCC_WARN_UNINITIALIZED_AUTOS = YES_AGGRESSIVE;
				GCC_WARN_UNUSED_FUNCTION = YES;
				GCC_WARN_UNUSED_VARIABLE = YES;
				IPHONEOS_DEPLOYMENT_TARGET = 13.2;
				MTL_ENABLE_DEBUG_INFO = INCLUDE_SOURCE;
				MTL_FAST_MATH = YES;
				ONLY_ACTIVE_ARCH = YES;
				SDKROOT = iphoneos;
				SWIFT_ACTIVE_COMPILATION_CONDITIONS = DEBUG;
				SWIFT_OPTIMIZATION_LEVEL = "-Onone";
			};
			name = Debug;
		};
		44F440B824259F5C0061F596 /* Release */ = {
			isa = XCBuildConfiguration;
			buildSettings = {
				ALWAYS_SEARCH_USER_PATHS = NO;
				CLANG_ANALYZER_NONNULL = YES;
				CLANG_ANALYZER_NUMBER_OBJECT_CONVERSION = YES_AGGRESSIVE;
				CLANG_CXX_LANGUAGE_STANDARD = "gnu++14";
				CLANG_CXX_LIBRARY = "libc++";
				CLANG_ENABLE_MODULES = YES;
				CLANG_ENABLE_OBJC_ARC = YES;
				CLANG_ENABLE_OBJC_WEAK = YES;
				CLANG_WARN_BLOCK_CAPTURE_AUTORELEASING = YES;
				CLANG_WARN_BOOL_CONVERSION = YES;
				CLANG_WARN_COMMA = YES;
				CLANG_WARN_CONSTANT_CONVERSION = YES;
				CLANG_WARN_DEPRECATED_OBJC_IMPLEMENTATIONS = YES;
				CLANG_WARN_DIRECT_OBJC_ISA_USAGE = YES_ERROR;
				CLANG_WARN_DOCUMENTATION_COMMENTS = YES;
				CLANG_WARN_EMPTY_BODY = YES;
				CLANG_WARN_ENUM_CONVERSION = YES;
				CLANG_WARN_INFINITE_RECURSION = YES;
				CLANG_WARN_INT_CONVERSION = YES;
				CLANG_WARN_NON_LITERAL_NULL_CONVERSION = YES;
				CLANG_WARN_OBJC_IMPLICIT_RETAIN_SELF = YES;
				CLANG_WARN_OBJC_LITERAL_CONVERSION = YES;
				CLANG_WARN_OBJC_ROOT_CLASS = YES_ERROR;
				CLANG_WARN_RANGE_LOOP_ANALYSIS = YES;
				CLANG_WARN_STRICT_PROTOTYPES = YES;
				CLANG_WARN_SUSPICIOUS_MOVE = YES;
				CLANG_WARN_UNGUARDED_AVAILABILITY = YES_AGGRESSIVE;
				CLANG_WARN_UNREACHABLE_CODE = YES;
				CLANG_WARN__DUPLICATE_METHOD_MATCH = YES;
				COPY_PHASE_STRIP = NO;
				DEBUG_INFORMATION_FORMAT = "dwarf-with-dsym";
				ENABLE_NS_ASSERTIONS = NO;
				ENABLE_STRICT_OBJC_MSGSEND = YES;
				GCC_C_LANGUAGE_STANDARD = gnu11;
				GCC_NO_COMMON_BLOCKS = YES;
				GCC_WARN_64_TO_32_BIT_CONVERSION = YES;
				GCC_WARN_ABOUT_RETURN_TYPE = YES_ERROR;
				GCC_WARN_UNDECLARED_SELECTOR = YES;
				GCC_WARN_UNINITIALIZED_AUTOS = YES_AGGRESSIVE;
				GCC_WARN_UNUSED_FUNCTION = YES;
				GCC_WARN_UNUSED_VARIABLE = YES;
				IPHONEOS_DEPLOYMENT_TARGET = 13.2;
				MTL_ENABLE_DEBUG_INFO = NO;
				MTL_FAST_MATH = YES;
				SDKROOT = iphoneos;
				SWIFT_COMPILATION_MODE = wholemodule;
				SWIFT_OPTIMIZATION_LEVEL = "-O";
				VALIDATE_PRODUCT = YES;
			};
			name = Release;
		};
		44F440BA24259F5C0061F596 /* Debug */ = {
			isa = XCBuildConfiguration;
			buildSettings = {
				ASSETCATALOG_COMPILER_APPICON_NAME = AppIcon;
				CODE_SIGN_STYLE = Automatic;
				INFOPLIST_FILE = "Sprint-Pokemon/Info.plist";
				LD_RUNPATH_SEARCH_PATHS = (
					"$(inherited)",
					"@executable_path/Frameworks",
				);
				PRODUCT_BUNDLE_IDENTIFIER = "Breena-Greek.Sprint-Pokemon";
				PRODUCT_NAME = "$(TARGET_NAME)";
				SWIFT_VERSION = 5.0;
				TARGETED_DEVICE_FAMILY = "1,2";
			};
			name = Debug;
		};
		44F440BB24259F5C0061F596 /* Release */ = {
			isa = XCBuildConfiguration;
			buildSettings = {
				ASSETCATALOG_COMPILER_APPICON_NAME = AppIcon;
				CODE_SIGN_STYLE = Automatic;
				INFOPLIST_FILE = "Sprint-Pokemon/Info.plist";
				LD_RUNPATH_SEARCH_PATHS = (
					"$(inherited)",
					"@executable_path/Frameworks",
				);
				PRODUCT_BUNDLE_IDENTIFIER = "Breena-Greek.Sprint-Pokemon";
				PRODUCT_NAME = "$(TARGET_NAME)";
				SWIFT_VERSION = 5.0;
				TARGETED_DEVICE_FAMILY = "1,2";
			};
			name = Release;
		};
/* End XCBuildConfiguration section */

/* Begin XCConfigurationList section */
		44F440A024259F5B0061F596 /* Build configuration list for PBXProject "Sprint-Pokemon" */ = {
			isa = XCConfigurationList;
			buildConfigurations = (
				44F440B724259F5C0061F596 /* Debug */,
				44F440B824259F5C0061F596 /* Release */,
			);
			defaultConfigurationIsVisible = 0;
			defaultConfigurationName = Release;
		};
		44F440B924259F5C0061F596 /* Build configuration list for PBXNativeTarget "Sprint-Pokemon" */ = {
			isa = XCConfigurationList;
			buildConfigurations = (
				44F440BA24259F5C0061F596 /* Debug */,
				44F440BB24259F5C0061F596 /* Release */,
			);
			defaultConfigurationIsVisible = 0;
			defaultConfigurationName = Release;
		};
/* End XCConfigurationList section */
	};
	rootObject = 44F4409D24259F5B0061F596 /* Project object */;
}
