// !$*UTF8*$!
{
	archiveVersion = 1;
	classes = {
	};
	objectVersion = 50;
	objects = {

/* Begin PBXBuildFile section */
		80698D2D258947B5004D7214 /* CardView.swift in Sources */ = {isa = PBXBuildFile; fileRef = 80698D2C258947B5004D7214 /* CardView.swift */; };
		8089748D2347DE060094C20F /* AppDelegate.swift in Sources */ = {isa = PBXBuildFile; fileRef = 8089748C2347DE060094C20F /* AppDelegate.swift */; };
		8089748F2347DE060094C20F /* SearchViewController.swift in Sources */ = {isa = PBXBuildFile; fileRef = 8089748E2347DE060094C20F /* SearchViewController.swift */; };
		808974922347DE060094C20F /* Main.storyboard in Resources */ = {isa = PBXBuildFile; fileRef = 808974902347DE060094C20F /* Main.storyboard */; };
		808974942347DE090094C20F /* Assets.xcassets in Resources */ = {isa = PBXBuildFile; fileRef = 808974932347DE090094C20F /* Assets.xcassets */; };
		808974972347DE090094C20F /* LaunchScreen.storyboard in Resources */ = {isa = PBXBuildFile; fileRef = 808974952347DE090094C20F /* LaunchScreen.storyboard */; };
		808974A02347DE260094C20F /* DetailViewController.swift in Sources */ = {isa = PBXBuildFile; fileRef = 8089749F2347DE260094C20F /* DetailViewController.swift */; };
		808974A22347DE470094C20F /* PokemonTableViewController.swift in Sources */ = {isa = PBXBuildFile; fileRef = 808974A12347DE470094C20F /* PokemonTableViewController.swift */; };
		808974A42347DE530094C20F /* Pokemon.swift in Sources */ = {isa = PBXBuildFile; fileRef = 808974A32347DE520094C20F /* Pokemon.swift */; };
		808974A72347DE620094C20F /* PokemonController.swift in Sources */ = {isa = PBXBuildFile; fileRef = 808974A62347DE620094C20F /* PokemonController.swift */; };
/* End PBXBuildFile section */

/* Begin PBXFileReference section */
		80698D2C258947B5004D7214 /* CardView.swift */ = {isa = PBXFileReference; lastKnownFileType = sourcecode.swift; path = CardView.swift; sourceTree = "<group>"; };
		808974892347DE060094C20F /* Jesse's Pokedex.app */ = {isa = PBXFileReference; explicitFileType = wrapper.application; includeInIndex = 0; path = "Jesse's Pokedex.app"; sourceTree = BUILT_PRODUCTS_DIR; };
		8089748C2347DE060094C20F /* AppDelegate.swift */ = {isa = PBXFileReference; lastKnownFileType = sourcecode.swift; path = AppDelegate.swift; sourceTree = "<group>"; };
		8089748E2347DE060094C20F /* SearchViewController.swift */ = {isa = PBXFileReference; lastKnownFileType = sourcecode.swift; path = SearchViewController.swift; sourceTree = "<group>"; };
		808974912347DE060094C20F /* Base */ = {isa = PBXFileReference; lastKnownFileType = file.storyboard; name = Base; path = Base.lproj/Main.storyboard; sourceTree = "<group>"; };
		808974932347DE090094C20F /* Assets.xcassets */ = {isa = PBXFileReference; lastKnownFileType = folder.assetcatalog; path = Assets.xcassets; sourceTree = "<group>"; };
		808974962347DE090094C20F /* Base */ = {isa = PBXFileReference; lastKnownFileType = file.storyboard; name = Base; path = Base.lproj/LaunchScreen.storyboard; sourceTree = "<group>"; };
		808974982347DE090094C20F /* Info.plist */ = {isa = PBXFileReference; lastKnownFileType = text.plist.xml; path = Info.plist; sourceTree = "<group>"; };
		8089749F2347DE260094C20F /* DetailViewController.swift */ = {isa = PBXFileReference; lastKnownFileType = sourcecode.swift; path = DetailViewController.swift; sourceTree = "<group>"; };
		808974A12347DE470094C20F /* PokemonTableViewController.swift */ = {isa = PBXFileReference; lastKnownFileType = sourcecode.swift; path = PokemonTableViewController.swift; sourceTree = "<group>"; };
		808974A32347DE520094C20F /* Pokemon.swift */ = {isa = PBXFileReference; lastKnownFileType = sourcecode.swift; path = Pokemon.swift; sourceTree = "<group>"; };
		808974A62347DE620094C20F /* PokemonController.swift */ = {isa = PBXFileReference; lastKnownFileType = sourcecode.swift; path = PokemonController.swift; sourceTree = "<group>"; };
/* End PBXFileReference section */

/* Begin PBXFrameworksBuildPhase section */
		808974862347DE060094C20F /* Frameworks */ = {
			isa = PBXFrameworksBuildPhase;
			buildActionMask = 2147483647;
			files = (
			);
			runOnlyForDeploymentPostprocessing = 0;
		};
/* End PBXFrameworksBuildPhase section */

/* Begin PBXGroup section */
		80698D2B2589478D004D7214 /* Helper */ = {
			isa = PBXGroup;
			children = (
				80698D2C258947B5004D7214 /* CardView.swift */,
			);
			path = Helper;
			sourceTree = "<group>";
		};
		808974802347DE060094C20F = {
			isa = PBXGroup;
			children = (
				8089748B2347DE060094C20F /* Jesse's Pokedex */,
				8089748A2347DE060094C20F /* Products */,
			);
			sourceTree = "<group>";
		};
		8089748A2347DE060094C20F /* Products */ = {
			isa = PBXGroup;
			children = (
				808974892347DE060094C20F /* Jesse's Pokedex.app */,
			);
			name = Products;
			sourceTree = "<group>";
		};
		8089748B2347DE060094C20F /* Jesse's Pokedex */ = {
			isa = PBXGroup;
			children = (
				8089748C2347DE060094C20F /* AppDelegate.swift */,
				808974902347DE060094C20F /* Main.storyboard */,
				808974932347DE090094C20F /* Assets.xcassets */,
				808974952347DE090094C20F /* LaunchScreen.storyboard */,
				808974982347DE090094C20F /* Info.plist */,
				8089749E2347DE190094C20F /* View Controllers */,
				808974A52347DE570094C20F /* Models */,
				808974A82347DE670094C20F /* Model Controllers */,
				80698D2B2589478D004D7214 /* Helper */,
			);
			path = "Jesse's Pokedex";
			sourceTree = "<group>";
		};
		8089749E2347DE190094C20F /* View Controllers */ = {
			isa = PBXGroup;
			children = (
				8089748E2347DE060094C20F /* SearchViewController.swift */,
				8089749F2347DE260094C20F /* DetailViewController.swift */,
				808974A12347DE470094C20F /* PokemonTableViewController.swift */,
			);
			path = "View Controllers";
			sourceTree = "<group>";
		};
		808974A52347DE570094C20F /* Models */ = {
			isa = PBXGroup;
			children = (
				808974A32347DE520094C20F /* Pokemon.swift */,
			);
			path = Models;
			sourceTree = "<group>";
		};
		808974A82347DE670094C20F /* Model Controllers */ = {
			isa = PBXGroup;
			children = (
				808974A62347DE620094C20F /* PokemonController.swift */,
			);
			path = "Model Controllers";
			sourceTree = "<group>";
		};
/* End PBXGroup section */

/* Begin PBXNativeTarget section */
		808974882347DE060094C20F /* Jesse's Pokedex */ = {
			isa = PBXNativeTarget;
			buildConfigurationList = 8089749B2347DE090094C20F /* Build configuration list for PBXNativeTarget "Jesse's Pokedex" */;
			buildPhases = (
				808974852347DE060094C20F /* Sources */,
				808974862347DE060094C20F /* Frameworks */,
				808974872347DE060094C20F /* Resources */,
			);
			buildRules = (
			);
			dependencies = (
			);
			name = "Jesse's Pokedex";
			productName = "Jesse's Pokedex";
			productReference = 808974892347DE060094C20F /* Jesse's Pokedex.app */;
			productType = "com.apple.product-type.application";
		};
/* End PBXNativeTarget section */

/* Begin PBXProject section */
		808974812347DE060094C20F /* Project object */ = {
			isa = PBXProject;
			attributes = {
				LastSwiftUpdateCheck = 1030;
				LastUpgradeCheck = 1200;
				ORGANIZATIONNAME = "Lambda School";
				TargetAttributes = {
					808974882347DE060094C20F = {
						CreatedOnToolsVersion = 10.3;
					};
				};
			};
			buildConfigurationList = 808974842347DE060094C20F /* Build configuration list for PBXProject "Jesse's Pokedex" */;
			compatibilityVersion = "Xcode 9.3";
			developmentRegion = en;
			hasScannedForEncodings = 0;
			knownRegions = (
				en,
				Base,
			);
			mainGroup = 808974802347DE060094C20F;
			productRefGroup = 8089748A2347DE060094C20F /* Products */;
			projectDirPath = "";
			projectRoot = "";
			targets = (
				808974882347DE060094C20F /* Jesse's Pokedex */,
			);
		};
/* End PBXProject section */

/* Begin PBXResourcesBuildPhase section */
		808974872347DE060094C20F /* Resources */ = {
			isa = PBXResourcesBuildPhase;
			buildActionMask = 2147483647;
			files = (
				808974972347DE090094C20F /* LaunchScreen.storyboard in Resources */,
				808974942347DE090094C20F /* Assets.xcassets in Resources */,
				808974922347DE060094C20F /* Main.storyboard in Resources */,
			);
			runOnlyForDeploymentPostprocessing = 0;
		};
/* End PBXResourcesBuildPhase section */

/* Begin PBXSourcesBuildPhase section */
		808974852347DE060094C20F /* Sources */ = {
			isa = PBXSourcesBuildPhase;
			buildActionMask = 2147483647;
			files = (
				80698D2D258947B5004D7214 /* CardView.swift in Sources */,
				808974A42347DE530094C20F /* Pokemon.swift in Sources */,
				808974A02347DE260094C20F /* DetailViewController.swift in Sources */,
				8089748F2347DE060094C20F /* SearchViewController.swift in Sources */,
				808974A22347DE470094C20F /* PokemonTableViewController.swift in Sources */,
				8089748D2347DE060094C20F /* AppDelegate.swift in Sources */,
				808974A72347DE620094C20F /* PokemonController.swift in Sources */,
			);
			runOnlyForDeploymentPostprocessing = 0;
		};
/* End PBXSourcesBuildPhase section */

/* Begin PBXVariantGroup section */
		808974902347DE060094C20F /* Main.storyboard */ = {
			isa = PBXVariantGroup;
			children = (
				808974912347DE060094C20F /* Base */,
			);
			name = Main.storyboard;
			sourceTree = "<group>";
		};
		808974952347DE090094C20F /* LaunchScreen.storyboard */ = {
			isa = PBXVariantGroup;
			children = (
				808974962347DE090094C20F /* Base */,
			);
			name = LaunchScreen.storyboard;
			sourceTree = "<group>";
		};
/* End PBXVariantGroup section */

/* Begin XCBuildConfiguration section */
		808974992347DE090094C20F /* Debug */ = {
			isa = XCBuildConfiguration;
			buildSettings = {
				ALWAYS_SEARCH_USER_PATHS = NO;
				CLANG_ANALYZER_NONNULL = YES;
				CLANG_ANALYZER_NUMBER_OBJECT_CONVERSION = YES_AGGRESSIVE;
				CLANG_CXX_LANGUAGE_STANDARD = "gnu++14";
				CLANG_CXX_LIBRARY = "libc++";
				CLANG_ENABLE_MODULES = YES;
				CLANG_ENABLE_OBJC_ARC = YES;
				CLANG_ENABLE_OBJC_WEAK = YES;
				CLANG_WARN_BLOCK_CAPTURE_AUTORELEASING = YES;
				CLANG_WARN_BOOL_CONVERSION = YES;
				CLANG_WARN_COMMA = YES;
				CLANG_WARN_CONSTANT_CONVERSION = YES;
				CLANG_WARN_DEPRECATED_OBJC_IMPLEMENTATIONS = YES;
				CLANG_WARN_DIRECT_OBJC_ISA_USAGE = YES_ERROR;
				CLANG_WARN_DOCUMENTATION_COMMENTS = YES;
				CLANG_WARN_EMPTY_BODY = YES;
				CLANG_WARN_ENUM_CONVERSION = YES;
				CLANG_WARN_INFINITE_RECURSION = YES;
				CLANG_WARN_INT_CONVERSION = YES;
				CLANG_WARN_NON_LITERAL_NULL_CONVERSION = YES;
				CLANG_WARN_OBJC_IMPLICIT_RETAIN_SELF = YES;
				CLANG_WARN_OBJC_LITERAL_CONVERSION = YES;
				CLANG_WARN_OBJC_ROOT_CLASS = YES_ERROR;
				CLANG_WARN_QUOTED_INCLUDE_IN_FRAMEWORK_HEADER = YES;
				CLANG_WARN_RANGE_LOOP_ANALYSIS = YES;
				CLANG_WARN_STRICT_PROTOTYPES = YES;
				CLANG_WARN_SUSPICIOUS_MOVE = YES;
				CLANG_WARN_UNGUARDED_AVAILABILITY = YES_AGGRESSIVE;
				CLANG_WARN_UNREACHABLE_CODE = YES;
				CLANG_WARN__DUPLICATE_METHOD_MATCH = YES;
				CODE_SIGN_IDENTITY = "iPhone Developer";
				COPY_PHASE_STRIP = NO;
				DEBUG_INFORMATION_FORMAT = dwarf;
				ENABLE_STRICT_OBJC_MSGSEND = YES;
				ENABLE_TESTABILITY = YES;
				GCC_C_LANGUAGE_STANDARD = gnu11;
				GCC_DYNAMIC_NO_PIC = NO;
				GCC_NO_COMMON_BLOCKS = YES;
				GCC_OPTIMIZATION_LEVEL = 0;
				GCC_PREPROCESSOR_DEFINITIONS = (
					"DEBUG=1",
					"$(inherited)",
				);
				GCC_WARN_64_TO_32_BIT_CONVERSION = YES;
				GCC_WARN_ABOUT_RETURN_TYPE = YES_ERROR;
				GCC_WARN_UNDECLARED_SELECTOR = YES;
				GCC_WARN_UNINITIALIZED_AUTOS = YES_AGGRESSIVE;
				GCC_WARN_UNUSED_FUNCTION = YES;
				GCC_WARN_UNUSED_VARIABLE = YES;
				IPHONEOS_DEPLOYMENT_TARGET = 12.4;
				MTL_ENABLE_DEBUG_INFO = INCLUDE_SOURCE;
				MTL_FAST_MATH = YES;
				ONLY_ACTIVE_ARCH = YES;
				SDKROOT = iphoneos;
				SWIFT_ACTIVE_COMPILATION_CONDITIONS = DEBUG;
				SWIFT_OPTIMIZATION_LEVEL = "-Onone";
			};
			name = Debug;
		};
		8089749A2347DE090094C20F /* Release */ = {
			isa = XCBuildConfiguration;
			buildSettings = {
				ALWAYS_SEARCH_USER_PATHS = NO;
				CLANG_ANALYZER_NONNULL = YES;
				CLANG_ANALYZER_NUMBER_OBJECT_CONVERSION = YES_AGGRESSIVE;
				CLANG_CXX_LANGUAGE_STANDARD = "gnu++14";
				CLANG_CXX_LIBRARY = "libc++";
				CLANG_ENABLE_MODULES = YES;
				CLANG_ENABLE_OBJC_ARC = YES;
				CLANG_ENABLE_OBJC_WEAK = YES;
				CLANG_WARN_BLOCK_CAPTURE_AUTORELEASING = YES;
				CLANG_WARN_BOOL_CONVERSION = YES;
				CLANG_WARN_COMMA = YES;
				CLANG_WARN_CONSTANT_CONVERSION = YES;
				CLANG_WARN_DEPRECATED_OBJC_IMPLEMENTATIONS = YES;
				CLANG_WARN_DIRECT_OBJC_ISA_USAGE = YES_ERROR;
				CLANG_WARN_DOCUMENTATION_COMMENTS = YES;
				CLANG_WARN_EMPTY_BODY = YES;
				CLANG_WARN_ENUM_CONVERSION = YES;
				CLANG_WARN_INFINITE_RECURSION = YES;
				CLANG_WARN_INT_CONVERSION = YES;
				CLANG_WARN_NON_LITERAL_NULL_CONVERSION = YES;
				CLANG_WARN_OBJC_IMPLICIT_RETAIN_SELF = YES;
				CLANG_WARN_OBJC_LITERAL_CONVERSION = YES;
				CLANG_WARN_OBJC_ROOT_CLASS = YES_ERROR;
				CLANG_WARN_QUOTED_INCLUDE_IN_FRAMEWORK_HEADER = YES;
				CLANG_WARN_RANGE_LOOP_ANALYSIS = YES;
				CLANG_WARN_STRICT_PROTOTYPES = YES;
				CLANG_WARN_SUSPICIOUS_MOVE = YES;
				CLANG_WARN_UNGUARDED_AVAILABILITY = YES_AGGRESSIVE;
				CLANG_WARN_UNREACHABLE_CODE = YES;
				CLANG_WARN__DUPLICATE_METHOD_MATCH = YES;
				CODE_SIGN_IDENTITY = "iPhone Developer";
				COPY_PHASE_STRIP = NO;
				DEBUG_INFORMATION_FORMAT = "dwarf-with-dsym";
				ENABLE_NS_ASSERTIONS = NO;
				ENABLE_STRICT_OBJC_MSGSEND = YES;
				GCC_C_LANGUAGE_STANDARD = gnu11;
				GCC_NO_COMMON_BLOCKS = YES;
				GCC_WARN_64_TO_32_BIT_CONVERSION = YES;
				GCC_WARN_ABOUT_RETURN_TYPE = YES_ERROR;
				GCC_WARN_UNDECLARED_SELECTOR = YES;
				GCC_WARN_UNINITIALIZED_AUTOS = YES_AGGRESSIVE;
				GCC_WARN_UNUSED_FUNCTION = YES;
				GCC_WARN_UNUSED_VARIABLE = YES;
				IPHONEOS_DEPLOYMENT_TARGET = 12.4;
				MTL_ENABLE_DEBUG_INFO = NO;
				MTL_FAST_MATH = YES;
				SDKROOT = iphoneos;
				SWIFT_COMPILATION_MODE = wholemodule;
				SWIFT_OPTIMIZATION_LEVEL = "-O";
				VALIDATE_PRODUCT = YES;
			};
			name = Release;
		};
		8089749C2347DE090094C20F /* Debug */ = {
			isa = XCBuildConfiguration;
			buildSettings = {
				ASSETCATALOG_COMPILER_APPICON_NAME = AppIcon;
				CODE_SIGN_STYLE = Automatic;
				INFOPLIST_FILE = "Jesse's Pokedex/Info.plist";
				LD_RUNPATH_SEARCH_PATHS = (
					"$(inherited)",
					"@executable_path/Frameworks",
				);
				PRODUCT_BUNDLE_IDENTIFIER = "com.lambdaschool.Jesse-s-Pokedex";
				PRODUCT_NAME = "$(TARGET_NAME)";
				SWIFT_VERSION = 5.0;
				TARGETED_DEVICE_FAMILY = "1,2";
			};
			name = Debug;
		};
		8089749D2347DE090094C20F /* Release */ = {
			isa = XCBuildConfiguration;
			buildSettings = {
				ASSETCATALOG_COMPILER_APPICON_NAME = AppIcon;
				CODE_SIGN_STYLE = Automatic;
				INFOPLIST_FILE = "Jesse's Pokedex/Info.plist";
				LD_RUNPATH_SEARCH_PATHS = (
					"$(inherited)",
					"@executable_path/Frameworks",
				);
				PRODUCT_BUNDLE_IDENTIFIER = "com.lambdaschool.Jesse-s-Pokedex";
				PRODUCT_NAME = "$(TARGET_NAME)";
				SWIFT_VERSION = 5.0;
				TARGETED_DEVICE_FAMILY = "1,2";
			};
			name = Release;
		};
/* End XCBuildConfiguration section */

/* Begin XCConfigurationList section */
		808974842347DE060094C20F /* Build configuration list for PBXProject "Jesse's Pokedex" */ = {
			isa = XCConfigurationList;
			buildConfigurations = (
				808974992347DE090094C20F /* Debug */,
				8089749A2347DE090094C20F /* Release */,
			);
			defaultConfigurationIsVisible = 0;
			defaultConfigurationName = Release;
		};
		8089749B2347DE090094C20F /* Build configuration list for PBXNativeTarget "Jesse's Pokedex" */ = {
			isa = XCConfigurationList;
			buildConfigurations = (
				8089749C2347DE090094C20F /* Debug */,
				8089749D2347DE090094C20F /* Release */,
			);
			defaultConfigurationIsVisible = 0;
			defaultConfigurationName = Release;
		};
/* End XCConfigurationList section */
	};
	rootObject = 808974812347DE060094C20F /* Project object */;
}
