// !$*UTF8*$!
{
	archiveVersion = 1;
	classes = {
	};
	objectVersion = 50;
	objects = {

/* Begin PBXBuildFile section */
		4228E09323DE7FBE000F3508 /* PokedexTableViewController.swift in Sources */ = {isa = PBXBuildFile; fileRef = 4228E09223DE7FBE000F3508 /* PokedexTableViewController.swift */; };
		4228E09523DE7FD5000F3508 /* PokedexDetailViewController.swift in Sources */ = {isa = PBXBuildFile; fileRef = 4228E09423DE7FD5000F3508 /* PokedexDetailViewController.swift */; };
		4228E09723DE7FFC000F3508 /* PokedexController.swift in Sources */ = {isa = PBXBuildFile; fileRef = 4228E09623DE7FFC000F3508 /* PokedexController.swift */; };
		4228E09923DE800F000F3508 /* Pokemon.swift in Sources */ = {isa = PBXBuildFile; fileRef = 4228E09823DE800F000F3508 /* Pokemon.swift */; };
		42E2268423DE7C750020ECCA /* AppDelegate.swift in Sources */ = {isa = PBXBuildFile; fileRef = 42E2268323DE7C750020ECCA /* AppDelegate.swift */; };
		42E2268623DE7C750020ECCA /* SceneDelegate.swift in Sources */ = {isa = PBXBuildFile; fileRef = 42E2268523DE7C750020ECCA /* SceneDelegate.swift */; };
		42E2268B23DE7C760020ECCA /* Main.storyboard in Resources */ = {isa = PBXBuildFile; fileRef = 42E2268923DE7C760020ECCA /* Main.storyboard */; };
		42E2268D23DE7C7A0020ECCA /* Assets.xcassets in Resources */ = {isa = PBXBuildFile; fileRef = 42E2268C23DE7C7A0020ECCA /* Assets.xcassets */; };
		42E2269023DE7C7A0020ECCA /* LaunchScreen.storyboard in Resources */ = {isa = PBXBuildFile; fileRef = 42E2268E23DE7C7A0020ECCA /* LaunchScreen.storyboard */; };
/* End PBXBuildFile section */

/* Begin PBXFileReference section */
		4228E09223DE7FBE000F3508 /* PokedexTableViewController.swift */ = {isa = PBXFileReference; lastKnownFileType = sourcecode.swift; path = PokedexTableViewController.swift; sourceTree = "<group>"; };
		4228E09423DE7FD5000F3508 /* PokedexDetailViewController.swift */ = {isa = PBXFileReference; lastKnownFileType = sourcecode.swift; path = PokedexDetailViewController.swift; sourceTree = "<group>"; };
		4228E09623DE7FFC000F3508 /* PokedexController.swift */ = {isa = PBXFileReference; lastKnownFileType = sourcecode.swift; path = PokedexController.swift; sourceTree = "<group>"; };
		4228E09823DE800F000F3508 /* Pokemon.swift */ = {isa = PBXFileReference; lastKnownFileType = sourcecode.swift; path = Pokemon.swift; sourceTree = "<group>"; };
		42E2268023DE7C750020ECCA /* Pokedex.app */ = {isa = PBXFileReference; explicitFileType = wrapper.application; includeInIndex = 0; path = Pokedex.app; sourceTree = BUILT_PRODUCTS_DIR; };
		42E2268323DE7C750020ECCA /* AppDelegate.swift */ = {isa = PBXFileReference; lastKnownFileType = sourcecode.swift; path = AppDelegate.swift; sourceTree = "<group>"; };
		42E2268523DE7C750020ECCA /* SceneDelegate.swift */ = {isa = PBXFileReference; lastKnownFileType = sourcecode.swift; path = SceneDelegate.swift; sourceTree = "<group>"; };
		42E2268A23DE7C760020ECCA /* Base */ = {isa = PBXFileReference; lastKnownFileType = file.storyboard; name = Base; path = Base.lproj/Main.storyboard; sourceTree = "<group>"; };
		42E2268C23DE7C7A0020ECCA /* Assets.xcassets */ = {isa = PBXFileReference; lastKnownFileType = folder.assetcatalog; path = Assets.xcassets; sourceTree = "<group>"; };
		42E2268F23DE7C7A0020ECCA /* Base */ = {isa = PBXFileReference; lastKnownFileType = file.storyboard; name = Base; path = Base.lproj/LaunchScreen.storyboard; sourceTree = "<group>"; };
		42E2269123DE7C7A0020ECCA /* Info.plist */ = {isa = PBXFileReference; lastKnownFileType = text.plist.xml; path = Info.plist; sourceTree = "<group>"; };
/* End PBXFileReference section */

/* Begin PBXFrameworksBuildPhase section */
		42E2267D23DE7C750020ECCA /* Frameworks */ = {
			isa = PBXFrameworksBuildPhase;
			buildActionMask = 2147483647;
			files = (
			);
			runOnlyForDeploymentPostprocessing = 0;
		};
/* End PBXFrameworksBuildPhase section */

/* Begin PBXGroup section */
		42E2267723DE7C750020ECCA = {
			isa = PBXGroup;
			children = (
				42E2268223DE7C750020ECCA /* Pokedex */,
				42E2268123DE7C750020ECCA /* Products */,
			);
			sourceTree = "<group>";
		};
		42E2268123DE7C750020ECCA /* Products */ = {
			isa = PBXGroup;
			children = (
				42E2268023DE7C750020ECCA /* Pokedex.app */,
			);
			name = Products;
			sourceTree = "<group>";
		};
		42E2268223DE7C750020ECCA /* Pokedex */ = {
			isa = PBXGroup;
			children = (
				42E2269B23DE7D090020ECCA /* Resources */,
				42E2269A23DE7D030020ECCA /* Storyboards */,
				42E2269923DE7CFE0020ECCA /* Models */,
				42E2269823DE7CEF0020ECCA /* Model Controllers */,
				42E2269723DE7CE40020ECCA /* View Controllers */,
				42E2269123DE7C7A0020ECCA /* Info.plist */,
			);
			path = Pokedex;
			sourceTree = "<group>";
		};
		42E2269723DE7CE40020ECCA /* View Controllers */ = {
			isa = PBXGroup;
			children = (
				4228E09223DE7FBE000F3508 /* PokedexTableViewController.swift */,
				4228E09423DE7FD5000F3508 /* PokedexDetailViewController.swift */,
			);
			path = "View Controllers";
			sourceTree = "<group>";
		};
		42E2269823DE7CEF0020ECCA /* Model Controllers */ = {
			isa = PBXGroup;
			children = (
				4228E09623DE7FFC000F3508 /* PokedexController.swift */,
			);
			path = "Model Controllers";
			sourceTree = "<group>";
		};
		42E2269923DE7CFE0020ECCA /* Models */ = {
			isa = PBXGroup;
			children = (
				4228E09823DE800F000F3508 /* Pokemon.swift */,
			);
			path = Models;
			sourceTree = "<group>";
		};
		42E2269A23DE7D030020ECCA /* Storyboards */ = {
			isa = PBXGroup;
			children = (
				42E2268923DE7C760020ECCA /* Main.storyboard */,
				42E2268E23DE7C7A0020ECCA /* LaunchScreen.storyboard */,
			);
			path = Storyboards;
			sourceTree = "<group>";
		};
		42E2269B23DE7D090020ECCA /* Resources */ = {
			isa = PBXGroup;
			children = (
				42E2268C23DE7C7A0020ECCA /* Assets.xcassets */,
				42E2268323DE7C750020ECCA /* AppDelegate.swift */,
				42E2268523DE7C750020ECCA /* SceneDelegate.swift */,
			);
			path = Resources;
			sourceTree = "<group>";
		};
/* End PBXGroup section */

/* Begin PBXNativeTarget section */
		42E2267F23DE7C750020ECCA /* Pokedex */ = {
			isa = PBXNativeTarget;
			buildConfigurationList = 42E2269423DE7C7A0020ECCA /* Build configuration list for PBXNativeTarget "Pokedex" */;
			buildPhases = (
				42E2267C23DE7C750020ECCA /* Sources */,
				42E2267D23DE7C750020ECCA /* Frameworks */,
				42E2267E23DE7C750020ECCA /* Resources */,
			);
			buildRules = (
			);
			dependencies = (
			);
			name = Pokedex;
			productName = Pokedex;
			productReference = 42E2268023DE7C750020ECCA /* Pokedex.app */;
			productType = "com.apple.product-type.application";
		};
/* End PBXNativeTarget section */

/* Begin PBXProject section */
		42E2267823DE7C750020ECCA /* Project object */ = {
			isa = PBXProject;
			attributes = {
				LastSwiftUpdateCheck = 1130;
				LastUpgradeCheck = 1130;
				ORGANIZATIONNAME = "Josh Rutkowski";
				TargetAttributes = {
					42E2267F23DE7C750020ECCA = {
						CreatedOnToolsVersion = 11.3.1;
					};
				};
			};
			buildConfigurationList = 42E2267B23DE7C750020ECCA /* Build configuration list for PBXProject "Pokedex" */;
			compatibilityVersion = "Xcode 9.3";
			developmentRegion = en;
			hasScannedForEncodings = 0;
			knownRegions = (
				en,
				Base,
			);
			mainGroup = 42E2267723DE7C750020ECCA;
			productRefGroup = 42E2268123DE7C750020ECCA /* Products */;
			projectDirPath = "";
			projectRoot = "";
			targets = (
				42E2267F23DE7C750020ECCA /* Pokedex */,
			);
		};
/* End PBXProject section */

/* Begin PBXResourcesBuildPhase section */
		42E2267E23DE7C750020ECCA /* Resources */ = {
			isa = PBXResourcesBuildPhase;
			buildActionMask = 2147483647;
			files = (
				42E2269023DE7C7A0020ECCA /* LaunchScreen.storyboard in Resources */,
				42E2268D23DE7C7A0020ECCA /* Assets.xcassets in Resources */,
				42E2268B23DE7C760020ECCA /* Main.storyboard in Resources */,
			);
			runOnlyForDeploymentPostprocessing = 0;
		};
/* End PBXResourcesBuildPhase section */

/* Begin PBXSourcesBuildPhase section */
		42E2267C23DE7C750020ECCA /* Sources */ = {
			isa = PBXSourcesBuildPhase;
			buildActionMask = 2147483647;
			files = (
				4228E09323DE7FBE000F3508 /* PokedexTableViewController.swift in Sources */,
				4228E09723DE7FFC000F3508 /* PokedexController.swift in Sources */,
				4228E09523DE7FD5000F3508 /* PokedexDetailViewController.swift in Sources */,
				42E2268423DE7C750020ECCA /* AppDelegate.swift in Sources */,
				42E2268623DE7C750020ECCA /* SceneDelegate.swift in Sources */,
				4228E09923DE800F000F3508 /* Pokemon.swift in Sources */,
			);
			runOnlyForDeploymentPostprocessing = 0;
		};
/* End PBXSourcesBuildPhase section */

/* Begin PBXVariantGroup section */
		42E2268923DE7C760020ECCA /* Main.storyboard */ = {
			isa = PBXVariantGroup;
			children = (
				42E2268A23DE7C760020ECCA /* Base */,
			);
			name = Main.storyboard;
			sourceTree = "<group>";
		};
		42E2268E23DE7C7A0020ECCA /* LaunchScreen.storyboard */ = {
			isa = PBXVariantGroup;
			children = (
				42E2268F23DE7C7A0020ECCA /* Base */,
			);
			name = LaunchScreen.storyboard;
			sourceTree = "<group>";
		};
/* End PBXVariantGroup section */

/* Begin XCBuildConfiguration section */
		42E2269223DE7C7A0020ECCA /* Debug */ = {
			isa = XCBuildConfiguration;
			buildSettings = {
				ALWAYS_SEARCH_USER_PATHS = NO;
				CLANG_ANALYZER_NONNULL = YES;
				CLANG_ANALYZER_NUMBER_OBJECT_CONVERSION = YES_AGGRESSIVE;
				CLANG_CXX_LANGUAGE_STANDARD = "gnu++14";
				CLANG_CXX_LIBRARY = "libc++";
				CLANG_ENABLE_MODULES = YES;
				CLANG_ENABLE_OBJC_ARC = YES;
				CLANG_ENABLE_OBJC_WEAK = YES;
				CLANG_WARN_BLOCK_CAPTURE_AUTORELEASING = YES;
				CLANG_WARN_BOOL_CONVERSION = YES;
				CLANG_WARN_COMMA = YES;
				CLANG_WARN_CONSTANT_CONVERSION = YES;
				CLANG_WARN_DEPRECATED_OBJC_IMPLEMENTATIONS = YES;
				CLANG_WARN_DIRECT_OBJC_ISA_USAGE = YES_ERROR;
				CLANG_WARN_DOCUMENTATION_COMMENTS = YES;
				CLANG_WARN_EMPTY_BODY = YES;
				CLANG_WARN_ENUM_CONVERSION = YES;
				CLANG_WARN_INFINITE_RECURSION = YES;
				CLANG_WARN_INT_CONVERSION = YES;
				CLANG_WARN_NON_LITERAL_NULL_CONVERSION = YES;
				CLANG_WARN_OBJC_IMPLICIT_RETAIN_SELF = YES;
				CLANG_WARN_OBJC_LITERAL_CONVERSION = YES;
				CLANG_WARN_OBJC_ROOT_CLASS = YES_ERROR;
				CLANG_WARN_RANGE_LOOP_ANALYSIS = YES;
				CLANG_WARN_STRICT_PROTOTYPES = YES;
				CLANG_WARN_SUSPICIOUS_MOVE = YES;
				CLANG_WARN_UNGUARDED_AVAILABILITY = YES_AGGRESSIVE;
				CLANG_WARN_UNREACHABLE_CODE = YES;
				CLANG_WARN__DUPLICATE_METHOD_MATCH = YES;
				COPY_PHASE_STRIP = NO;
				DEBUG_INFORMATION_FORMAT = dwarf;
				ENABLE_STRICT_OBJC_MSGSEND = YES;
				ENABLE_TESTABILITY = YES;
				GCC_C_LANGUAGE_STANDARD = gnu11;
				GCC_DYNAMIC_NO_PIC = NO;
				GCC_NO_COMMON_BLOCKS = YES;
				GCC_OPTIMIZATION_LEVEL = 0;
				GCC_PREPROCESSOR_DEFINITIONS = (
					"DEBUG=1",
					"$(inherited)",
				);
				GCC_WARN_64_TO_32_BIT_CONVERSION = YES;
				GCC_WARN_ABOUT_RETURN_TYPE = YES_ERROR;
				GCC_WARN_UNDECLARED_SELECTOR = YES;
				GCC_WARN_UNINITIALIZED_AUTOS = YES_AGGRESSIVE;
				GCC_WARN_UNUSED_FUNCTION = YES;
				GCC_WARN_UNUSED_VARIABLE = YES;
				IPHONEOS_DEPLOYMENT_TARGET = 13.2;
				MTL_ENABLE_DEBUG_INFO = INCLUDE_SOURCE;
				MTL_FAST_MATH = YES;
				ONLY_ACTIVE_ARCH = YES;
				SDKROOT = iphoneos;
				SWIFT_ACTIVE_COMPILATION_CONDITIONS = DEBUG;
				SWIFT_OPTIMIZATION_LEVEL = "-Onone";
			};
			name = Debug;
		};
		42E2269323DE7C7A0020ECCA /* Release */ = {
			isa = XCBuildConfiguration;
			buildSettings = {
				ALWAYS_SEARCH_USER_PATHS = NO;
				CLANG_ANALYZER_NONNULL = YES;
				CLANG_ANALYZER_NUMBER_OBJECT_CONVERSION = YES_AGGRESSIVE;
				CLANG_CXX_LANGUAGE_STANDARD = "gnu++14";
				CLANG_CXX_LIBRARY = "libc++";
				CLANG_ENABLE_MODULES = YES;
				CLANG_ENABLE_OBJC_ARC = YES;
				CLANG_ENABLE_OBJC_WEAK = YES;
				CLANG_WARN_BLOCK_CAPTURE_AUTORELEASING = YES;
				CLANG_WARN_BOOL_CONVERSION = YES;
				CLANG_WARN_COMMA = YES;
				CLANG_WARN_CONSTANT_CONVERSION = YES;
				CLANG_WARN_DEPRECATED_OBJC_IMPLEMENTATIONS = YES;
				CLANG_WARN_DIRECT_OBJC_ISA_USAGE = YES_ERROR;
				CLANG_WARN_DOCUMENTATION_COMMENTS = YES;
				CLANG_WARN_EMPTY_BODY = YES;
				CLANG_WARN_ENUM_CONVERSION = YES;
				CLANG_WARN_INFINITE_RECURSION = YES;
				CLANG_WARN_INT_CONVERSION = YES;
				CLANG_WARN_NON_LITERAL_NULL_CONVERSION = YES;
				CLANG_WARN_OBJC_IMPLICIT_RETAIN_SELF = YES;
				CLANG_WARN_OBJC_LITERAL_CONVERSION = YES;
				CLANG_WARN_OBJC_ROOT_CLASS = YES_ERROR;
				CLANG_WARN_RANGE_LOOP_ANALYSIS = YES;
				CLANG_WARN_STRICT_PROTOTYPES = YES;
				CLANG_WARN_SUSPICIOUS_MOVE = YES;
				CLANG_WARN_UNGUARDED_AVAILABILITY = YES_AGGRESSIVE;
				CLANG_WARN_UNREACHABLE_CODE = YES;
				CLANG_WARN__DUPLICATE_METHOD_MATCH = YES;
				COPY_PHASE_STRIP = NO;
				DEBUG_INFORMATION_FORMAT = "dwarf-with-dsym";
				ENABLE_NS_ASSERTIONS = NO;
				ENABLE_STRICT_OBJC_MSGSEND = YES;
				GCC_C_LANGUAGE_STANDARD = gnu11;
				GCC_NO_COMMON_BLOCKS = YES;
				GCC_WARN_64_TO_32_BIT_CONVERSION = YES;
				GCC_WARN_ABOUT_RETURN_TYPE = YES_ERROR;
				GCC_WARN_UNDECLARED_SELECTOR = YES;
				GCC_WARN_UNINITIALIZED_AUTOS = YES_AGGRESSIVE;
				GCC_WARN_UNUSED_FUNCTION = YES;
				GCC_WARN_UNUSED_VARIABLE = YES;
				IPHONEOS_DEPLOYMENT_TARGET = 13.2;
				MTL_ENABLE_DEBUG_INFO = NO;
				MTL_FAST_MATH = YES;
				SDKROOT = iphoneos;
				SWIFT_COMPILATION_MODE = wholemodule;
				SWIFT_OPTIMIZATION_LEVEL = "-O";
				VALIDATE_PRODUCT = YES;
			};
			name = Release;
		};
		42E2269523DE7C7A0020ECCA /* Debug */ = {
			isa = XCBuildConfiguration;
			buildSettings = {
				ASSETCATALOG_COMPILER_APPICON_NAME = AppIcon;
				CODE_SIGN_STYLE = Automatic;
				DEVELOPMENT_TEAM = VXUQXR6S56;
				INFOPLIST_FILE = Pokedex/Info.plist;
				LD_RUNPATH_SEARCH_PATHS = (
					"$(inherited)",
					"@executable_path/Frameworks",
				);
				PRODUCT_BUNDLE_IDENTIFIER = com.joshrutkowski.Pokedex;
				PRODUCT_NAME = "$(TARGET_NAME)";
				SWIFT_VERSION = 5.0;
				TARGETED_DEVICE_FAMILY = "1,2";
			};
			name = Debug;
		};
		42E2269623DE7C7A0020ECCA /* Release */ = {
			isa = XCBuildConfiguration;
			buildSettings = {
				ASSETCATALOG_COMPILER_APPICON_NAME = AppIcon;
				CODE_SIGN_STYLE = Automatic;
				DEVELOPMENT_TEAM = VXUQXR6S56;
				INFOPLIST_FILE = Pokedex/Info.plist;
				LD_RUNPATH_SEARCH_PATHS = (
					"$(inherited)",
					"@executable_path/Frameworks",
				);
				PRODUCT_BUNDLE_IDENTIFIER = com.joshrutkowski.Pokedex;
				PRODUCT_NAME = "$(TARGET_NAME)";
				SWIFT_VERSION = 5.0;
				TARGETED_DEVICE_FAMILY = "1,2";
			};
			name = Release;
		};
/* End XCBuildConfiguration section */

/* Begin XCConfigurationList section */
		42E2267B23DE7C750020ECCA /* Build configuration list for PBXProject "Pokedex" */ = {
			isa = XCConfigurationList;
			buildConfigurations = (
				42E2269223DE7C7A0020ECCA /* Debug */,
				42E2269323DE7C7A0020ECCA /* Release */,
			);
			defaultConfigurationIsVisible = 0;
			defaultConfigurationName = Release;
		};
		42E2269423DE7C7A0020ECCA /* Build configuration list for PBXNativeTarget "Pokedex" */ = {
			isa = XCConfigurationList;
			buildConfigurations = (
				42E2269523DE7C7A0020ECCA /* Debug */,
				42E2269623DE7C7A0020ECCA /* Release */,
			);
			defaultConfigurationIsVisible = 0;
			defaultConfigurationName = Release;
		};
/* End XCConfigurationList section */
	};
	rootObject = 42E2267823DE7C750020ECCA /* Project object */;
}
