// !$*UTF8*$!
{
	archiveVersion = 1;
	classes = {
	};
	objectVersion = 50;
	objects = {

/* Begin PBXBuildFile section */
		921ABBC9232D497C0042FAFB /* AppDelegate.swift in Sources */ = {isa = PBXBuildFile; fileRef = 921ABBC8232D497C0042FAFB /* AppDelegate.swift */; };
		921ABBCE232D497C0042FAFB /* Main.storyboard in Resources */ = {isa = PBXBuildFile; fileRef = 921ABBCC232D497C0042FAFB /* Main.storyboard */; };
		921ABBD0232D497E0042FAFB /* Assets.xcassets in Resources */ = {isa = PBXBuildFile; fileRef = 921ABBCF232D497E0042FAFB /* Assets.xcassets */; };
		921ABBD3232D497E0042FAFB /* LaunchScreen.storyboard in Resources */ = {isa = PBXBuildFile; fileRef = 921ABBD1232D497E0042FAFB /* LaunchScreen.storyboard */; };
		921ABBDC232D4D6C0042FAFB /* PokemonSearchViewController.swift in Sources */ = {isa = PBXBuildFile; fileRef = 921ABBDB232D4D6C0042FAFB /* PokemonSearchViewController.swift */; };
		921ABBDE232D4E8A0042FAFB /* PokemonTableViewController.swift in Sources */ = {isa = PBXBuildFile; fileRef = 921ABBDD232D4E8A0042FAFB /* PokemonTableViewController.swift */; };
		921ABBE1232D4F9B0042FAFB /* Pokemon.swift in Sources */ = {isa = PBXBuildFile; fileRef = 921ABBE0232D4F9B0042FAFB /* Pokemon.swift */; };
		921ABBE4232D4FE00042FAFB /* PokemonController.swift in Sources */ = {isa = PBXBuildFile; fileRef = 921ABBE3232D4FE00042FAFB /* PokemonController.swift */; };
/* End PBXBuildFile section */

/* Begin PBXFileReference section */
		921ABBC5232D497C0042FAFB /* Pokedex.app */ = {isa = PBXFileReference; explicitFileType = wrapper.application; includeInIndex = 0; path = Pokedex.app; sourceTree = BUILT_PRODUCTS_DIR; };
		921ABBC8232D497C0042FAFB /* AppDelegate.swift */ = {isa = PBXFileReference; lastKnownFileType = sourcecode.swift; path = AppDelegate.swift; sourceTree = "<group>"; };
		921ABBCD232D497C0042FAFB /* Base */ = {isa = PBXFileReference; lastKnownFileType = file.storyboard; name = Base; path = Base.lproj/Main.storyboard; sourceTree = "<group>"; };
		921ABBCF232D497E0042FAFB /* Assets.xcassets */ = {isa = PBXFileReference; lastKnownFileType = folder.assetcatalog; path = Assets.xcassets; sourceTree = "<group>"; };
		921ABBD2232D497E0042FAFB /* Base */ = {isa = PBXFileReference; lastKnownFileType = file.storyboard; name = Base; path = Base.lproj/LaunchScreen.storyboard; sourceTree = "<group>"; };
		921ABBD4232D497E0042FAFB /* Info.plist */ = {isa = PBXFileReference; lastKnownFileType = text.plist.xml; path = Info.plist; sourceTree = "<group>"; };
		921ABBDB232D4D6C0042FAFB /* PokemonSearchViewController.swift */ = {isa = PBXFileReference; lastKnownFileType = sourcecode.swift; path = PokemonSearchViewController.swift; sourceTree = "<group>"; };
		921ABBDD232D4E8A0042FAFB /* PokemonTableViewController.swift */ = {isa = PBXFileReference; lastKnownFileType = sourcecode.swift; path = PokemonTableViewController.swift; sourceTree = "<group>"; };
		921ABBE0232D4F9B0042FAFB /* Pokemon.swift */ = {isa = PBXFileReference; lastKnownFileType = sourcecode.swift; path = Pokemon.swift; sourceTree = "<group>"; };
		921ABBE3232D4FE00042FAFB /* PokemonController.swift */ = {isa = PBXFileReference; lastKnownFileType = sourcecode.swift; path = PokemonController.swift; sourceTree = "<group>"; };
/* End PBXFileReference section */

/* Begin PBXFrameworksBuildPhase section */
		921ABBC2232D497C0042FAFB /* Frameworks */ = {
			isa = PBXFrameworksBuildPhase;
			buildActionMask = 2147483647;
			files = (
			);
			runOnlyForDeploymentPostprocessing = 0;
		};
/* End PBXFrameworksBuildPhase section */

/* Begin PBXGroup section */
		921ABBBC232D497C0042FAFB = {
			isa = PBXGroup;
			children = (
				921ABBC7232D497C0042FAFB /* Pokedex */,
				921ABBC6232D497C0042FAFB /* Products */,
			);
			sourceTree = "<group>";
		};
		921ABBC6232D497C0042FAFB /* Products */ = {
			isa = PBXGroup;
			children = (
				921ABBC5232D497C0042FAFB /* Pokedex.app */,
			);
			name = Products;
			sourceTree = "<group>";
		};
		921ABBC7232D497C0042FAFB /* Pokedex */ = {
			isa = PBXGroup;
			children = (
				921ABBE2232D4FC50042FAFB /* Application */,
				921ABBDF232D4F7E0042FAFB /* Models */,
				921ABBDA232D4D560042FAFB /* Views */,
				921ABBCC232D497C0042FAFB /* Main.storyboard */,
				921ABBCF232D497E0042FAFB /* Assets.xcassets */,
				921ABBD1232D497E0042FAFB /* LaunchScreen.storyboard */,
				921ABBD4232D497E0042FAFB /* Info.plist */,
			);
			path = Pokedex;
			sourceTree = "<group>";
		};
		921ABBDA232D4D560042FAFB /* Views */ = {
			isa = PBXGroup;
			children = (
				921ABBDB232D4D6C0042FAFB /* PokemonSearchViewController.swift */,
				921ABBDD232D4E8A0042FAFB /* PokemonTableViewController.swift */,
			);
			path = Views;
			sourceTree = "<group>";
		};
		921ABBDF232D4F7E0042FAFB /* Models */ = {
			isa = PBXGroup;
			children = (
				921ABBE0232D4F9B0042FAFB /* Pokemon.swift */,
			);
			path = Models;
			sourceTree = "<group>";
		};
		921ABBE2232D4FC50042FAFB /* Application */ = {
			isa = PBXGroup;
			children = (
				921ABBC8232D497C0042FAFB /* AppDelegate.swift */,
				921ABBE3232D4FE00042FAFB /* PokemonController.swift */,
			);
			path = Application;
			sourceTree = "<group>";
		};
/* End PBXGroup section */

/* Begin PBXNativeTarget section */
		921ABBC4232D497C0042FAFB /* Pokedex */ = {
			isa = PBXNativeTarget;
			buildConfigurationList = 921ABBD7232D497E0042FAFB /* Build configuration list for PBXNativeTarget "Pokedex" */;
			buildPhases = (
				921ABBC1232D497C0042FAFB /* Sources */,
				921ABBC2232D497C0042FAFB /* Frameworks */,
				921ABBC3232D497C0042FAFB /* Resources */,
			);
			buildRules = (
			);
			dependencies = (
			);
			name = Pokedex;
			productName = Pokedex;
			productReference = 921ABBC5232D497C0042FAFB /* Pokedex.app */;
			productType = "com.apple.product-type.application";
		};
/* End PBXNativeTarget section */

/* Begin PBXProject section */
		921ABBBD232D497C0042FAFB /* Project object */ = {
			isa = PBXProject;
			attributes = {
				LastSwiftUpdateCheck = 1030;
				LastUpgradeCheck = 1030;
				ORGANIZATIONNAME = "Lambda iOSPT2";
				TargetAttributes = {
					921ABBC4232D497C0042FAFB = {
						CreatedOnToolsVersion = 10.3;
					};
				};
			};
			buildConfigurationList = 921ABBC0232D497C0042FAFB /* Build configuration list for PBXProject "Pokedex" */;
			compatibilityVersion = "Xcode 9.3";
			developmentRegion = en;
			hasScannedForEncodings = 0;
			knownRegions = (
				en,
				Base,
			);
			mainGroup = 921ABBBC232D497C0042FAFB;
			productRefGroup = 921ABBC6232D497C0042FAFB /* Products */;
			projectDirPath = "";
			projectRoot = "";
			targets = (
				921ABBC4232D497C0042FAFB /* Pokedex */,
			);
		};
/* End PBXProject section */

/* Begin PBXResourcesBuildPhase section */
		921ABBC3232D497C0042FAFB /* Resources */ = {
			isa = PBXResourcesBuildPhase;
			buildActionMask = 2147483647;
			files = (
				921ABBD3232D497E0042FAFB /* LaunchScreen.storyboard in Resources */,
				921ABBD0232D497E0042FAFB /* Assets.xcassets in Resources */,
				921ABBCE232D497C0042FAFB /* Main.storyboard in Resources */,
			);
			runOnlyForDeploymentPostprocessing = 0;
		};
/* End PBXResourcesBuildPhase section */

/* Begin PBXSourcesBuildPhase section */
		921ABBC1232D497C0042FAFB /* Sources */ = {
			isa = PBXSourcesBuildPhase;
			buildActionMask = 2147483647;
			files = (
				921ABBDE232D4E8A0042FAFB /* PokemonTableViewController.swift in Sources */,
				921ABBE1232D4F9B0042FAFB /* Pokemon.swift in Sources */,
				921ABBDC232D4D6C0042FAFB /* PokemonSearchViewController.swift in Sources */,
				921ABBC9232D497C0042FAFB /* AppDelegate.swift in Sources */,
				921ABBE4232D4FE00042FAFB /* PokemonController.swift in Sources */,
			);
			runOnlyForDeploymentPostprocessing = 0;
		};
/* End PBXSourcesBuildPhase section */

/* Begin PBXVariantGroup section */
		921ABBCC232D497C0042FAFB /* Main.storyboard */ = {
			isa = PBXVariantGroup;
			children = (
				921ABBCD232D497C0042FAFB /* Base */,
			);
			name = Main.storyboard;
			sourceTree = "<group>";
		};
		921ABBD1232D497E0042FAFB /* LaunchScreen.storyboard */ = {
			isa = PBXVariantGroup;
			children = (
				921ABBD2232D497E0042FAFB /* Base */,
			);
			name = LaunchScreen.storyboard;
			sourceTree = "<group>";
		};
/* End PBXVariantGroup section */

/* Begin XCBuildConfiguration section */
		921ABBD5232D497E0042FAFB /* Debug */ = {
			isa = XCBuildConfiguration;
			buildSettings = {
				ALWAYS_SEARCH_USER_PATHS = NO;
				CLANG_ANALYZER_NONNULL = YES;
				CLANG_ANALYZER_NUMBER_OBJECT_CONVERSION = YES_AGGRESSIVE;
				CLANG_CXX_LANGUAGE_STANDARD = "gnu++14";
				CLANG_CXX_LIBRARY = "libc++";
				CLANG_ENABLE_MODULES = YES;
				CLANG_ENABLE_OBJC_ARC = YES;
				CLANG_ENABLE_OBJC_WEAK = YES;
				CLANG_WARN_BLOCK_CAPTURE_AUTORELEASING = YES;
				CLANG_WARN_BOOL_CONVERSION = YES;
				CLANG_WARN_COMMA = YES;
				CLANG_WARN_CONSTANT_CONVERSION = YES;
				CLANG_WARN_DEPRECATED_OBJC_IMPLEMENTATIONS = YES;
				CLANG_WARN_DIRECT_OBJC_ISA_USAGE = YES_ERROR;
				CLANG_WARN_DOCUMENTATION_COMMENTS = YES;
				CLANG_WARN_EMPTY_BODY = YES;
				CLANG_WARN_ENUM_CONVERSION = YES;
				CLANG_WARN_INFINITE_RECURSION = YES;
				CLANG_WARN_INT_CONVERSION = YES;
				CLANG_WARN_NON_LITERAL_NULL_CONVERSION = YES;
				CLANG_WARN_OBJC_IMPLICIT_RETAIN_SELF = YES;
				CLANG_WARN_OBJC_LITERAL_CONVERSION = YES;
				CLANG_WARN_OBJC_ROOT_CLASS = YES_ERROR;
				CLANG_WARN_RANGE_LOOP_ANALYSIS = YES;
				CLANG_WARN_STRICT_PROTOTYPES = YES;
				CLANG_WARN_SUSPICIOUS_MOVE = YES;
				CLANG_WARN_UNGUARDED_AVAILABILITY = YES_AGGRESSIVE;
				CLANG_WARN_UNREACHABLE_CODE = YES;
				CLANG_WARN__DUPLICATE_METHOD_MATCH = YES;
				CODE_SIGN_IDENTITY = "iPhone Developer";
				COPY_PHASE_STRIP = NO;
				DEBUG_INFORMATION_FORMAT = dwarf;
				ENABLE_STRICT_OBJC_MSGSEND = YES;
				ENABLE_TESTABILITY = YES;
				GCC_C_LANGUAGE_STANDARD = gnu11;
				GCC_DYNAMIC_NO_PIC = NO;
				GCC_NO_COMMON_BLOCKS = YES;
				GCC_OPTIMIZATION_LEVEL = 0;
				GCC_PREPROCESSOR_DEFINITIONS = (
					"DEBUG=1",
					"$(inherited)",
				);
				GCC_WARN_64_TO_32_BIT_CONVERSION = YES;
				GCC_WARN_ABOUT_RETURN_TYPE = YES_ERROR;
				GCC_WARN_UNDECLARED_SELECTOR = YES;
				GCC_WARN_UNINITIALIZED_AUTOS = YES_AGGRESSIVE;
				GCC_WARN_UNUSED_FUNCTION = YES;
				GCC_WARN_UNUSED_VARIABLE = YES;
				IPHONEOS_DEPLOYMENT_TARGET = 12.4;
				MTL_ENABLE_DEBUG_INFO = INCLUDE_SOURCE;
				MTL_FAST_MATH = YES;
				ONLY_ACTIVE_ARCH = YES;
				SDKROOT = iphoneos;
				SWIFT_ACTIVE_COMPILATION_CONDITIONS = DEBUG;
				SWIFT_OPTIMIZATION_LEVEL = "-Onone";
			};
			name = Debug;
		};
		921ABBD6232D497E0042FAFB /* Release */ = {
			isa = XCBuildConfiguration;
			buildSettings = {
				ALWAYS_SEARCH_USER_PATHS = NO;
				CLANG_ANALYZER_NONNULL = YES;
				CLANG_ANALYZER_NUMBER_OBJECT_CONVERSION = YES_AGGRESSIVE;
				CLANG_CXX_LANGUAGE_STANDARD = "gnu++14";
				CLANG_CXX_LIBRARY = "libc++";
				CLANG_ENABLE_MODULES = YES;
				CLANG_ENABLE_OBJC_ARC = YES;
				CLANG_ENABLE_OBJC_WEAK = YES;
				CLANG_WARN_BLOCK_CAPTURE_AUTORELEASING = YES;
				CLANG_WARN_BOOL_CONVERSION = YES;
				CLANG_WARN_COMMA = YES;
				CLANG_WARN_CONSTANT_CONVERSION = YES;
				CLANG_WARN_DEPRECATED_OBJC_IMPLEMENTATIONS = YES;
				CLANG_WARN_DIRECT_OBJC_ISA_USAGE = YES_ERROR;
				CLANG_WARN_DOCUMENTATION_COMMENTS = YES;
				CLANG_WARN_EMPTY_BODY = YES;
				CLANG_WARN_ENUM_CONVERSION = YES;
				CLANG_WARN_INFINITE_RECURSION = YES;
				CLANG_WARN_INT_CONVERSION = YES;
				CLANG_WARN_NON_LITERAL_NULL_CONVERSION = YES;
				CLANG_WARN_OBJC_IMPLICIT_RETAIN_SELF = YES;
				CLANG_WARN_OBJC_LITERAL_CONVERSION = YES;
				CLANG_WARN_OBJC_ROOT_CLASS = YES_ERROR;
				CLANG_WARN_RANGE_LOOP_ANALYSIS = YES;
				CLANG_WARN_STRICT_PROTOTYPES = YES;
				CLANG_WARN_SUSPICIOUS_MOVE = YES;
				CLANG_WARN_UNGUARDED_AVAILABILITY = YES_AGGRESSIVE;
				CLANG_WARN_UNREACHABLE_CODE = YES;
				CLANG_WARN__DUPLICATE_METHOD_MATCH = YES;
				CODE_SIGN_IDENTITY = "iPhone Developer";
				COPY_PHASE_STRIP = NO;
				DEBUG_INFORMATION_FORMAT = "dwarf-with-dsym";
				ENABLE_NS_ASSERTIONS = NO;
				ENABLE_STRICT_OBJC_MSGSEND = YES;
				GCC_C_LANGUAGE_STANDARD = gnu11;
				GCC_NO_COMMON_BLOCKS = YES;
				GCC_WARN_64_TO_32_BIT_CONVERSION = YES;
				GCC_WARN_ABOUT_RETURN_TYPE = YES_ERROR;
				GCC_WARN_UNDECLARED_SELECTOR = YES;
				GCC_WARN_UNINITIALIZED_AUTOS = YES_AGGRESSIVE;
				GCC_WARN_UNUSED_FUNCTION = YES;
				GCC_WARN_UNUSED_VARIABLE = YES;
				IPHONEOS_DEPLOYMENT_TARGET = 12.4;
				MTL_ENABLE_DEBUG_INFO = NO;
				MTL_FAST_MATH = YES;
				SDKROOT = iphoneos;
				SWIFT_COMPILATION_MODE = wholemodule;
				SWIFT_OPTIMIZATION_LEVEL = "-O";
				VALIDATE_PRODUCT = YES;
			};
			name = Release;
		};
		921ABBD8232D497E0042FAFB /* Debug */ = {
			isa = XCBuildConfiguration;
			buildSettings = {
				ASSETCATALOG_COMPILER_APPICON_NAME = AppIcon;
				CODE_SIGN_STYLE = Automatic;
				DEVELOPMENT_TEAM = B22A9UYX67;
				INFOPLIST_FILE = Pokedex/Info.plist;
				LD_RUNPATH_SEARCH_PATHS = (
					"$(inherited)",
					"@executable_path/Frameworks",
				);
				PRODUCT_BUNDLE_IDENTIFIER = com.lambda.iospt2.Pokedex;
				PRODUCT_NAME = "$(TARGET_NAME)";
				SWIFT_VERSION = 5.0;
				TARGETED_DEVICE_FAMILY = "1,2";
			};
			name = Debug;
		};
		921ABBD9232D497E0042FAFB /* Release */ = {
			isa = XCBuildConfiguration;
			buildSettings = {
				ASSETCATALOG_COMPILER_APPICON_NAME = AppIcon;
				CODE_SIGN_STYLE = Automatic;
				DEVELOPMENT_TEAM = B22A9UYX67;
				INFOPLIST_FILE = Pokedex/Info.plist;
				LD_RUNPATH_SEARCH_PATHS = (
					"$(inherited)",
					"@executable_path/Frameworks",
				);
				PRODUCT_BUNDLE_IDENTIFIER = com.lambda.iospt2.Pokedex;
				PRODUCT_NAME = "$(TARGET_NAME)";
				SWIFT_VERSION = 5.0;
				TARGETED_DEVICE_FAMILY = "1,2";
			};
			name = Release;
		};
/* End XCBuildConfiguration section */

/* Begin XCConfigurationList section */
		921ABBC0232D497C0042FAFB /* Build configuration list for PBXProject "Pokedex" */ = {
			isa = XCConfigurationList;
			buildConfigurations = (
				921ABBD5232D497E0042FAFB /* Debug */,
				921ABBD6232D497E0042FAFB /* Release */,
			);
			defaultConfigurationIsVisible = 0;
			defaultConfigurationName = Release;
		};
		921ABBD7232D497E0042FAFB /* Build configuration list for PBXNativeTarget "Pokedex" */ = {
			isa = XCConfigurationList;
			buildConfigurations = (
				921ABBD8232D497E0042FAFB /* Debug */,
				921ABBD9232D497E0042FAFB /* Release */,
			);
			defaultConfigurationIsVisible = 0;
			defaultConfigurationName = Release;
		};
/* End XCConfigurationList section */
	};
	rootObject = 921ABBBD232D497C0042FAFB /* Project object */;
}
