// !$*UTF8*$!
{
	archiveVersion = 1;
	classes = {
	};
	objectVersion = 50;
	objects = {

/* Begin PBXBuildFile section */
		123726C424293B120008D177 /* AppDelegate.swift in Sources */ = {isa = PBXBuildFile; fileRef = 123726C324293B120008D177 /* AppDelegate.swift */; };
		123726C624293B120008D177 /* SceneDelegate.swift in Sources */ = {isa = PBXBuildFile; fileRef = 123726C524293B120008D177 /* SceneDelegate.swift */; };
		123726CB24293B120008D177 /* Main.storyboard in Resources */ = {isa = PBXBuildFile; fileRef = 123726C924293B120008D177 /* Main.storyboard */; };
		123726CD24293B130008D177 /* Assets.xcassets in Resources */ = {isa = PBXBuildFile; fileRef = 123726CC24293B130008D177 /* Assets.xcassets */; };
		123726D024293B130008D177 /* LaunchScreen.storyboard in Resources */ = {isa = PBXBuildFile; fileRef = 123726CE24293B130008D177 /* LaunchScreen.storyboard */; };
		123726DF24293B780008D177 /* Model.swift in Sources */ = {isa = PBXBuildFile; fileRef = 123726DE24293B780008D177 /* Model.swift */; };
		123726E124293EF10008D177 /* SearchDetailViewController.swift in Sources */ = {isa = PBXBuildFile; fileRef = 123726E024293EF10008D177 /* SearchDetailViewController.swift */; };
		123726E324293F140008D177 /* PokedexTableViewController.swift in Sources */ = {isa = PBXBuildFile; fileRef = 123726E224293F140008D177 /* PokedexTableViewController.swift */; };
		123726E524293F440008D177 /* ApiController.swift in Sources */ = {isa = PBXBuildFile; fileRef = 123726E424293F440008D177 /* ApiController.swift */; };
/* End PBXBuildFile section */

/* Begin PBXFileReference section */
		123726C024293B120008D177 /* Pokedex.app */ = {isa = PBXFileReference; explicitFileType = wrapper.application; includeInIndex = 0; path = Pokedex.app; sourceTree = BUILT_PRODUCTS_DIR; };
		123726C324293B120008D177 /* AppDelegate.swift */ = {isa = PBXFileReference; lastKnownFileType = sourcecode.swift; path = AppDelegate.swift; sourceTree = "<group>"; };
		123726C524293B120008D177 /* SceneDelegate.swift */ = {isa = PBXFileReference; lastKnownFileType = sourcecode.swift; path = SceneDelegate.swift; sourceTree = "<group>"; };
		123726CA24293B120008D177 /* Base */ = {isa = PBXFileReference; lastKnownFileType = file.storyboard; name = Base; path = Base.lproj/Main.storyboard; sourceTree = "<group>"; };
		123726CC24293B130008D177 /* Assets.xcassets */ = {isa = PBXFileReference; lastKnownFileType = folder.assetcatalog; path = Assets.xcassets; sourceTree = "<group>"; };
		123726CF24293B130008D177 /* Base */ = {isa = PBXFileReference; lastKnownFileType = file.storyboard; name = Base; path = Base.lproj/LaunchScreen.storyboard; sourceTree = "<group>"; };
		123726D124293B130008D177 /* Info.plist */ = {isa = PBXFileReference; lastKnownFileType = text.plist.xml; path = Info.plist; sourceTree = "<group>"; };
		123726DE24293B780008D177 /* Model.swift */ = {isa = PBXFileReference; lastKnownFileType = sourcecode.swift; path = Model.swift; sourceTree = "<group>"; };
		123726E024293EF10008D177 /* SearchDetailViewController.swift */ = {isa = PBXFileReference; lastKnownFileType = sourcecode.swift; path = SearchDetailViewController.swift; sourceTree = "<group>"; };
		123726E224293F140008D177 /* PokedexTableViewController.swift */ = {isa = PBXFileReference; lastKnownFileType = sourcecode.swift; path = PokedexTableViewController.swift; sourceTree = "<group>"; };
		123726E424293F440008D177 /* ApiController.swift */ = {isa = PBXFileReference; lastKnownFileType = sourcecode.swift; path = ApiController.swift; sourceTree = "<group>"; };
/* End PBXFileReference section */

/* Begin PBXFrameworksBuildPhase section */
		123726BD24293B120008D177 /* Frameworks */ = {
			isa = PBXFrameworksBuildPhase;
			buildActionMask = 2147483647;
			files = (
			);
			runOnlyForDeploymentPostprocessing = 0;
		};
/* End PBXFrameworksBuildPhase section */

/* Begin PBXGroup section */
		123726B724293B120008D177 = {
			isa = PBXGroup;
			children = (
				123726C224293B120008D177 /* Pokedex */,
				123726C124293B120008D177 /* Products */,
			);
			sourceTree = "<group>";
		};
		123726C124293B120008D177 /* Products */ = {
			isa = PBXGroup;
			children = (
				123726C024293B120008D177 /* Pokedex.app */,
			);
			name = Products;
			sourceTree = "<group>";
		};
		123726C224293B120008D177 /* Pokedex */ = {
			isa = PBXGroup;
			children = (
				123726DC24293B3F0008D177 /* Models */,
				123726DB24293B3A0008D177 /* Views */,
				123726D824293B260008D177 /* Controllers */,
				123726D724293B1F0008D177 /* Resources */,
				123726D124293B130008D177 /* Info.plist */,
			);
			path = Pokedex;
			sourceTree = "<group>";
		};
		123726D724293B1F0008D177 /* Resources */ = {
			isa = PBXGroup;
			children = (
				123726C324293B120008D177 /* AppDelegate.swift */,
				123726C524293B120008D177 /* SceneDelegate.swift */,
				123726CC24293B130008D177 /* Assets.xcassets */,
			);
			path = Resources;
			sourceTree = "<group>";
		};
		123726D824293B260008D177 /* Controllers */ = {
			isa = PBXGroup;
			children = (
				123726DA24293B340008D177 /* ModelControllers */,
				123726D924293B2E0008D177 /* ViewControllers */,
			);
			path = Controllers;
			sourceTree = "<group>";
		};
		123726D924293B2E0008D177 /* ViewControllers */ = {
			isa = PBXGroup;
			children = (
				123726E024293EF10008D177 /* SearchDetailViewController.swift */,
				123726E224293F140008D177 /* PokedexTableViewController.swift */,
			);
			path = ViewControllers;
			sourceTree = "<group>";
		};
		123726DA24293B340008D177 /* ModelControllers */ = {
			isa = PBXGroup;
			children = (
				123726E424293F440008D177 /* ApiController.swift */,
			);
			path = ModelControllers;
			sourceTree = "<group>";
		};
		123726DB24293B3A0008D177 /* Views */ = {
			isa = PBXGroup;
			children = (
				123726DD24293B490008D177 /* Storyboards */,
			);
			path = Views;
			sourceTree = "<group>";
		};
		123726DC24293B3F0008D177 /* Models */ = {
			isa = PBXGroup;
			children = (
				123726DE24293B780008D177 /* Model.swift */,
			);
			path = Models;
			sourceTree = "<group>";
		};
		123726DD24293B490008D177 /* Storyboards */ = {
			isa = PBXGroup;
			children = (
				123726C924293B120008D177 /* Main.storyboard */,
				123726CE24293B130008D177 /* LaunchScreen.storyboard */,
			);
			path = Storyboards;
			sourceTree = "<group>";
		};
/* End PBXGroup section */

/* Begin PBXNativeTarget section */
		123726BF24293B120008D177 /* Pokedex */ = {
			isa = PBXNativeTarget;
			buildConfigurationList = 123726D424293B130008D177 /* Build configuration list for PBXNativeTarget "Pokedex" */;
			buildPhases = (
				123726BC24293B120008D177 /* Sources */,
				123726BD24293B120008D177 /* Frameworks */,
				123726BE24293B120008D177 /* Resources */,
			);
			buildRules = (
			);
			dependencies = (
			);
			name = Pokedex;
			productName = Pokedex;
			productReference = 123726C024293B120008D177 /* Pokedex.app */;
			productType = "com.apple.product-type.application";
		};
/* End PBXNativeTarget section */

/* Begin PBXProject section */
		123726B824293B120008D177 /* Project object */ = {
			isa = PBXProject;
			attributes = {
				LastSwiftUpdateCheck = 1130;
				LastUpgradeCheck = 1130;
				ORGANIZATIONNAME = Lambda;
				TargetAttributes = {
					123726BF24293B120008D177 = {
						CreatedOnToolsVersion = 11.3.1;
					};
				};
			};
			buildConfigurationList = 123726BB24293B120008D177 /* Build configuration list for PBXProject "Pokedex" */;
			compatibilityVersion = "Xcode 9.3";
			developmentRegion = en;
			hasScannedForEncodings = 0;
			knownRegions = (
				en,
				Base,
			);
			mainGroup = 123726B724293B120008D177;
			productRefGroup = 123726C124293B120008D177 /* Products */;
			projectDirPath = "";
			projectRoot = "";
			targets = (
				123726BF24293B120008D177 /* Pokedex */,
			);
		};
/* End PBXProject section */

/* Begin PBXResourcesBuildPhase section */
		123726BE24293B120008D177 /* Resources */ = {
			isa = PBXResourcesBuildPhase;
			buildActionMask = 2147483647;
			files = (
				123726D024293B130008D177 /* LaunchScreen.storyboard in Resources */,
				123726CD24293B130008D177 /* Assets.xcassets in Resources */,
				123726CB24293B120008D177 /* Main.storyboard in Resources */,
			);
			runOnlyForDeploymentPostprocessing = 0;
		};
/* End PBXResourcesBuildPhase section */

/* Begin PBXSourcesBuildPhase section */
		123726BC24293B120008D177 /* Sources */ = {
			isa = PBXSourcesBuildPhase;
			buildActionMask = 2147483647;
			files = (
				123726DF24293B780008D177 /* Model.swift in Sources */,
				123726E324293F140008D177 /* PokedexTableViewController.swift in Sources */,
				123726E524293F440008D177 /* ApiController.swift in Sources */,
				123726C424293B120008D177 /* AppDelegate.swift in Sources */,
				123726E124293EF10008D177 /* SearchDetailViewController.swift in Sources */,
				123726C624293B120008D177 /* SceneDelegate.swift in Sources */,
			);
			runOnlyForDeploymentPostprocessing = 0;
		};
/* End PBXSourcesBuildPhase section */

/* Begin PBXVariantGroup section */
		123726C924293B120008D177 /* Main.storyboard */ = {
			isa = PBXVariantGroup;
			children = (
				123726CA24293B120008D177 /* Base */,
			);
			name = Main.storyboard;
			sourceTree = "<group>";
		};
		123726CE24293B130008D177 /* LaunchScreen.storyboard */ = {
			isa = PBXVariantGroup;
			children = (
				123726CF24293B130008D177 /* Base */,
			);
			name = LaunchScreen.storyboard;
			sourceTree = "<group>";
		};
/* End PBXVariantGroup section */

/* Begin XCBuildConfiguration section */
		123726D224293B130008D177 /* Debug */ = {
			isa = XCBuildConfiguration;
			buildSettings = {
				ALWAYS_SEARCH_USER_PATHS = NO;
				CLANG_ANALYZER_NONNULL = YES;
				CLANG_ANALYZER_NUMBER_OBJECT_CONVERSION = YES_AGGRESSIVE;
				CLANG_CXX_LANGUAGE_STANDARD = "gnu++14";
				CLANG_CXX_LIBRARY = "libc++";
				CLANG_ENABLE_MODULES = YES;
				CLANG_ENABLE_OBJC_ARC = YES;
				CLANG_ENABLE_OBJC_WEAK = YES;
				CLANG_WARN_BLOCK_CAPTURE_AUTORELEASING = YES;
				CLANG_WARN_BOOL_CONVERSION = YES;
				CLANG_WARN_COMMA = YES;
				CLANG_WARN_CONSTANT_CONVERSION = YES;
				CLANG_WARN_DEPRECATED_OBJC_IMPLEMENTATIONS = YES;
				CLANG_WARN_DIRECT_OBJC_ISA_USAGE = YES_ERROR;
				CLANG_WARN_DOCUMENTATION_COMMENTS = YES;
				CLANG_WARN_EMPTY_BODY = YES;
				CLANG_WARN_ENUM_CONVERSION = YES;
				CLANG_WARN_INFINITE_RECURSION = YES;
				CLANG_WARN_INT_CONVERSION = YES;
				CLANG_WARN_NON_LITERAL_NULL_CONVERSION = YES;
				CLANG_WARN_OBJC_IMPLICIT_RETAIN_SELF = YES;
				CLANG_WARN_OBJC_LITERAL_CONVERSION = YES;
				CLANG_WARN_OBJC_ROOT_CLASS = YES_ERROR;
				CLANG_WARN_RANGE_LOOP_ANALYSIS = YES;
				CLANG_WARN_STRICT_PROTOTYPES = YES;
				CLANG_WARN_SUSPICIOUS_MOVE = YES;
				CLANG_WARN_UNGUARDED_AVAILABILITY = YES_AGGRESSIVE;
				CLANG_WARN_UNREACHABLE_CODE = YES;
				CLANG_WARN__DUPLICATE_METHOD_MATCH = YES;
				COPY_PHASE_STRIP = NO;
				DEBUG_INFORMATION_FORMAT = dwarf;
				ENABLE_STRICT_OBJC_MSGSEND = YES;
				ENABLE_TESTABILITY = YES;
				GCC_C_LANGUAGE_STANDARD = gnu11;
				GCC_DYNAMIC_NO_PIC = NO;
				GCC_NO_COMMON_BLOCKS = YES;
				GCC_OPTIMIZATION_LEVEL = 0;
				GCC_PREPROCESSOR_DEFINITIONS = (
					"DEBUG=1",
					"$(inherited)",
				);
				GCC_WARN_64_TO_32_BIT_CONVERSION = YES;
				GCC_WARN_ABOUT_RETURN_TYPE = YES_ERROR;
				GCC_WARN_UNDECLARED_SELECTOR = YES;
				GCC_WARN_UNINITIALIZED_AUTOS = YES_AGGRESSIVE;
				GCC_WARN_UNUSED_FUNCTION = YES;
				GCC_WARN_UNUSED_VARIABLE = YES;
				IPHONEOS_DEPLOYMENT_TARGET = 13.2;
				MTL_ENABLE_DEBUG_INFO = INCLUDE_SOURCE;
				MTL_FAST_MATH = YES;
				ONLY_ACTIVE_ARCH = YES;
				SDKROOT = iphoneos;
				SWIFT_ACTIVE_COMPILATION_CONDITIONS = DEBUG;
				SWIFT_OPTIMIZATION_LEVEL = "-Onone";
			};
			name = Debug;
		};
		123726D324293B130008D177 /* Release */ = {
			isa = XCBuildConfiguration;
			buildSettings = {
				ALWAYS_SEARCH_USER_PATHS = NO;
				CLANG_ANALYZER_NONNULL = YES;
				CLANG_ANALYZER_NUMBER_OBJECT_CONVERSION = YES_AGGRESSIVE;
				CLANG_CXX_LANGUAGE_STANDARD = "gnu++14";
				CLANG_CXX_LIBRARY = "libc++";
				CLANG_ENABLE_MODULES = YES;
				CLANG_ENABLE_OBJC_ARC = YES;
				CLANG_ENABLE_OBJC_WEAK = YES;
				CLANG_WARN_BLOCK_CAPTURE_AUTORELEASING = YES;
				CLANG_WARN_BOOL_CONVERSION = YES;
				CLANG_WARN_COMMA = YES;
				CLANG_WARN_CONSTANT_CONVERSION = YES;
				CLANG_WARN_DEPRECATED_OBJC_IMPLEMENTATIONS = YES;
				CLANG_WARN_DIRECT_OBJC_ISA_USAGE = YES_ERROR;
				CLANG_WARN_DOCUMENTATION_COMMENTS = YES;
				CLANG_WARN_EMPTY_BODY = YES;
				CLANG_WARN_ENUM_CONVERSION = YES;
				CLANG_WARN_INFINITE_RECURSION = YES;
				CLANG_WARN_INT_CONVERSION = YES;
				CLANG_WARN_NON_LITERAL_NULL_CONVERSION = YES;
				CLANG_WARN_OBJC_IMPLICIT_RETAIN_SELF = YES;
				CLANG_WARN_OBJC_LITERAL_CONVERSION = YES;
				CLANG_WARN_OBJC_ROOT_CLASS = YES_ERROR;
				CLANG_WARN_RANGE_LOOP_ANALYSIS = YES;
				CLANG_WARN_STRICT_PROTOTYPES = YES;
				CLANG_WARN_SUSPICIOUS_MOVE = YES;
				CLANG_WARN_UNGUARDED_AVAILABILITY = YES_AGGRESSIVE;
				CLANG_WARN_UNREACHABLE_CODE = YES;
				CLANG_WARN__DUPLICATE_METHOD_MATCH = YES;
				COPY_PHASE_STRIP = NO;
				DEBUG_INFORMATION_FORMAT = "dwarf-with-dsym";
				ENABLE_NS_ASSERTIONS = NO;
				ENABLE_STRICT_OBJC_MSGSEND = YES;
				GCC_C_LANGUAGE_STANDARD = gnu11;
				GCC_NO_COMMON_BLOCKS = YES;
				GCC_WARN_64_TO_32_BIT_CONVERSION = YES;
				GCC_WARN_ABOUT_RETURN_TYPE = YES_ERROR;
				GCC_WARN_UNDECLARED_SELECTOR = YES;
				GCC_WARN_UNINITIALIZED_AUTOS = YES_AGGRESSIVE;
				GCC_WARN_UNUSED_FUNCTION = YES;
				GCC_WARN_UNUSED_VARIABLE = YES;
				IPHONEOS_DEPLOYMENT_TARGET = 13.2;
				MTL_ENABLE_DEBUG_INFO = NO;
				MTL_FAST_MATH = YES;
				SDKROOT = iphoneos;
				SWIFT_COMPILATION_MODE = wholemodule;
				SWIFT_OPTIMIZATION_LEVEL = "-O";
				VALIDATE_PRODUCT = YES;
			};
			name = Release;
		};
		123726D524293B130008D177 /* Debug */ = {
			isa = XCBuildConfiguration;
			buildSettings = {
				ASSETCATALOG_COMPILER_APPICON_NAME = AppIcon;
				CODE_SIGN_STYLE = Automatic;
				DEVELOPMENT_TEAM = 6R6MQNLHPL;
				INFOPLIST_FILE = Pokedex/Info.plist;
				LD_RUNPATH_SEARCH_PATHS = (
					"$(inherited)",
					"@executable_path/Frameworks",
				);
				PRODUCT_BUNDLE_IDENTIFIER = com.Lambda.Pokedex;
				PRODUCT_NAME = "$(TARGET_NAME)";
				SWIFT_VERSION = 5.0;
				TARGETED_DEVICE_FAMILY = "1,2";
			};
			name = Debug;
		};
		123726D624293B130008D177 /* Release */ = {
			isa = XCBuildConfiguration;
			buildSettings = {
				ASSETCATALOG_COMPILER_APPICON_NAME = AppIcon;
				CODE_SIGN_STYLE = Automatic;
				DEVELOPMENT_TEAM = 6R6MQNLHPL;
				INFOPLIST_FILE = Pokedex/Info.plist;
				LD_RUNPATH_SEARCH_PATHS = (
					"$(inherited)",
					"@executable_path/Frameworks",
				);
				PRODUCT_BUNDLE_IDENTIFIER = com.Lambda.Pokedex;
				PRODUCT_NAME = "$(TARGET_NAME)";
				SWIFT_VERSION = 5.0;
				TARGETED_DEVICE_FAMILY = "1,2";
			};
			name = Release;
		};
/* End XCBuildConfiguration section */

/* Begin XCConfigurationList section */
		123726BB24293B120008D177 /* Build configuration list for PBXProject "Pokedex" */ = {
			isa = XCConfigurationList;
			buildConfigurations = (
				123726D224293B130008D177 /* Debug */,
				123726D324293B130008D177 /* Release */,
			);
			defaultConfigurationIsVisible = 0;
			defaultConfigurationName = Release;
		};
		123726D424293B130008D177 /* Build configuration list for PBXNativeTarget "Pokedex" */ = {
			isa = XCConfigurationList;
			buildConfigurations = (
				123726D524293B130008D177 /* Debug */,
				123726D624293B130008D177 /* Release */,
			);
			defaultConfigurationIsVisible = 0;
			defaultConfigurationName = Release;
		};
/* End XCConfigurationList section */
	};
	rootObject = 123726B824293B120008D177 /* Project object */;
}
