// !$*UTF8*$!
{
	archiveVersion = 1;
	classes = {
	};
	objectVersion = 50;
	objects = {

/* Begin PBXBuildFile section */
		271BA2602440C30200359E88 /* AppDelegate.swift in Sources */ = {isa = PBXBuildFile; fileRef = 271BA25F2440C30200359E88 /* AppDelegate.swift */; };
		271BA2622440C30200359E88 /* SceneDelegate.swift in Sources */ = {isa = PBXBuildFile; fileRef = 271BA2612440C30200359E88 /* SceneDelegate.swift */; };
		271BA2672440C30200359E88 /* Main.storyboard in Resources */ = {isa = PBXBuildFile; fileRef = 271BA2652440C30200359E88 /* Main.storyboard */; };
		271BA2692440C30800359E88 /* Assets.xcassets in Resources */ = {isa = PBXBuildFile; fileRef = 271BA2682440C30800359E88 /* Assets.xcassets */; };
		271BA26C2440C30800359E88 /* LaunchScreen.storyboard in Resources */ = {isa = PBXBuildFile; fileRef = 271BA26A2440C30800359E88 /* LaunchScreen.storyboard */; };
		271BA2792440CA2A00359E88 /* SearchDetailViewController.swift in Sources */ = {isa = PBXBuildFile; fileRef = 271BA2782440CA2A00359E88 /* SearchDetailViewController.swift */; };
		271BA27B2440CA4B00359E88 /* PokedexTableViewController.swift in Sources */ = {isa = PBXBuildFile; fileRef = 271BA27A2440CA4B00359E88 /* PokedexTableViewController.swift */; };
		271BA27D2440CC6D00359E88 /* ApiController.swift in Sources */ = {isa = PBXBuildFile; fileRef = 271BA27C2440CC6D00359E88 /* ApiController.swift */; };
		271BA27F2440CCE800359E88 /* PokemonModel.swift in Sources */ = {isa = PBXBuildFile; fileRef = 271BA27E2440CCE800359E88 /* PokemonModel.swift */; };
/* End PBXBuildFile section */

/* Begin PBXFileReference section */
		271BA25C2440C30200359E88 /* Pokedex.app */ = {isa = PBXFileReference; explicitFileType = wrapper.application; includeInIndex = 0; path = Pokedex.app; sourceTree = BUILT_PRODUCTS_DIR; };
		271BA25F2440C30200359E88 /* AppDelegate.swift */ = {isa = PBXFileReference; lastKnownFileType = sourcecode.swift; path = AppDelegate.swift; sourceTree = "<group>"; };
		271BA2612440C30200359E88 /* SceneDelegate.swift */ = {isa = PBXFileReference; lastKnownFileType = sourcecode.swift; path = SceneDelegate.swift; sourceTree = "<group>"; };
		271BA2662440C30200359E88 /* Base */ = {isa = PBXFileReference; lastKnownFileType = file.storyboard; name = Base; path = Base.lproj/Main.storyboard; sourceTree = "<group>"; };
		271BA2682440C30800359E88 /* Assets.xcassets */ = {isa = PBXFileReference; lastKnownFileType = folder.assetcatalog; path = Assets.xcassets; sourceTree = "<group>"; };
		271BA26B2440C30800359E88 /* Base */ = {isa = PBXFileReference; lastKnownFileType = file.storyboard; name = Base; path = Base.lproj/LaunchScreen.storyboard; sourceTree = "<group>"; };
		271BA26D2440C30800359E88 /* Info.plist */ = {isa = PBXFileReference; lastKnownFileType = text.plist.xml; path = Info.plist; sourceTree = "<group>"; };
		271BA2782440CA2A00359E88 /* SearchDetailViewController.swift */ = {isa = PBXFileReference; lastKnownFileType = sourcecode.swift; path = SearchDetailViewController.swift; sourceTree = "<group>"; };
		271BA27A2440CA4B00359E88 /* PokedexTableViewController.swift */ = {isa = PBXFileReference; lastKnownFileType = sourcecode.swift; path = PokedexTableViewController.swift; sourceTree = "<group>"; };
		271BA27C2440CC6D00359E88 /* ApiController.swift */ = {isa = PBXFileReference; lastKnownFileType = sourcecode.swift; path = ApiController.swift; sourceTree = "<group>"; };
		271BA27E2440CCE800359E88 /* PokemonModel.swift */ = {isa = PBXFileReference; lastKnownFileType = sourcecode.swift; path = PokemonModel.swift; sourceTree = "<group>"; };
/* End PBXFileReference section */

/* Begin PBXFrameworksBuildPhase section */
		271BA2592440C30200359E88 /* Frameworks */ = {
			isa = PBXFrameworksBuildPhase;
			buildActionMask = 2147483647;
			files = (
			);
			runOnlyForDeploymentPostprocessing = 0;
		};
/* End PBXFrameworksBuildPhase section */

/* Begin PBXGroup section */
		271BA2532440C30200359E88 = {
			isa = PBXGroup;
			children = (
				271BA25E2440C30200359E88 /* Pokedex */,
				271BA25D2440C30200359E88 /* Products */,
			);
			sourceTree = "<group>";
		};
		271BA25D2440C30200359E88 /* Products */ = {
			isa = PBXGroup;
			children = (
				271BA25C2440C30200359E88 /* Pokedex.app */,
			);
			name = Products;
			sourceTree = "<group>";
		};
		271BA25E2440C30200359E88 /* Pokedex */ = {
			isa = PBXGroup;
			children = (
				271BA2732440C32A00359E88 /* App */,
				271BA2742440C33400359E88 /* Model */,
				271BA2752440C34D00359E88 /* View Controllers */,
				271BA2762440C36400359E88 /* Controllers */,
				271BA2772440C37200359E88 /* Storyboards */,
				271BA26D2440C30800359E88 /* Info.plist */,
			);
			path = Pokedex;
			sourceTree = "<group>";
		};
		271BA2732440C32A00359E88 /* App */ = {
			isa = PBXGroup;
			children = (
				271BA2682440C30800359E88 /* Assets.xcassets */,
				271BA2612440C30200359E88 /* SceneDelegate.swift */,
				271BA25F2440C30200359E88 /* AppDelegate.swift */,
			);
			path = App;
			sourceTree = "<group>";
		};
		271BA2742440C33400359E88 /* Model */ = {
			isa = PBXGroup;
			children = (
				271BA27E2440CCE800359E88 /* PokemonModel.swift */,
			);
			path = Model;
			sourceTree = "<group>";
		};
		271BA2752440C34D00359E88 /* View Controllers */ = {
			isa = PBXGroup;
			children = (
				271BA2782440CA2A00359E88 /* SearchDetailViewController.swift */,
				271BA27A2440CA4B00359E88 /* PokedexTableViewController.swift */,
			);
			path = "View Controllers";
			sourceTree = "<group>";
		};
		271BA2762440C36400359E88 /* Controllers */ = {
			isa = PBXGroup;
			children = (
				271BA27C2440CC6D00359E88 /* ApiController.swift */,
			);
			path = Controllers;
			sourceTree = "<group>";
		};
		271BA2772440C37200359E88 /* Storyboards */ = {
			isa = PBXGroup;
			children = (
				271BA2652440C30200359E88 /* Main.storyboard */,
				271BA26A2440C30800359E88 /* LaunchScreen.storyboard */,
			);
			path = Storyboards;
			sourceTree = "<group>";
		};
/* End PBXGroup section */

/* Begin PBXNativeTarget section */
		271BA25B2440C30200359E88 /* Pokedex */ = {
			isa = PBXNativeTarget;
			buildConfigurationList = 271BA2702440C30800359E88 /* Build configuration list for PBXNativeTarget "Pokedex" */;
			buildPhases = (
				271BA2582440C30200359E88 /* Sources */,
				271BA2592440C30200359E88 /* Frameworks */,
				271BA25A2440C30200359E88 /* Resources */,
			);
			buildRules = (
			);
			dependencies = (
			);
			name = Pokedex;
			productName = Pokedex;
			productReference = 271BA25C2440C30200359E88 /* Pokedex.app */;
			productType = "com.apple.product-type.application";
		};
/* End PBXNativeTarget section */

/* Begin PBXProject section */
		271BA2542440C30200359E88 /* Project object */ = {
			isa = PBXProject;
			attributes = {
				LastSwiftUpdateCheck = 1140;
				LastUpgradeCheck = 1140;
				ORGANIZATIONNAME = "Chris Dobek";
				TargetAttributes = {
					271BA25B2440C30200359E88 = {
						CreatedOnToolsVersion = 11.4;
					};
				};
			};
			buildConfigurationList = 271BA2572440C30200359E88 /* Build configuration list for PBXProject "Pokedex" */;
			compatibilityVersion = "Xcode 9.3";
			developmentRegion = en;
			hasScannedForEncodings = 0;
			knownRegions = (
				en,
				Base,
			);
			mainGroup = 271BA2532440C30200359E88;
			productRefGroup = 271BA25D2440C30200359E88 /* Products */;
			projectDirPath = "";
			projectRoot = "";
			targets = (
				271BA25B2440C30200359E88 /* Pokedex */,
			);
		};
/* End PBXProject section */

/* Begin PBXResourcesBuildPhase section */
		271BA25A2440C30200359E88 /* Resources */ = {
			isa = PBXResourcesBuildPhase;
			buildActionMask = 2147483647;
			files = (
				271BA26C2440C30800359E88 /* LaunchScreen.storyboard in Resources */,
				271BA2692440C30800359E88 /* Assets.xcassets in Resources */,
				271BA2672440C30200359E88 /* Main.storyboard in Resources */,
			);
			runOnlyForDeploymentPostprocessing = 0;
		};
/* End PBXResourcesBuildPhase section */

/* Begin PBXSourcesBuildPhase section */
		271BA2582440C30200359E88 /* Sources */ = {
			isa = PBXSourcesBuildPhase;
			buildActionMask = 2147483647;
			files = (
				271BA27B2440CA4B00359E88 /* PokedexTableViewController.swift in Sources */,
				271BA27F2440CCE800359E88 /* PokemonModel.swift in Sources */,
				271BA2602440C30200359E88 /* AppDelegate.swift in Sources */,
				271BA27D2440CC6D00359E88 /* ApiController.swift in Sources */,
				271BA2792440CA2A00359E88 /* SearchDetailViewController.swift in Sources */,
				271BA2622440C30200359E88 /* SceneDelegate.swift in Sources */,
			);
			runOnlyForDeploymentPostprocessing = 0;
		};
/* End PBXSourcesBuildPhase section */

/* Begin PBXVariantGroup section */
		271BA2652440C30200359E88 /* Main.storyboard */ = {
			isa = PBXVariantGroup;
			children = (
				271BA2662440C30200359E88 /* Base */,
			);
			name = Main.storyboard;
			sourceTree = "<group>";
		};
		271BA26A2440C30800359E88 /* LaunchScreen.storyboard */ = {
			isa = PBXVariantGroup;
			children = (
				271BA26B2440C30800359E88 /* Base */,
			);
			name = LaunchScreen.storyboard;
			sourceTree = "<group>";
		};
/* End PBXVariantGroup section */

/* Begin XCBuildConfiguration section */
		271BA26E2440C30800359E88 /* Debug */ = {
			isa = XCBuildConfiguration;
			buildSettings = {
				ALWAYS_SEARCH_USER_PATHS = NO;
				CLANG_ANALYZER_NONNULL = YES;
				CLANG_ANALYZER_NUMBER_OBJECT_CONVERSION = YES_AGGRESSIVE;
				CLANG_CXX_LANGUAGE_STANDARD = "gnu++14";
				CLANG_CXX_LIBRARY = "libc++";
				CLANG_ENABLE_MODULES = YES;
				CLANG_ENABLE_OBJC_ARC = YES;
				CLANG_ENABLE_OBJC_WEAK = YES;
				CLANG_WARN_BLOCK_CAPTURE_AUTORELEASING = YES;
				CLANG_WARN_BOOL_CONVERSION = YES;
				CLANG_WARN_COMMA = YES;
				CLANG_WARN_CONSTANT_CONVERSION = YES;
				CLANG_WARN_DEPRECATED_OBJC_IMPLEMENTATIONS = YES;
				CLANG_WARN_DIRECT_OBJC_ISA_USAGE = YES_ERROR;
				CLANG_WARN_DOCUMENTATION_COMMENTS = YES;
				CLANG_WARN_EMPTY_BODY = YES;
				CLANG_WARN_ENUM_CONVERSION = YES;
				CLANG_WARN_INFINITE_RECURSION = YES;
				CLANG_WARN_INT_CONVERSION = YES;
				CLANG_WARN_NON_LITERAL_NULL_CONVERSION = YES;
				CLANG_WARN_OBJC_IMPLICIT_RETAIN_SELF = YES;
				CLANG_WARN_OBJC_LITERAL_CONVERSION = YES;
				CLANG_WARN_OBJC_ROOT_CLASS = YES_ERROR;
				CLANG_WARN_RANGE_LOOP_ANALYSIS = YES;
				CLANG_WARN_STRICT_PROTOTYPES = YES;
				CLANG_WARN_SUSPICIOUS_MOVE = YES;
				CLANG_WARN_UNGUARDED_AVAILABILITY = YES_AGGRESSIVE;
				CLANG_WARN_UNREACHABLE_CODE = YES;
				CLANG_WARN__DUPLICATE_METHOD_MATCH = YES;
				COPY_PHASE_STRIP = NO;
				DEBUG_INFORMATION_FORMAT = dwarf;
				ENABLE_STRICT_OBJC_MSGSEND = YES;
				ENABLE_TESTABILITY = YES;
				GCC_C_LANGUAGE_STANDARD = gnu11;
				GCC_DYNAMIC_NO_PIC = NO;
				GCC_NO_COMMON_BLOCKS = YES;
				GCC_OPTIMIZATION_LEVEL = 0;
				GCC_PREPROCESSOR_DEFINITIONS = (
					"DEBUG=1",
					"$(inherited)",
				);
				GCC_WARN_64_TO_32_BIT_CONVERSION = YES;
				GCC_WARN_ABOUT_RETURN_TYPE = YES_ERROR;
				GCC_WARN_UNDECLARED_SELECTOR = YES;
				GCC_WARN_UNINITIALIZED_AUTOS = YES_AGGRESSIVE;
				GCC_WARN_UNUSED_FUNCTION = YES;
				GCC_WARN_UNUSED_VARIABLE = YES;
				IPHONEOS_DEPLOYMENT_TARGET = 13.4;
				MTL_ENABLE_DEBUG_INFO = INCLUDE_SOURCE;
				MTL_FAST_MATH = YES;
				ONLY_ACTIVE_ARCH = YES;
				SDKROOT = iphoneos;
				SWIFT_ACTIVE_COMPILATION_CONDITIONS = DEBUG;
				SWIFT_OPTIMIZATION_LEVEL = "-Onone";
			};
			name = Debug;
		};
		271BA26F2440C30800359E88 /* Release */ = {
			isa = XCBuildConfiguration;
			buildSettings = {
				ALWAYS_SEARCH_USER_PATHS = NO;
				CLANG_ANALYZER_NONNULL = YES;
				CLANG_ANALYZER_NUMBER_OBJECT_CONVERSION = YES_AGGRESSIVE;
				CLANG_CXX_LANGUAGE_STANDARD = "gnu++14";
				CLANG_CXX_LIBRARY = "libc++";
				CLANG_ENABLE_MODULES = YES;
				CLANG_ENABLE_OBJC_ARC = YES;
				CLANG_ENABLE_OBJC_WEAK = YES;
				CLANG_WARN_BLOCK_CAPTURE_AUTORELEASING = YES;
				CLANG_WARN_BOOL_CONVERSION = YES;
				CLANG_WARN_COMMA = YES;
				CLANG_WARN_CONSTANT_CONVERSION = YES;
				CLANG_WARN_DEPRECATED_OBJC_IMPLEMENTATIONS = YES;
				CLANG_WARN_DIRECT_OBJC_ISA_USAGE = YES_ERROR;
				CLANG_WARN_DOCUMENTATION_COMMENTS = YES;
				CLANG_WARN_EMPTY_BODY = YES;
				CLANG_WARN_ENUM_CONVERSION = YES;
				CLANG_WARN_INFINITE_RECURSION = YES;
				CLANG_WARN_INT_CONVERSION = YES;
				CLANG_WARN_NON_LITERAL_NULL_CONVERSION = YES;
				CLANG_WARN_OBJC_IMPLICIT_RETAIN_SELF = YES;
				CLANG_WARN_OBJC_LITERAL_CONVERSION = YES;
				CLANG_WARN_OBJC_ROOT_CLASS = YES_ERROR;
				CLANG_WARN_RANGE_LOOP_ANALYSIS = YES;
				CLANG_WARN_STRICT_PROTOTYPES = YES;
				CLANG_WARN_SUSPICIOUS_MOVE = YES;
				CLANG_WARN_UNGUARDED_AVAILABILITY = YES_AGGRESSIVE;
				CLANG_WARN_UNREACHABLE_CODE = YES;
				CLANG_WARN__DUPLICATE_METHOD_MATCH = YES;
				COPY_PHASE_STRIP = NO;
				DEBUG_INFORMATION_FORMAT = "dwarf-with-dsym";
				ENABLE_NS_ASSERTIONS = NO;
				ENABLE_STRICT_OBJC_MSGSEND = YES;
				GCC_C_LANGUAGE_STANDARD = gnu11;
				GCC_NO_COMMON_BLOCKS = YES;
				GCC_WARN_64_TO_32_BIT_CONVERSION = YES;
				GCC_WARN_ABOUT_RETURN_TYPE = YES_ERROR;
				GCC_WARN_UNDECLARED_SELECTOR = YES;
				GCC_WARN_UNINITIALIZED_AUTOS = YES_AGGRESSIVE;
				GCC_WARN_UNUSED_FUNCTION = YES;
				GCC_WARN_UNUSED_VARIABLE = YES;
				IPHONEOS_DEPLOYMENT_TARGET = 13.4;
				MTL_ENABLE_DEBUG_INFO = NO;
				MTL_FAST_MATH = YES;
				SDKROOT = iphoneos;
				SWIFT_COMPILATION_MODE = wholemodule;
				SWIFT_OPTIMIZATION_LEVEL = "-O";
				VALIDATE_PRODUCT = YES;
			};
			name = Release;
		};
		271BA2712440C30800359E88 /* Debug */ = {
			isa = XCBuildConfiguration;
			buildSettings = {
				ASSETCATALOG_COMPILER_APPICON_NAME = AppIcon;
				CODE_SIGN_STYLE = Automatic;
				INFOPLIST_FILE = Pokedex/Info.plist;
				LD_RUNPATH_SEARCH_PATHS = (
					"$(inherited)",
					"@executable_path/Frameworks",
				);
				PRODUCT_BUNDLE_IDENTIFIER = com.chrisdobek.Pokedex;
				PRODUCT_NAME = "$(TARGET_NAME)";
				SWIFT_VERSION = 5.0;
				TARGETED_DEVICE_FAMILY = "1,2";
			};
			name = Debug;
		};
		271BA2722440C30800359E88 /* Release */ = {
			isa = XCBuildConfiguration;
			buildSettings = {
				ASSETCATALOG_COMPILER_APPICON_NAME = AppIcon;
				CODE_SIGN_STYLE = Automatic;
				INFOPLIST_FILE = Pokedex/Info.plist;
				LD_RUNPATH_SEARCH_PATHS = (
					"$(inherited)",
					"@executable_path/Frameworks",
				);
				PRODUCT_BUNDLE_IDENTIFIER = com.chrisdobek.Pokedex;
				PRODUCT_NAME = "$(TARGET_NAME)";
				SWIFT_VERSION = 5.0;
				TARGETED_DEVICE_FAMILY = "1,2";
			};
			name = Release;
		};
/* End XCBuildConfiguration section */

/* Begin XCConfigurationList section */
		271BA2572440C30200359E88 /* Build configuration list for PBXProject "Pokedex" */ = {
			isa = XCConfigurationList;
			buildConfigurations = (
				271BA26E2440C30800359E88 /* Debug */,
				271BA26F2440C30800359E88 /* Release */,
			);
			defaultConfigurationIsVisible = 0;
			defaultConfigurationName = Release;
		};
		271BA2702440C30800359E88 /* Build configuration list for PBXNativeTarget "Pokedex" */ = {
			isa = XCConfigurationList;
			buildConfigurations = (
				271BA2712440C30800359E88 /* Debug */,
				271BA2722440C30800359E88 /* Release */,
			);
			defaultConfigurationIsVisible = 0;
			defaultConfigurationName = Release;
		};
/* End XCConfigurationList section */
	};
	rootObject = 271BA2542440C30200359E88 /* Project object */;
}
