// !$*UTF8*$!
{
	archiveVersion = 1;
	classes = {
	};
	objectVersion = 50;
	objects = {

/* Begin PBXBuildFile section */
		310582B924C280550009AFCA /* AppDelegate.swift in Sources */ = {isa = PBXBuildFile; fileRef = 310582B824C280550009AFCA /* AppDelegate.swift */; };
		310582BB24C280550009AFCA /* SceneDelegate.swift in Sources */ = {isa = PBXBuildFile; fileRef = 310582BA24C280550009AFCA /* SceneDelegate.swift */; };
		310582C024C280550009AFCA /* Main.storyboard in Resources */ = {isa = PBXBuildFile; fileRef = 310582BE24C280550009AFCA /* Main.storyboard */; };
		310582C224C280570009AFCA /* Assets.xcassets in Resources */ = {isa = PBXBuildFile; fileRef = 310582C124C280570009AFCA /* Assets.xcassets */; };
		310582C524C280570009AFCA /* LaunchScreen.storyboard in Resources */ = {isa = PBXBuildFile; fileRef = 310582C324C280570009AFCA /* LaunchScreen.storyboard */; };
		310582CD24C2811A0009AFCA /* PokemonTableViewController.swift in Sources */ = {isa = PBXBuildFile; fileRef = 310582CC24C2811A0009AFCA /* PokemonTableViewController.swift */; };
		310582CF24C2813B0009AFCA /* PokeSearchViewController.swift in Sources */ = {isa = PBXBuildFile; fileRef = 310582CE24C2813B0009AFCA /* PokeSearchViewController.swift */; };
		31DAB44824C282E0007DE6B4 /* PokemonController.swift in Sources */ = {isa = PBXBuildFile; fileRef = 31DAB44724C282E0007DE6B4 /* PokemonController.swift */; };
		31DAB44A24C28307007DE6B4 /* Pokemon.swift in Sources */ = {isa = PBXBuildFile; fileRef = 31DAB44924C28307007DE6B4 /* Pokemon.swift */; };
		31DAB44C24C2A705007DE6B4 /* PokemonDataController.swift in Sources */ = {isa = PBXBuildFile; fileRef = 31DAB44B24C2A705007DE6B4 /* PokemonDataController.swift */; };
/* End PBXBuildFile section */

/* Begin PBXFileReference section */
		310582B524C280550009AFCA /* PokedexSprint.app */ = {isa = PBXFileReference; explicitFileType = wrapper.application; includeInIndex = 0; path = PokedexSprint.app; sourceTree = BUILT_PRODUCTS_DIR; };
		310582B824C280550009AFCA /* AppDelegate.swift */ = {isa = PBXFileReference; lastKnownFileType = sourcecode.swift; path = AppDelegate.swift; sourceTree = "<group>"; };
		310582BA24C280550009AFCA /* SceneDelegate.swift */ = {isa = PBXFileReference; lastKnownFileType = sourcecode.swift; path = SceneDelegate.swift; sourceTree = "<group>"; };
		310582BF24C280550009AFCA /* Base */ = {isa = PBXFileReference; lastKnownFileType = file.storyboard; name = Base; path = Base.lproj/Main.storyboard; sourceTree = "<group>"; };
		310582C124C280570009AFCA /* Assets.xcassets */ = {isa = PBXFileReference; lastKnownFileType = folder.assetcatalog; path = Assets.xcassets; sourceTree = "<group>"; };
		310582C424C280570009AFCA /* Base */ = {isa = PBXFileReference; lastKnownFileType = file.storyboard; name = Base; path = Base.lproj/LaunchScreen.storyboard; sourceTree = "<group>"; };
		310582C624C280570009AFCA /* Info.plist */ = {isa = PBXFileReference; lastKnownFileType = text.plist.xml; path = Info.plist; sourceTree = "<group>"; };
		310582CC24C2811A0009AFCA /* PokemonTableViewController.swift */ = {isa = PBXFileReference; lastKnownFileType = sourcecode.swift; path = PokemonTableViewController.swift; sourceTree = "<group>"; };
		310582CE24C2813B0009AFCA /* PokeSearchViewController.swift */ = {isa = PBXFileReference; lastKnownFileType = sourcecode.swift; path = PokeSearchViewController.swift; sourceTree = "<group>"; };
		31DAB44724C282E0007DE6B4 /* PokemonController.swift */ = {isa = PBXFileReference; lastKnownFileType = sourcecode.swift; path = PokemonController.swift; sourceTree = "<group>"; };
		31DAB44924C28307007DE6B4 /* Pokemon.swift */ = {isa = PBXFileReference; lastKnownFileType = sourcecode.swift; path = Pokemon.swift; sourceTree = "<group>"; };
		31DAB44B24C2A705007DE6B4 /* PokemonDataController.swift */ = {isa = PBXFileReference; lastKnownFileType = sourcecode.swift; path = PokemonDataController.swift; sourceTree = "<group>"; };
/* End PBXFileReference section */

/* Begin PBXFrameworksBuildPhase section */
		310582B224C280550009AFCA /* Frameworks */ = {
			isa = PBXFrameworksBuildPhase;
			buildActionMask = 2147483647;
			files = (
			);
			runOnlyForDeploymentPostprocessing = 0;
		};
/* End PBXFrameworksBuildPhase section */

/* Begin PBXGroup section */
		310582AC24C280550009AFCA = {
			isa = PBXGroup;
			children = (
				310582B724C280550009AFCA /* PokedexSprint */,
				310582B624C280550009AFCA /* Products */,
			);
			sourceTree = "<group>";
		};
		310582B624C280550009AFCA /* Products */ = {
			isa = PBXGroup;
			children = (
				310582B524C280550009AFCA /* PokedexSprint.app */,
			);
			name = Products;
			sourceTree = "<group>";
		};
		310582B724C280550009AFCA /* PokedexSprint */ = {
			isa = PBXGroup;
			children = (
				310582B824C280550009AFCA /* AppDelegate.swift */,
				310582BA24C280550009AFCA /* SceneDelegate.swift */,
				31DAB45024C64E90007DE6B4 /* Storyboards */,
				31DAB44F24C64E50007DE6B4 /* Data Controllers */,
				31DAB44E24C64E3F007DE6B4 /* Model */,
				31DAB44D24C64E2B007DE6B4 /* View Controllers */,
				310582C124C280570009AFCA /* Assets.xcassets */,
				310582C324C280570009AFCA /* LaunchScreen.storyboard */,
				310582C624C280570009AFCA /* Info.plist */,
			);
			path = PokedexSprint;
			sourceTree = "<group>";
		};
		31DAB44D24C64E2B007DE6B4 /* View Controllers */ = {
			isa = PBXGroup;
			children = (
				310582CC24C2811A0009AFCA /* PokemonTableViewController.swift */,
				310582CE24C2813B0009AFCA /* PokeSearchViewController.swift */,
			);
			path = "View Controllers";
			sourceTree = "<group>";
		};
		31DAB44E24C64E3F007DE6B4 /* Model */ = {
			isa = PBXGroup;
			children = (
				31DAB44924C28307007DE6B4 /* Pokemon.swift */,
			);
			path = Model;
			sourceTree = "<group>";
		};
		31DAB44F24C64E50007DE6B4 /* Data Controllers */ = {
			isa = PBXGroup;
			children = (
				31DAB44B24C2A705007DE6B4 /* PokemonDataController.swift */,
				31DAB44724C282E0007DE6B4 /* PokemonController.swift */,
			);
			path = "Data Controllers";
			sourceTree = "<group>";
		};
		31DAB45024C64E90007DE6B4 /* Storyboards */ = {
			isa = PBXGroup;
			children = (
				310582BE24C280550009AFCA /* Main.storyboard */,
			);
			path = Storyboards;
			sourceTree = "<group>";
		};
/* End PBXGroup section */

/* Begin PBXNativeTarget section */
		310582B424C280550009AFCA /* PokedexSprint */ = {
			isa = PBXNativeTarget;
			buildConfigurationList = 310582C924C280570009AFCA /* Build configuration list for PBXNativeTarget "PokedexSprint" */;
			buildPhases = (
				310582B124C280550009AFCA /* Sources */,
				310582B224C280550009AFCA /* Frameworks */,
				310582B324C280550009AFCA /* Resources */,
			);
			buildRules = (
			);
			dependencies = (
			);
			name = PokedexSprint;
			productName = PokedexSprint;
			productReference = 310582B524C280550009AFCA /* PokedexSprint.app */;
			productType = "com.apple.product-type.application";
		};
/* End PBXNativeTarget section */

/* Begin PBXProject section */
		310582AD24C280550009AFCA /* Project object */ = {
			isa = PBXProject;
			attributes = {
				LastSwiftUpdateCheck = 1160;
				LastUpgradeCheck = 1160;
				ORGANIZATIONNAME = "John McCants";
				TargetAttributes = {
					310582B424C280550009AFCA = {
						CreatedOnToolsVersion = 11.6;
					};
				};
			};
			buildConfigurationList = 310582B024C280550009AFCA /* Build configuration list for PBXProject "PokedexSprint" */;
			compatibilityVersion = "Xcode 9.3";
			developmentRegion = en;
			hasScannedForEncodings = 0;
			knownRegions = (
				en,
				Base,
			);
			mainGroup = 310582AC24C280550009AFCA;
			productRefGroup = 310582B624C280550009AFCA /* Products */;
			projectDirPath = "";
			projectRoot = "";
			targets = (
				310582B424C280550009AFCA /* PokedexSprint */,
			);
		};
/* End PBXProject section */

/* Begin PBXResourcesBuildPhase section */
		310582B324C280550009AFCA /* Resources */ = {
			isa = PBXResourcesBuildPhase;
			buildActionMask = 2147483647;
			files = (
				310582C524C280570009AFCA /* LaunchScreen.storyboard in Resources */,
				310582C224C280570009AFCA /* Assets.xcassets in Resources */,
				310582C024C280550009AFCA /* Main.storyboard in Resources */,
			);
			runOnlyForDeploymentPostprocessing = 0;
		};
/* End PBXResourcesBuildPhase section */

/* Begin PBXSourcesBuildPhase section */
		310582B124C280550009AFCA /* Sources */ = {
			isa = PBXSourcesBuildPhase;
			buildActionMask = 2147483647;
			files = (
				31DAB44A24C28307007DE6B4 /* Pokemon.swift in Sources */,
				310582B924C280550009AFCA /* AppDelegate.swift in Sources */,
				310582CD24C2811A0009AFCA /* PokemonTableViewController.swift in Sources */,
				310582BB24C280550009AFCA /* SceneDelegate.swift in Sources */,
				31DAB44C24C2A705007DE6B4 /* PokemonDataController.swift in Sources */,
				310582CF24C2813B0009AFCA /* PokeSearchViewController.swift in Sources */,
				31DAB44824C282E0007DE6B4 /* PokemonController.swift in Sources */,
			);
			runOnlyForDeploymentPostprocessing = 0;
		};
/* End PBXSourcesBuildPhase section */

/* Begin PBXVariantGroup section */
		310582BE24C280550009AFCA /* Main.storyboard */ = {
			isa = PBXVariantGroup;
			children = (
				310582BF24C280550009AFCA /* Base */,
			);
			name = Main.storyboard;
			sourceTree = "<group>";
		};
		310582C324C280570009AFCA /* LaunchScreen.storyboard */ = {
			isa = PBXVariantGroup;
			children = (
				310582C424C280570009AFCA /* Base */,
			);
			name = LaunchScreen.storyboard;
			sourceTree = "<group>";
		};
/* End PBXVariantGroup section */

/* Begin XCBuildConfiguration section */
		310582C724C280570009AFCA /* Debug */ = {
			isa = XCBuildConfiguration;
			buildSettings = {
				ALWAYS_SEARCH_USER_PATHS = NO;
				CLANG_ANALYZER_NONNULL = YES;
				CLANG_ANALYZER_NUMBER_OBJECT_CONVERSION = YES_AGGRESSIVE;
				CLANG_CXX_LANGUAGE_STANDARD = "gnu++14";
				CLANG_CXX_LIBRARY = "libc++";
				CLANG_ENABLE_MODULES = YES;
				CLANG_ENABLE_OBJC_ARC = YES;
				CLANG_ENABLE_OBJC_WEAK = YES;
				CLANG_WARN_BLOCK_CAPTURE_AUTORELEASING = YES;
				CLANG_WARN_BOOL_CONVERSION = YES;
				CLANG_WARN_COMMA = YES;
				CLANG_WARN_CONSTANT_CONVERSION = YES;
				CLANG_WARN_DEPRECATED_OBJC_IMPLEMENTATIONS = YES;
				CLANG_WARN_DIRECT_OBJC_ISA_USAGE = YES_ERROR;
				CLANG_WARN_DOCUMENTATION_COMMENTS = YES;
				CLANG_WARN_EMPTY_BODY = YES;
				CLANG_WARN_ENUM_CONVERSION = YES;
				CLANG_WARN_INFINITE_RECURSION = YES;
				CLANG_WARN_INT_CONVERSION = YES;
				CLANG_WARN_NON_LITERAL_NULL_CONVERSION = YES;
				CLANG_WARN_OBJC_IMPLICIT_RETAIN_SELF = YES;
				CLANG_WARN_OBJC_LITERAL_CONVERSION = YES;
				CLANG_WARN_OBJC_ROOT_CLASS = YES_ERROR;
				CLANG_WARN_RANGE_LOOP_ANALYSIS = YES;
				CLANG_WARN_STRICT_PROTOTYPES = YES;
				CLANG_WARN_SUSPICIOUS_MOVE = YES;
				CLANG_WARN_UNGUARDED_AVAILABILITY = YES_AGGRESSIVE;
				CLANG_WARN_UNREACHABLE_CODE = YES;
				CLANG_WARN__DUPLICATE_METHOD_MATCH = YES;
				COPY_PHASE_STRIP = NO;
				DEBUG_INFORMATION_FORMAT = dwarf;
				ENABLE_STRICT_OBJC_MSGSEND = YES;
				ENABLE_TESTABILITY = YES;
				GCC_C_LANGUAGE_STANDARD = gnu11;
				GCC_DYNAMIC_NO_PIC = NO;
				GCC_NO_COMMON_BLOCKS = YES;
				GCC_OPTIMIZATION_LEVEL = 0;
				GCC_PREPROCESSOR_DEFINITIONS = (
					"DEBUG=1",
					"$(inherited)",
				);
				GCC_WARN_64_TO_32_BIT_CONVERSION = YES;
				GCC_WARN_ABOUT_RETURN_TYPE = YES_ERROR;
				GCC_WARN_UNDECLARED_SELECTOR = YES;
				GCC_WARN_UNINITIALIZED_AUTOS = YES_AGGRESSIVE;
				GCC_WARN_UNUSED_FUNCTION = YES;
				GCC_WARN_UNUSED_VARIABLE = YES;
				IPHONEOS_DEPLOYMENT_TARGET = 13.6;
				MTL_ENABLE_DEBUG_INFO = INCLUDE_SOURCE;
				MTL_FAST_MATH = YES;
				ONLY_ACTIVE_ARCH = YES;
				SDKROOT = iphoneos;
				SWIFT_ACTIVE_COMPILATION_CONDITIONS = DEBUG;
				SWIFT_OPTIMIZATION_LEVEL = "-Onone";
			};
			name = Debug;
		};
		310582C824C280570009AFCA /* Release */ = {
			isa = XCBuildConfiguration;
			buildSettings = {
				ALWAYS_SEARCH_USER_PATHS = NO;
				CLANG_ANALYZER_NONNULL = YES;
				CLANG_ANALYZER_NUMBER_OBJECT_CONVERSION = YES_AGGRESSIVE;
				CLANG_CXX_LANGUAGE_STANDARD = "gnu++14";
				CLANG_CXX_LIBRARY = "libc++";
				CLANG_ENABLE_MODULES = YES;
				CLANG_ENABLE_OBJC_ARC = YES;
				CLANG_ENABLE_OBJC_WEAK = YES;
				CLANG_WARN_BLOCK_CAPTURE_AUTORELEASING = YES;
				CLANG_WARN_BOOL_CONVERSION = YES;
				CLANG_WARN_COMMA = YES;
				CLANG_WARN_CONSTANT_CONVERSION = YES;
				CLANG_WARN_DEPRECATED_OBJC_IMPLEMENTATIONS = YES;
				CLANG_WARN_DIRECT_OBJC_ISA_USAGE = YES_ERROR;
				CLANG_WARN_DOCUMENTATION_COMMENTS = YES;
				CLANG_WARN_EMPTY_BODY = YES;
				CLANG_WARN_ENUM_CONVERSION = YES;
				CLANG_WARN_INFINITE_RECURSION = YES;
				CLANG_WARN_INT_CONVERSION = YES;
				CLANG_WARN_NON_LITERAL_NULL_CONVERSION = YES;
				CLANG_WARN_OBJC_IMPLICIT_RETAIN_SELF = YES;
				CLANG_WARN_OBJC_LITERAL_CONVERSION = YES;
				CLANG_WARN_OBJC_ROOT_CLASS = YES_ERROR;
				CLANG_WARN_RANGE_LOOP_ANALYSIS = YES;
				CLANG_WARN_STRICT_PROTOTYPES = YES;
				CLANG_WARN_SUSPICIOUS_MOVE = YES;
				CLANG_WARN_UNGUARDED_AVAILABILITY = YES_AGGRESSIVE;
				CLANG_WARN_UNREACHABLE_CODE = YES;
				CLANG_WARN__DUPLICATE_METHOD_MATCH = YES;
				COPY_PHASE_STRIP = NO;
				DEBUG_INFORMATION_FORMAT = "dwarf-with-dsym";
				ENABLE_NS_ASSERTIONS = NO;
				ENABLE_STRICT_OBJC_MSGSEND = YES;
				GCC_C_LANGUAGE_STANDARD = gnu11;
				GCC_NO_COMMON_BLOCKS = YES;
				GCC_WARN_64_TO_32_BIT_CONVERSION = YES;
				GCC_WARN_ABOUT_RETURN_TYPE = YES_ERROR;
				GCC_WARN_UNDECLARED_SELECTOR = YES;
				GCC_WARN_UNINITIALIZED_AUTOS = YES_AGGRESSIVE;
				GCC_WARN_UNUSED_FUNCTION = YES;
				GCC_WARN_UNUSED_VARIABLE = YES;
				IPHONEOS_DEPLOYMENT_TARGET = 13.6;
				MTL_ENABLE_DEBUG_INFO = NO;
				MTL_FAST_MATH = YES;
				SDKROOT = iphoneos;
				SWIFT_COMPILATION_MODE = wholemodule;
				SWIFT_OPTIMIZATION_LEVEL = "-O";
				VALIDATE_PRODUCT = YES;
			};
			name = Release;
		};
		310582CA24C280570009AFCA /* Debug */ = {
			isa = XCBuildConfiguration;
			buildSettings = {
				ASSETCATALOG_COMPILER_APPICON_NAME = AppIcon;
				CODE_SIGN_STYLE = Automatic;
				DEVELOPMENT_TEAM = S6V29A8HUW;
				INFOPLIST_FILE = PokedexSprint/Info.plist;
				LD_RUNPATH_SEARCH_PATHS = (
					"$(inherited)",
					"@executable_path/Frameworks",
				);
				PRODUCT_BUNDLE_IDENTIFIER = com.john.PokedexSprint;
				PRODUCT_NAME = "$(TARGET_NAME)";
				SWIFT_VERSION = 5.0;
				TARGETED_DEVICE_FAMILY = "1,2";
			};
			name = Debug;
		};
		310582CB24C280570009AFCA /* Release */ = {
			isa = XCBuildConfiguration;
			buildSettings = {
				ASSETCATALOG_COMPILER_APPICON_NAME = AppIcon;
				CODE_SIGN_STYLE = Automatic;
				DEVELOPMENT_TEAM = S6V29A8HUW;
				INFOPLIST_FILE = PokedexSprint/Info.plist;
				LD_RUNPATH_SEARCH_PATHS = (
					"$(inherited)",
					"@executable_path/Frameworks",
				);
				PRODUCT_BUNDLE_IDENTIFIER = com.john.PokedexSprint;
				PRODUCT_NAME = "$(TARGET_NAME)";
				SWIFT_VERSION = 5.0;
				TARGETED_DEVICE_FAMILY = "1,2";
			};
			name = Release;
		};
/* End XCBuildConfiguration section */

/* Begin XCConfigurationList section */
		310582B024C280550009AFCA /* Build configuration list for PBXProject "PokedexSprint" */ = {
			isa = XCConfigurationList;
			buildConfigurations = (
				310582C724C280570009AFCA /* Debug */,
				310582C824C280570009AFCA /* Release */,
			);
			defaultConfigurationIsVisible = 0;
			defaultConfigurationName = Release;
		};
		310582C924C280570009AFCA /* Build configuration list for PBXNativeTarget "PokedexSprint" */ = {
			isa = XCConfigurationList;
			buildConfigurations = (
				310582CA24C280570009AFCA /* Debug */,
				310582CB24C280570009AFCA /* Release */,
			);
			defaultConfigurationIsVisible = 0;
			defaultConfigurationName = Release;
		};
/* End XCConfigurationList section */
	};
	rootObject = 310582AD24C280550009AFCA /* Project object */;
}
