// !$*UTF8*$!
{
	archiveVersion = 1;
	classes = {
	};
	objectVersion = 50;
	objects = {

/* Begin PBXBuildFile section */
		8403D97D21BDEC5E00DDAE8D /* SavedTableViewCell.swift in Sources */ = {isa = PBXBuildFile; fileRef = 8403D97C21BDEC5E00DDAE8D /* SavedTableViewCell.swift */; };
		841F11A321BAE22E002BFD09 /* AppDelegate.swift in Sources */ = {isa = PBXBuildFile; fileRef = 841F11A221BAE22E002BFD09 /* AppDelegate.swift */; };
		841F11A821BAE22E002BFD09 /* Main.storyboard in Resources */ = {isa = PBXBuildFile; fileRef = 841F11A621BAE22E002BFD09 /* Main.storyboard */; };
		841F11AA21BAE22F002BFD09 /* Assets.xcassets in Resources */ = {isa = PBXBuildFile; fileRef = 841F11A921BAE22F002BFD09 /* Assets.xcassets */; };
		841F11AD21BAE22F002BFD09 /* LaunchScreen.storyboard in Resources */ = {isa = PBXBuildFile; fileRef = 841F11AB21BAE22F002BFD09 /* LaunchScreen.storyboard */; };
		841F11B521BAE4B1002BFD09 /* Pokemon.swift in Sources */ = {isa = PBXBuildFile; fileRef = 841F11B421BAE4B1002BFD09 /* Pokemon.swift */; };
		841F11B721BAE4D7002BFD09 /* SearchResultController.swift in Sources */ = {isa = PBXBuildFile; fileRef = 841F11B621BAE4D7002BFD09 /* SearchResultController.swift */; };
		841F11B921BAE508002BFD09 /* SearchResultsTableViewController.swift in Sources */ = {isa = PBXBuildFile; fileRef = 841F11B821BAE508002BFD09 /* SearchResultsTableViewController.swift */; };
		841F11BB21BAE55C002BFD09 /* SavedPokemonTableViewController.swift in Sources */ = {isa = PBXBuildFile; fileRef = 841F11BA21BAE55C002BFD09 /* SavedPokemonTableViewController.swift */; };
		841F11BD21BAE57D002BFD09 /* DetailTableViewController.swift in Sources */ = {isa = PBXBuildFile; fileRef = 841F11BC21BAE57D002BFD09 /* DetailTableViewController.swift */; };
		841F11BF21BAE5A2002BFD09 /* Model.swift in Sources */ = {isa = PBXBuildFile; fileRef = 841F11BE21BAE5A2002BFD09 /* Model.swift */; };
		84551B4321BDE0460008BD58 /* SearchResultsTableViewCell.swift in Sources */ = {isa = PBXBuildFile; fileRef = 84551B4221BDE0460008BD58 /* SearchResultsTableViewCell.swift */; };
/* End PBXBuildFile section */

/* Begin PBXFileReference section */
		8403D97C21BDEC5E00DDAE8D /* SavedTableViewCell.swift */ = {isa = PBXFileReference; lastKnownFileType = sourcecode.swift; path = SavedTableViewCell.swift; sourceTree = "<group>"; };
		841F119F21BAE22E002BFD09 /* Week 4 Sprint - Pokedex.app */ = {isa = PBXFileReference; explicitFileType = wrapper.application; includeInIndex = 0; path = "Week 4 Sprint - Pokedex.app"; sourceTree = BUILT_PRODUCTS_DIR; };
		841F11A221BAE22E002BFD09 /* AppDelegate.swift */ = {isa = PBXFileReference; lastKnownFileType = sourcecode.swift; path = AppDelegate.swift; sourceTree = "<group>"; };
		841F11A721BAE22E002BFD09 /* Base */ = {isa = PBXFileReference; lastKnownFileType = file.storyboard; name = Base; path = Base.lproj/Main.storyboard; sourceTree = "<group>"; };
		841F11A921BAE22F002BFD09 /* Assets.xcassets */ = {isa = PBXFileReference; lastKnownFileType = folder.assetcatalog; path = Assets.xcassets; sourceTree = "<group>"; };
		841F11AC21BAE22F002BFD09 /* Base */ = {isa = PBXFileReference; lastKnownFileType = file.storyboard; name = Base; path = Base.lproj/LaunchScreen.storyboard; sourceTree = "<group>"; };
		841F11AE21BAE22F002BFD09 /* Info.plist */ = {isa = PBXFileReference; lastKnownFileType = text.plist.xml; path = Info.plist; sourceTree = "<group>"; };
		841F11B421BAE4B1002BFD09 /* Pokemon.swift */ = {isa = PBXFileReference; lastKnownFileType = sourcecode.swift; path = Pokemon.swift; sourceTree = "<group>"; };
		841F11B621BAE4D7002BFD09 /* SearchResultController.swift */ = {isa = PBXFileReference; lastKnownFileType = sourcecode.swift; path = SearchResultController.swift; sourceTree = "<group>"; };
		841F11B821BAE508002BFD09 /* SearchResultsTableViewController.swift */ = {isa = PBXFileReference; lastKnownFileType = sourcecode.swift; path = SearchResultsTableViewController.swift; sourceTree = "<group>"; };
		841F11BA21BAE55C002BFD09 /* SavedPokemonTableViewController.swift */ = {isa = PBXFileReference; lastKnownFileType = sourcecode.swift; path = SavedPokemonTableViewController.swift; sourceTree = "<group>"; };
		841F11BC21BAE57D002BFD09 /* DetailTableViewController.swift */ = {isa = PBXFileReference; lastKnownFileType = sourcecode.swift; path = DetailTableViewController.swift; sourceTree = "<group>"; };
		841F11BE21BAE5A2002BFD09 /* Model.swift */ = {isa = PBXFileReference; lastKnownFileType = sourcecode.swift; path = Model.swift; sourceTree = "<group>"; };
		84551B4221BDE0460008BD58 /* SearchResultsTableViewCell.swift */ = {isa = PBXFileReference; lastKnownFileType = sourcecode.swift; path = SearchResultsTableViewCell.swift; sourceTree = "<group>"; };
/* End PBXFileReference section */

/* Begin PBXFrameworksBuildPhase section */
		841F119C21BAE22E002BFD09 /* Frameworks */ = {
			isa = PBXFrameworksBuildPhase;
			buildActionMask = 2147483647;
			files = (
			);
			runOnlyForDeploymentPostprocessing = 0;
		};
/* End PBXFrameworksBuildPhase section */

/* Begin PBXGroup section */
		841F119621BAE22E002BFD09 = {
			isa = PBXGroup;
			children = (
				841F11A121BAE22E002BFD09 /* Week 4 Sprint - Pokedex */,
				841F11A021BAE22E002BFD09 /* Products */,
			);
			sourceTree = "<group>";
		};
		841F11A021BAE22E002BFD09 /* Products */ = {
			isa = PBXGroup;
			children = (
				841F119F21BAE22E002BFD09 /* Week 4 Sprint - Pokedex.app */,
			);
			name = Products;
			sourceTree = "<group>";
		};
		841F11A121BAE22E002BFD09 /* Week 4 Sprint - Pokedex */ = {
			isa = PBXGroup;
			children = (
				841F11A221BAE22E002BFD09 /* AppDelegate.swift */,
				841F11A621BAE22E002BFD09 /* Main.storyboard */,
				841F11B421BAE4B1002BFD09 /* Pokemon.swift */,
				841F11B621BAE4D7002BFD09 /* SearchResultController.swift */,
				841F11BA21BAE55C002BFD09 /* SavedPokemonTableViewController.swift */,
				84551B4221BDE0460008BD58 /* SearchResultsTableViewCell.swift */,
				8403D97C21BDEC5E00DDAE8D /* SavedTableViewCell.swift */,
				841F11B821BAE508002BFD09 /* SearchResultsTableViewController.swift */,
				841F11BC21BAE57D002BFD09 /* DetailTableViewController.swift */,
				841F11BE21BAE5A2002BFD09 /* Model.swift */,
				841F11A921BAE22F002BFD09 /* Assets.xcassets */,
				841F11AB21BAE22F002BFD09 /* LaunchScreen.storyboard */,
				841F11AE21BAE22F002BFD09 /* Info.plist */,
			);
			path = "Week 4 Sprint - Pokedex";
			sourceTree = "<group>";
		};
/* End PBXGroup section */

/* Begin PBXNativeTarget section */
		841F119E21BAE22E002BFD09 /* Week 4 Sprint - Pokedex */ = {
			isa = PBXNativeTarget;
			buildConfigurationList = 841F11B121BAE22F002BFD09 /* Build configuration list for PBXNativeTarget "Week 4 Sprint - Pokedex" */;
			buildPhases = (
				841F119B21BAE22E002BFD09 /* Sources */,
				841F119C21BAE22E002BFD09 /* Frameworks */,
				841F119D21BAE22E002BFD09 /* Resources */,
			);
			buildRules = (
			);
			dependencies = (
			);
			name = "Week 4 Sprint - Pokedex";
			productName = "Week 4 Sprint - Pokedex";
			productReference = 841F119F21BAE22E002BFD09 /* Week 4 Sprint - Pokedex.app */;
			productType = "com.apple.product-type.application";
		};
/* End PBXNativeTarget section */

/* Begin PBXProject section */
		841F119721BAE22E002BFD09 /* Project object */ = {
			isa = PBXProject;
			attributes = {
				LastSwiftUpdateCheck = 1010;
				LastUpgradeCheck = 1010;
				ORGANIZATIONNAME = "Audrey Welch";
				TargetAttributes = {
					841F119E21BAE22E002BFD09 = {
						CreatedOnToolsVersion = 10.1;
					};
				};
			};
			buildConfigurationList = 841F119A21BAE22E002BFD09 /* Build configuration list for PBXProject "Week 4 Sprint - Pokedex" */;
			compatibilityVersion = "Xcode 9.3";
			developmentRegion = en;
			hasScannedForEncodings = 0;
			knownRegions = (
				en,
				Base,
			);
			mainGroup = 841F119621BAE22E002BFD09;
			productRefGroup = 841F11A021BAE22E002BFD09 /* Products */;
			projectDirPath = "";
			projectRoot = "";
			targets = (
				841F119E21BAE22E002BFD09 /* Week 4 Sprint - Pokedex */,
			);
		};
/* End PBXProject section */

/* Begin PBXResourcesBuildPhase section */
		841F119D21BAE22E002BFD09 /* Resources */ = {
			isa = PBXResourcesBuildPhase;
			buildActionMask = 2147483647;
			files = (
				841F11AD21BAE22F002BFD09 /* LaunchScreen.storyboard in Resources */,
				841F11AA21BAE22F002BFD09 /* Assets.xcassets in Resources */,
				841F11A821BAE22E002BFD09 /* Main.storyboard in Resources */,
			);
			runOnlyForDeploymentPostprocessing = 0;
		};
/* End PBXResourcesBuildPhase section */

/* Begin PBXSourcesBuildPhase section */
		841F119B21BAE22E002BFD09 /* Sources */ = {
			isa = PBXSourcesBuildPhase;
			buildActionMask = 2147483647;
			files = (
				841F11BF21BAE5A2002BFD09 /* Model.swift in Sources */,
				841F11BD21BAE57D002BFD09 /* DetailTableViewController.swift in Sources */,
				841F11B921BAE508002BFD09 /* SearchResultsTableViewController.swift in Sources */,
				841F11BB21BAE55C002BFD09 /* SavedPokemonTableViewController.swift in Sources */,
				84551B4321BDE0460008BD58 /* SearchResultsTableViewCell.swift in Sources */,
				841F11B721BAE4D7002BFD09 /* SearchResultController.swift in Sources */,
				841F11B521BAE4B1002BFD09 /* Pokemon.swift in Sources */,
				841F11A321BAE22E002BFD09 /* AppDelegate.swift in Sources */,
				8403D97D21BDEC5E00DDAE8D /* SavedTableViewCell.swift in Sources */,
			);
			runOnlyForDeploymentPostprocessing = 0;
		};
/* End PBXSourcesBuildPhase section */

/* Begin PBXVariantGroup section */
		841F11A621BAE22E002BFD09 /* Main.storyboard */ = {
			isa = PBXVariantGroup;
			children = (
				841F11A721BAE22E002BFD09 /* Base */,
			);
			name = Main.storyboard;
			sourceTree = "<group>";
		};
		841F11AB21BAE22F002BFD09 /* LaunchScreen.storyboard */ = {
			isa = PBXVariantGroup;
			children = (
				841F11AC21BAE22F002BFD09 /* Base */,
			);
			name = LaunchScreen.storyboard;
			sourceTree = "<group>";
		};
/* End PBXVariantGroup section */

/* Begin XCBuildConfiguration section */
		841F11AF21BAE22F002BFD09 /* Debug */ = {
			isa = XCBuildConfiguration;
			buildSettings = {
				ALWAYS_SEARCH_USER_PATHS = NO;
				CLANG_ANALYZER_NONNULL = YES;
				CLANG_ANALYZER_NUMBER_OBJECT_CONVERSION = YES_AGGRESSIVE;
				CLANG_CXX_LANGUAGE_STANDARD = "gnu++14";
				CLANG_CXX_LIBRARY = "libc++";
				CLANG_ENABLE_MODULES = YES;
				CLANG_ENABLE_OBJC_ARC = YES;
				CLANG_ENABLE_OBJC_WEAK = YES;
				CLANG_WARN_BLOCK_CAPTURE_AUTORELEASING = YES;
				CLANG_WARN_BOOL_CONVERSION = YES;
				CLANG_WARN_COMMA = YES;
				CLANG_WARN_CONSTANT_CONVERSION = YES;
				CLANG_WARN_DEPRECATED_OBJC_IMPLEMENTATIONS = YES;
				CLANG_WARN_DIRECT_OBJC_ISA_USAGE = YES_ERROR;
				CLANG_WARN_DOCUMENTATION_COMMENTS = YES;
				CLANG_WARN_EMPTY_BODY = YES;
				CLANG_WARN_ENUM_CONVERSION = YES;
				CLANG_WARN_INFINITE_RECURSION = YES;
				CLANG_WARN_INT_CONVERSION = YES;
				CLANG_WARN_NON_LITERAL_NULL_CONVERSION = YES;
				CLANG_WARN_OBJC_IMPLICIT_RETAIN_SELF = YES;
				CLANG_WARN_OBJC_LITERAL_CONVERSION = YES;
				CLANG_WARN_OBJC_ROOT_CLASS = YES_ERROR;
				CLANG_WARN_RANGE_LOOP_ANALYSIS = YES;
				CLANG_WARN_STRICT_PROTOTYPES = YES;
				CLANG_WARN_SUSPICIOUS_MOVE = YES;
				CLANG_WARN_UNGUARDED_AVAILABILITY = YES_AGGRESSIVE;
				CLANG_WARN_UNREACHABLE_CODE = YES;
				CLANG_WARN__DUPLICATE_METHOD_MATCH = YES;
				CODE_SIGN_IDENTITY = "iPhone Developer";
				COPY_PHASE_STRIP = NO;
				DEBUG_INFORMATION_FORMAT = dwarf;
				ENABLE_STRICT_OBJC_MSGSEND = YES;
				ENABLE_TESTABILITY = YES;
				GCC_C_LANGUAGE_STANDARD = gnu11;
				GCC_DYNAMIC_NO_PIC = NO;
				GCC_NO_COMMON_BLOCKS = YES;
				GCC_OPTIMIZATION_LEVEL = 0;
				GCC_PREPROCESSOR_DEFINITIONS = (
					"DEBUG=1",
					"$(inherited)",
				);
				GCC_WARN_64_TO_32_BIT_CONVERSION = YES;
				GCC_WARN_ABOUT_RETURN_TYPE = YES_ERROR;
				GCC_WARN_UNDECLARED_SELECTOR = YES;
				GCC_WARN_UNINITIALIZED_AUTOS = YES_AGGRESSIVE;
				GCC_WARN_UNUSED_FUNCTION = YES;
				GCC_WARN_UNUSED_VARIABLE = YES;
				IPHONEOS_DEPLOYMENT_TARGET = 12.1;
				MTL_ENABLE_DEBUG_INFO = INCLUDE_SOURCE;
				MTL_FAST_MATH = YES;
				ONLY_ACTIVE_ARCH = YES;
				SDKROOT = iphoneos;
				SWIFT_ACTIVE_COMPILATION_CONDITIONS = DEBUG;
				SWIFT_OPTIMIZATION_LEVEL = "-Onone";
			};
			name = Debug;
		};
		841F11B021BAE22F002BFD09 /* Release */ = {
			isa = XCBuildConfiguration;
			buildSettings = {
				ALWAYS_SEARCH_USER_PATHS = NO;
				CLANG_ANALYZER_NONNULL = YES;
				CLANG_ANALYZER_NUMBER_OBJECT_CONVERSION = YES_AGGRESSIVE;
				CLANG_CXX_LANGUAGE_STANDARD = "gnu++14";
				CLANG_CXX_LIBRARY = "libc++";
				CLANG_ENABLE_MODULES = YES;
				CLANG_ENABLE_OBJC_ARC = YES;
				CLANG_ENABLE_OBJC_WEAK = YES;
				CLANG_WARN_BLOCK_CAPTURE_AUTORELEASING = YES;
				CLANG_WARN_BOOL_CONVERSION = YES;
				CLANG_WARN_COMMA = YES;
				CLANG_WARN_CONSTANT_CONVERSION = YES;
				CLANG_WARN_DEPRECATED_OBJC_IMPLEMENTATIONS = YES;
				CLANG_WARN_DIRECT_OBJC_ISA_USAGE = YES_ERROR;
				CLANG_WARN_DOCUMENTATION_COMMENTS = YES;
				CLANG_WARN_EMPTY_BODY = YES;
				CLANG_WARN_ENUM_CONVERSION = YES;
				CLANG_WARN_INFINITE_RECURSION = YES;
				CLANG_WARN_INT_CONVERSION = YES;
				CLANG_WARN_NON_LITERAL_NULL_CONVERSION = YES;
				CLANG_WARN_OBJC_IMPLICIT_RETAIN_SELF = YES;
				CLANG_WARN_OBJC_LITERAL_CONVERSION = YES;
				CLANG_WARN_OBJC_ROOT_CLASS = YES_ERROR;
				CLANG_WARN_RANGE_LOOP_ANALYSIS = YES;
				CLANG_WARN_STRICT_PROTOTYPES = YES;
				CLANG_WARN_SUSPICIOUS_MOVE = YES;
				CLANG_WARN_UNGUARDED_AVAILABILITY = YES_AGGRESSIVE;
				CLANG_WARN_UNREACHABLE_CODE = YES;
				CLANG_WARN__DUPLICATE_METHOD_MATCH = YES;
				CODE_SIGN_IDENTITY = "iPhone Developer";
				COPY_PHASE_STRIP = NO;
				DEBUG_INFORMATION_FORMAT = "dwarf-with-dsym";
				ENABLE_NS_ASSERTIONS = NO;
				ENABLE_STRICT_OBJC_MSGSEND = YES;
				GCC_C_LANGUAGE_STANDARD = gnu11;
				GCC_NO_COMMON_BLOCKS = YES;
				GCC_WARN_64_TO_32_BIT_CONVERSION = YES;
				GCC_WARN_ABOUT_RETURN_TYPE = YES_ERROR;
				GCC_WARN_UNDECLARED_SELECTOR = YES;
				GCC_WARN_UNINITIALIZED_AUTOS = YES_AGGRESSIVE;
				GCC_WARN_UNUSED_FUNCTION = YES;
				GCC_WARN_UNUSED_VARIABLE = YES;
				IPHONEOS_DEPLOYMENT_TARGET = 12.1;
				MTL_ENABLE_DEBUG_INFO = NO;
				MTL_FAST_MATH = YES;
				SDKROOT = iphoneos;
				SWIFT_COMPILATION_MODE = wholemodule;
				SWIFT_OPTIMIZATION_LEVEL = "-O";
				VALIDATE_PRODUCT = YES;
			};
			name = Release;
		};
		841F11B221BAE22F002BFD09 /* Debug */ = {
			isa = XCBuildConfiguration;
			buildSettings = {
				ASSETCATALOG_COMPILER_APPICON_NAME = AppIcon;
				CODE_SIGN_STYLE = Automatic;
				INFOPLIST_FILE = "Week 4 Sprint - Pokedex/Info.plist";
				LD_RUNPATH_SEARCH_PATHS = (
					"$(inherited)",
					"@executable_path/Frameworks",
				);
				PRODUCT_BUNDLE_IDENTIFIER = "com.audreywelch.Week-4-Sprint---Pokedex";
				PRODUCT_NAME = "$(TARGET_NAME)";
				SWIFT_VERSION = 4.2;
				TARGETED_DEVICE_FAMILY = "1,2";
			};
			name = Debug;
		};
		841F11B321BAE22F002BFD09 /* Release */ = {
			isa = XCBuildConfiguration;
			buildSettings = {
				ASSETCATALOG_COMPILER_APPICON_NAME = AppIcon;
				CODE_SIGN_STYLE = Automatic;
				INFOPLIST_FILE = "Week 4 Sprint - Pokedex/Info.plist";
				LD_RUNPATH_SEARCH_PATHS = (
					"$(inherited)",
					"@executable_path/Frameworks",
				);
				PRODUCT_BUNDLE_IDENTIFIER = "com.audreywelch.Week-4-Sprint---Pokedex";
				PRODUCT_NAME = "$(TARGET_NAME)";
				SWIFT_VERSION = 4.2;
				TARGETED_DEVICE_FAMILY = "1,2";
			};
			name = Release;
		};
/* End XCBuildConfiguration section */

/* Begin XCConfigurationList section */
		841F119A21BAE22E002BFD09 /* Build configuration list for PBXProject "Week 4 Sprint - Pokedex" */ = {
			isa = XCConfigurationList;
			buildConfigurations = (
				841F11AF21BAE22F002BFD09 /* Debug */,
				841F11B021BAE22F002BFD09 /* Release */,
			);
			defaultConfigurationIsVisible = 0;
			defaultConfigurationName = Release;
		};
		841F11B121BAE22F002BFD09 /* Build configuration list for PBXNativeTarget "Week 4 Sprint - Pokedex" */ = {
			isa = XCConfigurationList;
			buildConfigurations = (
				841F11B221BAE22F002BFD09 /* Debug */,
				841F11B321BAE22F002BFD09 /* Release */,
			);
			defaultConfigurationIsVisible = 0;
			defaultConfigurationName = Release;
		};
/* End XCConfigurationList section */
	};
	rootObject = 841F119721BAE22E002BFD09 /* Project object */;
}
