// !$*UTF8*$!
{
	archiveVersion = 1;
	classes = {
	};
	objectVersion = 50;
	objects = {

/* Begin PBXBuildFile section */
		C02A2824236C815400FA01CC /* AppDelegate.swift in Sources */ = {isa = PBXBuildFile; fileRef = C02A2823236C815400FA01CC /* AppDelegate.swift */; };
		C02A2826236C815400FA01CC /* SceneDelegate.swift in Sources */ = {isa = PBXBuildFile; fileRef = C02A2825236C815400FA01CC /* SceneDelegate.swift */; };
		C02A2828236C815400FA01CC /* PokemonDetailViewController.swift in Sources */ = {isa = PBXBuildFile; fileRef = C02A2827236C815400FA01CC /* PokemonDetailViewController.swift */; };
		C02A282B236C815400FA01CC /* Main.storyboard in Resources */ = {isa = PBXBuildFile; fileRef = C02A2829236C815400FA01CC /* Main.storyboard */; };
		C02A282D236C815600FA01CC /* Assets.xcassets in Resources */ = {isa = PBXBuildFile; fileRef = C02A282C236C815600FA01CC /* Assets.xcassets */; };
		C02A2830236C815600FA01CC /* LaunchScreen.storyboard in Resources */ = {isa = PBXBuildFile; fileRef = C02A282E236C815600FA01CC /* LaunchScreen.storyboard */; };
		C02A2838236C829500FA01CC /* PokemonsTableViewController.swift in Sources */ = {isa = PBXBuildFile; fileRef = C02A2837236C829500FA01CC /* PokemonsTableViewController.swift */; };
		C02A283B236C856E00FA01CC /* Pokemon.swift in Sources */ = {isa = PBXBuildFile; fileRef = C02A283A236C856E00FA01CC /* Pokemon.swift */; };
		C02A283E236C85A100FA01CC /* PokeController.swift in Sources */ = {isa = PBXBuildFile; fileRef = C02A283D236C85A100FA01CC /* PokeController.swift */; };
/* End PBXBuildFile section */

/* Begin PBXFileReference section */
		C02A2820236C815400FA01CC /* Pokedex-SprintChallenge.app */ = {isa = PBXFileReference; explicitFileType = wrapper.application; includeInIndex = 0; path = "Pokedex-SprintChallenge.app"; sourceTree = BUILT_PRODUCTS_DIR; };
		C02A2823236C815400FA01CC /* AppDelegate.swift */ = {isa = PBXFileReference; lastKnownFileType = sourcecode.swift; path = AppDelegate.swift; sourceTree = "<group>"; };
		C02A2825236C815400FA01CC /* SceneDelegate.swift */ = {isa = PBXFileReference; lastKnownFileType = sourcecode.swift; path = SceneDelegate.swift; sourceTree = "<group>"; };
		C02A2827236C815400FA01CC /* PokemonDetailViewController.swift */ = {isa = PBXFileReference; lastKnownFileType = sourcecode.swift; path = PokemonDetailViewController.swift; sourceTree = "<group>"; };
		C02A282A236C815400FA01CC /* Base */ = {isa = PBXFileReference; lastKnownFileType = file.storyboard; name = Base; path = Base.lproj/Main.storyboard; sourceTree = "<group>"; };
		C02A282C236C815600FA01CC /* Assets.xcassets */ = {isa = PBXFileReference; lastKnownFileType = folder.assetcatalog; path = Assets.xcassets; sourceTree = "<group>"; };
		C02A282F236C815600FA01CC /* Base */ = {isa = PBXFileReference; lastKnownFileType = file.storyboard; name = Base; path = Base.lproj/LaunchScreen.storyboard; sourceTree = "<group>"; };
		C02A2831236C815600FA01CC /* Info.plist */ = {isa = PBXFileReference; lastKnownFileType = text.plist.xml; path = Info.plist; sourceTree = "<group>"; };
		C02A2837236C829500FA01CC /* PokemonsTableViewController.swift */ = {isa = PBXFileReference; lastKnownFileType = sourcecode.swift; path = PokemonsTableViewController.swift; sourceTree = "<group>"; };
		C02A283A236C856E00FA01CC /* Pokemon.swift */ = {isa = PBXFileReference; lastKnownFileType = sourcecode.swift; path = Pokemon.swift; sourceTree = "<group>"; };
		C02A283D236C85A100FA01CC /* PokeController.swift */ = {isa = PBXFileReference; lastKnownFileType = sourcecode.swift; path = PokeController.swift; sourceTree = "<group>"; };
/* End PBXFileReference section */

/* Begin PBXFrameworksBuildPhase section */
		C02A281D236C815400FA01CC /* Frameworks */ = {
			isa = PBXFrameworksBuildPhase;
			buildActionMask = 2147483647;
			files = (
			);
			runOnlyForDeploymentPostprocessing = 0;
		};
/* End PBXFrameworksBuildPhase section */

/* Begin PBXGroup section */
		C02A2817236C815400FA01CC = {
			isa = PBXGroup;
			children = (
				C02A2822236C815400FA01CC /* Pokedex-SprintChallenge */,
				C02A2821236C815400FA01CC /* Products */,
			);
			sourceTree = "<group>";
		};
		C02A2821236C815400FA01CC /* Products */ = {
			isa = PBXGroup;
			children = (
				C02A2820236C815400FA01CC /* Pokedex-SprintChallenge.app */,
			);
			name = Products;
			sourceTree = "<group>";
		};
		C02A2822236C815400FA01CC /* Pokedex-SprintChallenge */ = {
			isa = PBXGroup;
			children = (
				C02A2823236C815400FA01CC /* AppDelegate.swift */,
				C02A2825236C815400FA01CC /* SceneDelegate.swift */,
				C02A2839236C82A300FA01CC /* View Controllers */,
				C02A283F236C85AE00FA01CC /* Model Controllers */,
				C02A283C236C857300FA01CC /* Models */,
				C02A2829236C815400FA01CC /* Main.storyboard */,
				C02A282C236C815600FA01CC /* Assets.xcassets */,
				C02A282E236C815600FA01CC /* LaunchScreen.storyboard */,
				C02A2831236C815600FA01CC /* Info.plist */,
			);
			path = "Pokedex-SprintChallenge";
			sourceTree = "<group>";
		};
		C02A2839236C82A300FA01CC /* View Controllers */ = {
			isa = PBXGroup;
			children = (
				C02A2837236C829500FA01CC /* PokemonsTableViewController.swift */,
				C02A2827236C815400FA01CC /* PokemonDetailViewController.swift */,
			);
			path = "View Controllers";
			sourceTree = "<group>";
		};
		C02A283C236C857300FA01CC /* Models */ = {
			isa = PBXGroup;
			children = (
				C02A283A236C856E00FA01CC /* Pokemon.swift */,
			);
			path = Models;
			sourceTree = "<group>";
		};
		C02A283F236C85AE00FA01CC /* Model Controllers */ = {
			isa = PBXGroup;
			children = (
				C02A283D236C85A100FA01CC /* PokeController.swift */,
			);
			path = "Model Controllers";
			sourceTree = "<group>";
		};
/* End PBXGroup section */

/* Begin PBXNativeTarget section */
		C02A281F236C815400FA01CC /* Pokedex-SprintChallenge */ = {
			isa = PBXNativeTarget;
			buildConfigurationList = C02A2834236C815600FA01CC /* Build configuration list for PBXNativeTarget "Pokedex-SprintChallenge" */;
			buildPhases = (
				C02A281C236C815400FA01CC /* Sources */,
				C02A281D236C815400FA01CC /* Frameworks */,
				C02A281E236C815400FA01CC /* Resources */,
			);
			buildRules = (
			);
			dependencies = (
			);
			name = "Pokedex-SprintChallenge";
			productName = "Pokedex-SprintChallenge";
			productReference = C02A2820236C815400FA01CC /* Pokedex-SprintChallenge.app */;
			productType = "com.apple.product-type.application";
		};
/* End PBXNativeTarget section */

/* Begin PBXProject section */
		C02A2818236C815400FA01CC /* Project object */ = {
			isa = PBXProject;
			attributes = {
				LastSwiftUpdateCheck = 1100;
				LastUpgradeCheck = 1100;
				ORGANIZATIONNAME = morse;
				TargetAttributes = {
					C02A281F236C815400FA01CC = {
						CreatedOnToolsVersion = 11.0;
					};
				};
			};
			buildConfigurationList = C02A281B236C815400FA01CC /* Build configuration list for PBXProject "Pokedex-SprintChallenge" */;
			compatibilityVersion = "Xcode 9.3";
			developmentRegion = en;
			hasScannedForEncodings = 0;
			knownRegions = (
				en,
				Base,
			);
			mainGroup = C02A2817236C815400FA01CC;
			productRefGroup = C02A2821236C815400FA01CC /* Products */;
			projectDirPath = "";
			projectRoot = "";
			targets = (
				C02A281F236C815400FA01CC /* Pokedex-SprintChallenge */,
			);
		};
/* End PBXProject section */

/* Begin PBXResourcesBuildPhase section */
		C02A281E236C815400FA01CC /* Resources */ = {
			isa = PBXResourcesBuildPhase;
			buildActionMask = 2147483647;
			files = (
				C02A2830236C815600FA01CC /* LaunchScreen.storyboard in Resources */,
				C02A282D236C815600FA01CC /* Assets.xcassets in Resources */,
				C02A282B236C815400FA01CC /* Main.storyboard in Resources */,
			);
			runOnlyForDeploymentPostprocessing = 0;
		};
/* End PBXResourcesBuildPhase section */

/* Begin PBXSourcesBuildPhase section */
		C02A281C236C815400FA01CC /* Sources */ = {
			isa = PBXSourcesBuildPhase;
			buildActionMask = 2147483647;
			files = (
				C02A283B236C856E00FA01CC /* Pokemon.swift in Sources */,
				C02A2828236C815400FA01CC /* PokemonDetailViewController.swift in Sources */,
				C02A2838236C829500FA01CC /* PokemonsTableViewController.swift in Sources */,
				C02A2824236C815400FA01CC /* AppDelegate.swift in Sources */,
				C02A283E236C85A100FA01CC /* PokeController.swift in Sources */,
				C02A2826236C815400FA01CC /* SceneDelegate.swift in Sources */,
			);
			runOnlyForDeploymentPostprocessing = 0;
		};
/* End PBXSourcesBuildPhase section */

/* Begin PBXVariantGroup section */
		C02A2829236C815400FA01CC /* Main.storyboard */ = {
			isa = PBXVariantGroup;
			children = (
				C02A282A236C815400FA01CC /* Base */,
			);
			name = Main.storyboard;
			sourceTree = "<group>";
		};
		C02A282E236C815600FA01CC /* LaunchScreen.storyboard */ = {
			isa = PBXVariantGroup;
			children = (
				C02A282F236C815600FA01CC /* Base */,
			);
			name = LaunchScreen.storyboard;
			sourceTree = "<group>";
		};
/* End PBXVariantGroup section */

/* Begin XCBuildConfiguration section */
		C02A2832236C815600FA01CC /* Debug */ = {
			isa = XCBuildConfiguration;
			buildSettings = {
				ALWAYS_SEARCH_USER_PATHS = NO;
				CLANG_ANALYZER_NONNULL = YES;
				CLANG_ANALYZER_NUMBER_OBJECT_CONVERSION = YES_AGGRESSIVE;
				CLANG_CXX_LANGUAGE_STANDARD = "gnu++14";
				CLANG_CXX_LIBRARY = "libc++";
				CLANG_ENABLE_MODULES = YES;
				CLANG_ENABLE_OBJC_ARC = YES;
				CLANG_ENABLE_OBJC_WEAK = YES;
				CLANG_WARN_BLOCK_CAPTURE_AUTORELEASING = YES;
				CLANG_WARN_BOOL_CONVERSION = YES;
				CLANG_WARN_COMMA = YES;
				CLANG_WARN_CONSTANT_CONVERSION = YES;
				CLANG_WARN_DEPRECATED_OBJC_IMPLEMENTATIONS = YES;
				CLANG_WARN_DIRECT_OBJC_ISA_USAGE = YES_ERROR;
				CLANG_WARN_DOCUMENTATION_COMMENTS = YES;
				CLANG_WARN_EMPTY_BODY = YES;
				CLANG_WARN_ENUM_CONVERSION = YES;
				CLANG_WARN_INFINITE_RECURSION = YES;
				CLANG_WARN_INT_CONVERSION = YES;
				CLANG_WARN_NON_LITERAL_NULL_CONVERSION = YES;
				CLANG_WARN_OBJC_IMPLICIT_RETAIN_SELF = YES;
				CLANG_WARN_OBJC_LITERAL_CONVERSION = YES;
				CLANG_WARN_OBJC_ROOT_CLASS = YES_ERROR;
				CLANG_WARN_RANGE_LOOP_ANALYSIS = YES;
				CLANG_WARN_STRICT_PROTOTYPES = YES;
				CLANG_WARN_SUSPICIOUS_MOVE = YES;
				CLANG_WARN_UNGUARDED_AVAILABILITY = YES_AGGRESSIVE;
				CLANG_WARN_UNREACHABLE_CODE = YES;
				CLANG_WARN__DUPLICATE_METHOD_MATCH = YES;
				COPY_PHASE_STRIP = NO;
				DEBUG_INFORMATION_FORMAT = dwarf;
				ENABLE_STRICT_OBJC_MSGSEND = YES;
				ENABLE_TESTABILITY = YES;
				GCC_C_LANGUAGE_STANDARD = gnu11;
				GCC_DYNAMIC_NO_PIC = NO;
				GCC_NO_COMMON_BLOCKS = YES;
				GCC_OPTIMIZATION_LEVEL = 0;
				GCC_PREPROCESSOR_DEFINITIONS = (
					"DEBUG=1",
					"$(inherited)",
				);
				GCC_WARN_64_TO_32_BIT_CONVERSION = YES;
				GCC_WARN_ABOUT_RETURN_TYPE = YES_ERROR;
				GCC_WARN_UNDECLARED_SELECTOR = YES;
				GCC_WARN_UNINITIALIZED_AUTOS = YES_AGGRESSIVE;
				GCC_WARN_UNUSED_FUNCTION = YES;
				GCC_WARN_UNUSED_VARIABLE = YES;
				IPHONEOS_DEPLOYMENT_TARGET = 13.0;
				MTL_ENABLE_DEBUG_INFO = INCLUDE_SOURCE;
				MTL_FAST_MATH = YES;
				ONLY_ACTIVE_ARCH = YES;
				SDKROOT = iphoneos;
				SWIFT_ACTIVE_COMPILATION_CONDITIONS = DEBUG;
				SWIFT_OPTIMIZATION_LEVEL = "-Onone";
			};
			name = Debug;
		};
		C02A2833236C815600FA01CC /* Release */ = {
			isa = XCBuildConfiguration;
			buildSettings = {
				ALWAYS_SEARCH_USER_PATHS = NO;
				CLANG_ANALYZER_NONNULL = YES;
				CLANG_ANALYZER_NUMBER_OBJECT_CONVERSION = YES_AGGRESSIVE;
				CLANG_CXX_LANGUAGE_STANDARD = "gnu++14";
				CLANG_CXX_LIBRARY = "libc++";
				CLANG_ENABLE_MODULES = YES;
				CLANG_ENABLE_OBJC_ARC = YES;
				CLANG_ENABLE_OBJC_WEAK = YES;
				CLANG_WARN_BLOCK_CAPTURE_AUTORELEASING = YES;
				CLANG_WARN_BOOL_CONVERSION = YES;
				CLANG_WARN_COMMA = YES;
				CLANG_WARN_CONSTANT_CONVERSION = YES;
				CLANG_WARN_DEPRECATED_OBJC_IMPLEMENTATIONS = YES;
				CLANG_WARN_DIRECT_OBJC_ISA_USAGE = YES_ERROR;
				CLANG_WARN_DOCUMENTATION_COMMENTS = YES;
				CLANG_WARN_EMPTY_BODY = YES;
				CLANG_WARN_ENUM_CONVERSION = YES;
				CLANG_WARN_INFINITE_RECURSION = YES;
				CLANG_WARN_INT_CONVERSION = YES;
				CLANG_WARN_NON_LITERAL_NULL_CONVERSION = YES;
				CLANG_WARN_OBJC_IMPLICIT_RETAIN_SELF = YES;
				CLANG_WARN_OBJC_LITERAL_CONVERSION = YES;
				CLANG_WARN_OBJC_ROOT_CLASS = YES_ERROR;
				CLANG_WARN_RANGE_LOOP_ANALYSIS = YES;
				CLANG_WARN_STRICT_PROTOTYPES = YES;
				CLANG_WARN_SUSPICIOUS_MOVE = YES;
				CLANG_WARN_UNGUARDED_AVAILABILITY = YES_AGGRESSIVE;
				CLANG_WARN_UNREACHABLE_CODE = YES;
				CLANG_WARN__DUPLICATE_METHOD_MATCH = YES;
				COPY_PHASE_STRIP = NO;
				DEBUG_INFORMATION_FORMAT = "dwarf-with-dsym";
				ENABLE_NS_ASSERTIONS = NO;
				ENABLE_STRICT_OBJC_MSGSEND = YES;
				GCC_C_LANGUAGE_STANDARD = gnu11;
				GCC_NO_COMMON_BLOCKS = YES;
				GCC_WARN_64_TO_32_BIT_CONVERSION = YES;
				GCC_WARN_ABOUT_RETURN_TYPE = YES_ERROR;
				GCC_WARN_UNDECLARED_SELECTOR = YES;
				GCC_WARN_UNINITIALIZED_AUTOS = YES_AGGRESSIVE;
				GCC_WARN_UNUSED_FUNCTION = YES;
				GCC_WARN_UNUSED_VARIABLE = YES;
				IPHONEOS_DEPLOYMENT_TARGET = 13.0;
				MTL_ENABLE_DEBUG_INFO = NO;
				MTL_FAST_MATH = YES;
				SDKROOT = iphoneos;
				SWIFT_COMPILATION_MODE = wholemodule;
				SWIFT_OPTIMIZATION_LEVEL = "-O";
				VALIDATE_PRODUCT = YES;
			};
			name = Release;
		};
		C02A2835236C815600FA01CC /* Debug */ = {
			isa = XCBuildConfiguration;
			buildSettings = {
				ASSETCATALOG_COMPILER_APPICON_NAME = AppIcon;
				CODE_SIGN_STYLE = Automatic;
				DEVELOPMENT_TEAM = 8M5GPJQ6L5;
				INFOPLIST_FILE = "Pokedex-SprintChallenge/Info.plist";
				LD_RUNPATH_SEARCH_PATHS = (
					"$(inherited)",
					"@executable_path/Frameworks",
				);
				PRODUCT_BUNDLE_IDENTIFIER = "git.Pokedex-SprintChallenge";
				PRODUCT_NAME = "$(TARGET_NAME)";
				SWIFT_VERSION = 5.0;
				TARGETED_DEVICE_FAMILY = "1,2";
			};
			name = Debug;
		};
		C02A2836236C815600FA01CC /* Release */ = {
			isa = XCBuildConfiguration;
			buildSettings = {
				ASSETCATALOG_COMPILER_APPICON_NAME = AppIcon;
				CODE_SIGN_STYLE = Automatic;
				DEVELOPMENT_TEAM = 8M5GPJQ6L5;
				INFOPLIST_FILE = "Pokedex-SprintChallenge/Info.plist";
				LD_RUNPATH_SEARCH_PATHS = (
					"$(inherited)",
					"@executable_path/Frameworks",
				);
				PRODUCT_BUNDLE_IDENTIFIER = "git.Pokedex-SprintChallenge";
				PRODUCT_NAME = "$(TARGET_NAME)";
				SWIFT_VERSION = 5.0;
				TARGETED_DEVICE_FAMILY = "1,2";
			};
			name = Release;
		};
/* End XCBuildConfiguration section */

/* Begin XCConfigurationList section */
		C02A281B236C815400FA01CC /* Build configuration list for PBXProject "Pokedex-SprintChallenge" */ = {
			isa = XCConfigurationList;
			buildConfigurations = (
				C02A2832236C815600FA01CC /* Debug */,
				C02A2833236C815600FA01CC /* Release */,
			);
			defaultConfigurationIsVisible = 0;
			defaultConfigurationName = Release;
		};
		C02A2834236C815600FA01CC /* Build configuration list for PBXNativeTarget "Pokedex-SprintChallenge" */ = {
			isa = XCConfigurationList;
			buildConfigurations = (
				C02A2835236C815600FA01CC /* Debug */,
				C02A2836236C815600FA01CC /* Release */,
			);
			defaultConfigurationIsVisible = 0;
			defaultConfigurationName = Release;
		};
/* End XCConfigurationList section */
	};
	rootObject = C02A2818236C815400FA01CC /* Project object */;
}
